// !$*UTF8*$!
{
	archiveVersion = 1;
	classes = {
	};
	objectVersion = 46;
	objects = {

/* Begin PBXBuildFile section */
		008ED7E280687034E4763BFE /* EventCell.swift in Sources */ = {isa = PBXBuildFile; fileRef = 7543EB925ABB4E62FDDF4B65 /* EventCell.swift */; };
		0B5E684A50D344A5B1814A63 /* MessagesVC.swift in Sources */ = {isa = PBXBuildFile; fileRef = 2ECE8B3FA2A10833A22F62E8 /* MessagesVC.swift */; };
		10F5641122763BC2903046E4 /* ViewFourCell.swift in Sources */ = {isa = PBXBuildFile; fileRef = 0EF4642A5C46C570136293AD /* ViewFourCell.swift */; };
		13B87827C0AEA56CFFFC5C04 /* ViewCell.swift in Sources */ = {isa = PBXBuildFile; fileRef = 73E04B5040A407B0D1634004 /* ViewCell.swift */; };
		21A18B9920573DE9005135CF /* Localizable.strings in Resources */ = {isa = PBXBuildFile; fileRef = 21A18B8B20573DE8005135CF /* Localizable.strings */; };
		21A18B9A20573DE9005135CF /* Localizable.strings in Resources */ = {isa = PBXBuildFile; fileRef = 21A18B8E20573DE9005135CF /* Localizable.strings */; };
		21A18B9B20573DE9005135CF /* Localizable.strings in Resources */ = {isa = PBXBuildFile; fileRef = 21A18B9120573DE9005135CF /* Localizable.strings */; };
		21A18B9C20573DE9005135CF /* Localizable.strings in Resources */ = {isa = PBXBuildFile; fileRef = 21A18B9420573DE9005135CF /* Localizable.strings */; };
		21A18B9D20573DE9005135CF /* Localizable.strings in Resources */ = {isa = PBXBuildFile; fileRef = 21A18B9720573DE9005135CF /* Localizable.strings */; };
		243D386D6C435B29FF23DD26 /* TitleCell.swift in Sources */ = {isa = PBXBuildFile; fileRef = F935884F3FF72220BBFECA17 /* TitleCell.swift */; };
		2E6649F0B9CB6260A98FDC53 /* TabBarControllerOne.swift in Sources */ = {isa = PBXBuildFile; fileRef = 5D6E1EE677558FB55171F3D2 /* TabBarControllerOne.swift */; };
		371F13403E202899307EEC69 /* SFNSDisplay.ttf in Resources */ = {isa = PBXBuildFile; fileRef = C8B2212A996E10854956C102 /* SFNSDisplay.ttf */; };
		3ED253B14C53BDF633745722 /* ProfileVC.swift in Sources */ = {isa = PBXBuildFile; fileRef = EF33DB8D3837686A9547822D /* ProfileVC.swift */; };
		44C9448BA28C1AB81E6B3C36 /* ProfilePhotosVC.swift in Sources */ = {isa = PBXBuildFile; fileRef = 0BC516EF194032274E3D7F71 /* ProfilePhotosVC.swift */; };
		46C0788C90A12306DC98010B /* SignupVC.swift in Sources */ = {isa = PBXBuildFile; fileRef = 4BE2D4F09DB7635A64F9D444 /* SignupVC.swift */; };
		66422C9A89035880E77A44F0 /* OnlinePersonCell.swift in Sources */ = {isa = PBXBuildFile; fileRef = 07F7A7705D8E09930250974E /* OnlinePersonCell.swift */; };
		7FCBC91F47E949CA516234BB /* Main.storyboard in Resources */ = {isa = PBXBuildFile; fileRef = F2B2FFD23EF3A24B384F8D9C /* Main.storyboard */; };
		872FB0874527971415A9F909 /* Lato-Regular.ttf in Resources */ = {isa = PBXBuildFile; fileRef = 888ACC5D9D0E428C438E69FF /* Lato-Regular.ttf */; };
		8739EC5495C7D85FCEE2F740 /* NewsCell.swift in Sources */ = {isa = PBXBuildFile; fileRef = 9B765961ED5CAA7E25AE4895 /* NewsCell.swift */; };
		8B67B735333F5B09A18AFA59 /* LifetimeEventCell.swift in Sources */ = {isa = PBXBuildFile; fileRef = 2ECCA5B7205DF1EF9C293C95 /* LifetimeEventCell.swift */; };
		A30B2B42AA08DB3149E2D2D4 /* AdvertisementCell.swift in Sources */ = {isa = PBXBuildFile; fileRef = 3DED10D0ABE370305863F1AF /* AdvertisementCell.swift */; };
		A61ED3771F1DE202CC346FB2 /* AppDelegate.swift in Sources */ = {isa = PBXBuildFile; fileRef = 92FECA217BC3747F7E18E256 /* AppDelegate.swift */; };
		A629D6B16971A6757C9ECFD8 /* MessageCell.swift in Sources */ = {isa = PBXBuildFile; fileRef = 35B54D59F2639B5BBA5C3BF5 /* MessageCell.swift */; };
		A763BC3751F5DCDC6FCBFAB5 /* Lato-Light.ttf in Resources */ = {isa = PBXBuildFile; fileRef = 6B4F3FD336AEE08E3778C37C /* Lato-Light.ttf */; };
		AACC8E0DB07DF470A7C952A7 /* WelcomeVC.swift in Sources */ = {isa = PBXBuildFile; fileRef = 00552201BCB31D84A1CF70C0 /* WelcomeVC.swift */; };
		AB1A1FD5224D8CC18F56BEDF /* TimelineVC.swift in Sources */ = {isa = PBXBuildFile; fileRef = 0BFEE75977FCD49EF3459C82 /* TimelineVC.swift */; };
		BE79968597DD5BF47B941C11 /* EventDetailVC.swift in Sources */ = {isa = PBXBuildFile; fileRef = C65C4B4783CD0E653C225F6E /* EventDetailVC.swift */; };
		D667C9B670302D0A1BBB7481 /* Images.xcassets in Resources */ = {isa = PBXBuildFile; fileRef = C05A6679EE7A097073A399E2 /* Images.xcassets */; };
		DC83B03730FA165536C1EAC4 /* Lato-Bold.ttf in Resources */ = {isa = PBXBuildFile; fileRef = E3C94FD804B6DC55F7A2B8AA /* Lato-Bold.ttf */; };
		E5AC477CC84F4FCD32D4CCE6 /* LoginVC.swift in Sources */ = {isa = PBXBuildFile; fileRef = 2F04E5B6D368AD0AAD3F5778 /* LoginVC.swift */; };
		F57A32C2D15D07A410D9FCFF /* Lato-Black.ttf in Resources */ = {isa = PBXBuildFile; fileRef = 453BAFA20FB5D91BAD00646E /* Lato-Black.ttf */; };
		FF8524D7161EC9129BBEA851 /* ProfileSettingsVC.swift in Sources */ = {isa = PBXBuildFile; fileRef = 4459BDB4A7E4EC6556B0BA1D /* ProfileSettingsVC.swift */; };
/* End PBXBuildFile section */

/* Begin PBXFileReference section */
		00552201BCB31D84A1CF70C0 /* WelcomeVC.swift */ = {isa = PBXFileReference; fileEncoding = 4; lastKnownFileType = sourcecode.swift; path = WelcomeVC.swift; sourceTree = "<group>"; };
		07F7A7705D8E09930250974E /* OnlinePersonCell.swift */ = {isa = PBXFileReference; fileEncoding = 4; lastKnownFileType = sourcecode.swift; path = OnlinePersonCell.swift; sourceTree = "<group>"; };
		0B6093BE1E68BCDD00C80262 /* Production.app */ = {isa = PBXFileReference; explicitFileType = wrapper.application; includeInIndex = 0; name = Production.app; path = Spacebook.app; sourceTree = BUILT_PRODUCTS_DIR; };
		0BC516EF194032274E3D7F71 /* ProfilePhotosVC.swift */ = {isa = PBXFileReference; fileEncoding = 4; lastKnownFileType = sourcecode.swift; path = ProfilePhotosVC.swift; sourceTree = "<group>"; };
		0BFEE75977FCD49EF3459C82 /* TimelineVC.swift */ = {isa = PBXFileReference; fileEncoding = 4; lastKnownFileType = sourcecode.swift; path = TimelineVC.swift; sourceTree = "<group>"; };
		0EF4642A5C46C570136293AD /* ViewFourCell.swift */ = {isa = PBXFileReference; fileEncoding = 4; lastKnownFileType = sourcecode.swift; path = ViewFourCell.swift; sourceTree = "<group>"; };
		21A18B8C20573DE8005135CF /* en */ = {isa = PBXFileReference; lastKnownFileType = text.plist.strings; name = en; path = Localizable.strings; sourceTree = "<group>"; };
		21A18B8F20573DE9005135CF /* ru */ = {isa = PBXFileReference; lastKnownFileType = text.plist.strings; name = ru; path = Localizable.strings; sourceTree = "<group>"; };
		21A18B9220573DE9005135CF /* de */ = {isa = PBXFileReference; lastKnownFileType = text.plist.strings; name = de; path = Localizable.strings; sourceTree = "<group>"; };
		21A18B9520573DE9005135CF /* nl */ = {isa = PBXFileReference; lastKnownFileType = text.plist.strings; name = nl; path = Localizable.strings; sourceTree = "<group>"; };
		21A18B9820573DE9005135CF /* cs */ = {isa = PBXFileReference; lastKnownFileType = text.plist.strings; name = cs; path = Localizable.strings; sourceTree = "<group>"; };
		2ECCA5B7205DF1EF9C293C95 /* LifetimeEventCell.swift */ = {isa = PBXFileReference; fileEncoding = 4; lastKnownFileType = sourcecode.swift; path = LifetimeEventCell.swift; sourceTree = "<group>"; };
		2ECE8B3FA2A10833A22F62E8 /* MessagesVC.swift */ = {isa = PBXFileReference; fileEncoding = 4; lastKnownFileType = sourcecode.swift; path = MessagesVC.swift; sourceTree = "<group>"; };
		2F04E5B6D368AD0AAD3F5778 /* LoginVC.swift */ = {isa = PBXFileReference; fileEncoding = 4; lastKnownFileType = sourcecode.swift; path = LoginVC.swift; sourceTree = "<group>"; };
		35B54D59F2639B5BBA5C3BF5 /* MessageCell.swift */ = {isa = PBXFileReference; fileEncoding = 4; lastKnownFileType = sourcecode.swift; path = MessageCell.swift; sourceTree = "<group>"; };
		3DED10D0ABE370305863F1AF /* AdvertisementCell.swift */ = {isa = PBXFileReference; fileEncoding = 4; lastKnownFileType = sourcecode.swift; path = AdvertisementCell.swift; sourceTree = "<group>"; };
		4459BDB4A7E4EC6556B0BA1D /* ProfileSettingsVC.swift */ = {isa = PBXFileReference; fileEncoding = 4; lastKnownFileType = sourcecode.swift; path = ProfileSettingsVC.swift; sourceTree = "<group>"; };
		453BAFA20FB5D91BAD00646E /* Lato-Black.ttf */ = {isa = PBXFileReference; fileEncoding = 4; lastKnownFileType = file.font; path = "Lato-Black.ttf"; sourceTree = "<group>"; };
		4BE2D4F09DB7635A64F9D444 /* SignupVC.swift */ = {isa = PBXFileReference; fileEncoding = 4; lastKnownFileType = sourcecode.swift; path = SignupVC.swift; sourceTree = "<group>"; };
		5D6E1EE677558FB55171F3D2 /* TabBarControllerOne.swift */ = {isa = PBXFileReference; fileEncoding = 4; lastKnownFileType = sourcecode.swift; path = TabBarControllerOne.swift; sourceTree = "<group>"; };
		6B4F3FD336AEE08E3778C37C /* Lato-Light.ttf */ = {isa = PBXFileReference; fileEncoding = 4; lastKnownFileType = file.font; path = "Lato-Light.ttf"; sourceTree = "<group>"; };
		73E04B5040A407B0D1634004 /* ViewCell.swift */ = {isa = PBXFileReference; fileEncoding = 4; lastKnownFileType = sourcecode.swift; path = ViewCell.swift; sourceTree = "<group>"; };
		7543EB925ABB4E62FDDF4B65 /* EventCell.swift */ = {isa = PBXFileReference; fileEncoding = 4; lastKnownFileType = sourcecode.swift; path = EventCell.swift; sourceTree = "<group>"; };
		888ACC5D9D0E428C438E69FF /* Lato-Regular.ttf */ = {isa = PBXFileReference; fileEncoding = 4; lastKnownFileType = file.font; path = "Lato-Regular.ttf"; sourceTree = "<group>"; };
		92FECA217BC3747F7E18E256 /* AppDelegate.swift */ = {isa = PBXFileReference; fileEncoding = 4; lastKnownFileType = sourcecode.swift; path = AppDelegate.swift; sourceTree = "<group>"; };
		9B765961ED5CAA7E25AE4895 /* NewsCell.swift */ = {isa = PBXFileReference; fileEncoding = 4; lastKnownFileType = sourcecode.swift; path = NewsCell.swift; sourceTree = "<group>"; };
		C05A6679EE7A097073A399E2 /* Images.xcassets */ = {isa = PBXFileReference; fileEncoding = 4; lastKnownFileType = folder.assetcatalog; path = Images.xcassets; sourceTree = "<group>"; };
		C65C4B4783CD0E653C225F6E /* EventDetailVC.swift */ = {isa = PBXFileReference; fileEncoding = 4; lastKnownFileType = sourcecode.swift; path = EventDetailVC.swift; sourceTree = "<group>"; };
		C8B2212A996E10854956C102 /* SFNSDisplay.ttf */ = {isa = PBXFileReference; fileEncoding = 4; lastKnownFileType = file.font; path = SFNSDisplay.ttf; sourceTree = "<group>"; };
		E3C94FD804B6DC55F7A2B8AA /* Lato-Bold.ttf */ = {isa = PBXFileReference; fileEncoding = 4; lastKnownFileType = file.font; path = "Lato-Bold.ttf"; sourceTree = "<group>"; };
		EF33DB8D3837686A9547822D /* ProfileVC.swift */ = {isa = PBXFileReference; fileEncoding = 4; lastKnownFileType = sourcecode.swift; path = ProfileVC.swift; sourceTree = "<group>"; };
		F2B2FFD23EF3A24B384F8D9C /* Main.storyboard */ = {isa = PBXFileReference; fileEncoding = 4; lastKnownFileType = file.storyboard; path = Main.storyboard; sourceTree = "<group>"; };
		F935884F3FF72220BBFECA17 /* TitleCell.swift */ = {isa = PBXFileReference; fileEncoding = 4; lastKnownFileType = sourcecode.swift; path = TitleCell.swift; sourceTree = "<group>"; };
		FB9C602738BECB53866DFD4E /* Info.plist */ = {isa = PBXFileReference; fileEncoding = 4; lastKnownFileType = text.plist.strings; path = Info.plist; sourceTree = "<group>"; };
/* End PBXFileReference section */

/* Begin PBXFrameworksBuildPhase section */
		0B6093BB1E68BCDD00C80262 /* Frameworks */ = {
			isa = PBXFrameworksBuildPhase;
			buildActionMask = 2147483647;
			files = (
			);
			runOnlyForDeploymentPostprocessing = 0;
		};
/* End PBXFrameworksBuildPhase section */

/* Begin PBXGroup section */
		0B28DFD01E40CD2E00BF6E7C = {
			isa = PBXGroup;
			children = (
				0B28DFDA1E40CD2E00BF6E7C /* Products */,
				FF8EAB9023E05637A112650D /* Spacebook */,
			);
			sourceTree = "<group>";
		};
		0B28DFDA1E40CD2E00BF6E7C /* Products */ = {
			isa = PBXGroup;
			children = (
				0B6093BE1E68BCDD00C80262 /* Production.app */,
			);
			name = Products;
			sourceTree = "<group>";
		};
		21A18B8A20573DE8005135CF /* en.lproj */ = {
			isa = PBXGroup;
			children = (
				21A18B8B20573DE8005135CF /* Localizable.strings */,
			);
			path = en.lproj;
			sourceTree = "<group>";
		};
		21A18B8D20573DE9005135CF /* ru.lproj */ = {
			isa = PBXGroup;
			children = (
				21A18B8E20573DE9005135CF /* Localizable.strings */,
			);
			path = ru.lproj;
			sourceTree = "<group>";
		};
		21A18B9020573DE9005135CF /* de.lproj */ = {
			isa = PBXGroup;
			children = (
				21A18B9120573DE9005135CF /* Localizable.strings */,
			);
			path = de.lproj;
			sourceTree = "<group>";
		};
		21A18B9320573DE9005135CF /* nl.lproj */ = {
			isa = PBXGroup;
			children = (
				21A18B9420573DE9005135CF /* Localizable.strings */,
			);
			path = nl.lproj;
			sourceTree = "<group>";
		};
		21A18B9620573DE9005135CF /* cs.lproj */ = {
			isa = PBXGroup;
			children = (
				21A18B9720573DE9005135CF /* Localizable.strings */,
			);
			path = cs.lproj;
			sourceTree = "<group>";
		};
		32C8C2816C5E6F0260D645D7 /* Classes */ = {
			isa = PBXGroup;
			children = (
				D7418DF9BBFBD05FCE18E7B2 /* Model */,
				68811C23ECFEB5AFD81F17D5 /* Controllers */,
				92FECA217BC3747F7E18E256 /* AppDelegate.swift */,
			);
			path = Classes;
			sourceTree = "<group>";
		};
		5A9BF2D2BFAC6C6B03BEE481 /* Supporting Files */ = {
			isa = PBXGroup;
			children = (
				FB9C602738BECB53866DFD4E /* Info.plist */,
			);
			path = "Supporting Files";
			sourceTree = "<group>";
		};
		6363A95BB1FC0737EFA06B60 /* Images */ = {
			isa = PBXGroup;
			children = (
				C05A6679EE7A097073A399E2 /* Images.xcassets */,
			);
			path = Images;
			sourceTree = "<group>";
		};
		68811C23ECFEB5AFD81F17D5 /* Controllers */ = {
			isa = PBXGroup;
			children = (
				B65D42FECFE913A49AC5AAF2 /* Tabs */,
				00552201BCB31D84A1CF70C0 /* WelcomeVC.swift */,
				2F04E5B6D368AD0AAD3F5778 /* LoginVC.swift */,
				4BE2D4F09DB7635A64F9D444 /* SignupVC.swift */,
				0BFEE75977FCD49EF3459C82 /* TimelineVC.swift */,
				9B765961ED5CAA7E25AE4895 /* NewsCell.swift */,
				2ECCA5B7205DF1EF9C293C95 /* LifetimeEventCell.swift */,
				7543EB925ABB4E62FDDF4B65 /* EventCell.swift */,
				3DED10D0ABE370305863F1AF /* AdvertisementCell.swift */,
				EF33DB8D3837686A9547822D /* ProfileVC.swift */,
				73E04B5040A407B0D1634004 /* ViewCell.swift */,
				0BC516EF194032274E3D7F71 /* ProfilePhotosVC.swift */,
				F935884F3FF72220BBFECA17 /* TitleCell.swift */,
				0EF4642A5C46C570136293AD /* ViewFourCell.swift */,
				4459BDB4A7E4EC6556B0BA1D /* ProfileSettingsVC.swift */,
				2ECE8B3FA2A10833A22F62E8 /* MessagesVC.swift */,
				07F7A7705D8E09930250974E /* OnlinePersonCell.swift */,
				35B54D59F2639B5BBA5C3BF5 /* MessageCell.swift */,
				C65C4B4783CD0E653C225F6E /* EventDetailVC.swift */,
			);
			path = Controllers;
			sourceTree = "<group>";
		};
		784C86DEF8D2DACCB4C65F68 /* Resources */ = {
			isa = PBXGroup;
			children = (
				F3C50E54FC8066907725B673 /* Fonts */,
				6363A95BB1FC0737EFA06B60 /* Images */,
				EAC69FD384494EBB26ECDE56 /* Interface */,
				FD9887D682F4642BDD4002DF /* Localization */,
			);
			path = Resources;
			sourceTree = "<group>";
		};
		B65D42FECFE913A49AC5AAF2 /* Tabs */ = {
			isa = PBXGroup;
			children = (
				5D6E1EE677558FB55171F3D2 /* TabBarControllerOne.swift */,
			);
			path = Tabs;
			sourceTree = "<group>";
		};
		D7418DF9BBFBD05FCE18E7B2 /* Model */ = {
			isa = PBXGroup;
			children = (
			);
			path = Model;
			sourceTree = "<group>";
		};
		EAC69FD384494EBB26ECDE56 /* Interface */ = {
			isa = PBXGroup;
			children = (
				F2B2FFD23EF3A24B384F8D9C /* Main.storyboard */,
			);
			path = Interface;
			sourceTree = "<group>";
		};
		F3C50E54FC8066907725B673 /* Fonts */ = {
			isa = PBXGroup;
			children = (
				6B4F3FD336AEE08E3778C37C /* Lato-Light.ttf */,
				E3C94FD804B6DC55F7A2B8AA /* Lato-Bold.ttf */,
				453BAFA20FB5D91BAD00646E /* Lato-Black.ttf */,
				888ACC5D9D0E428C438E69FF /* Lato-Regular.ttf */,
				C8B2212A996E10854956C102 /* SFNSDisplay.ttf */,
			);
			path = Fonts;
			sourceTree = "<group>";
		};
		FD9887D682F4642BDD4002DF /* Localization */ = {
			isa = PBXGroup;
			children = (
				21A18B9620573DE9005135CF /* cs.lproj */,
				21A18B9020573DE9005135CF /* de.lproj */,
				21A18B8A20573DE8005135CF /* en.lproj */,
				21A18B9320573DE9005135CF /* nl.lproj */,
				21A18B8D20573DE9005135CF /* ru.lproj */,
			);
			path = Localization;
			sourceTree = "<group>";
		};
		FF8EAB9023E05637A112650D /* Spacebook */ = {
			isa = PBXGroup;
			children = (
				32C8C2816C5E6F0260D645D7 /* Classes */,
				784C86DEF8D2DACCB4C65F68 /* Resources */,
				5A9BF2D2BFAC6C6B03BEE481 /* Supporting Files */,
			);
			path = Spacebook;
			sourceTree = "<group>";
		};
/* End PBXGroup section */

/* Begin PBXNativeTarget section */
		0B6093BD1E68BCDD00C80262 /* Spacebook */ = {
			isa = PBXNativeTarget;
			buildConfigurationList = 0B6093D11E68BCDD00C80262 /* Build configuration list for PBXNativeTarget "Spacebook" */;
			buildPhases = (
				0B6093BA1E68BCDD00C80262 /* Sources */,
				0B6093BB1E68BCDD00C80262 /* Frameworks */,
				0B6093BC1E68BCDD00C80262 /* Resources */,
			);
			buildRules = (
			);
			dependencies = (
			);
			name = Spacebook;
			productName = Production;
			productReference = 0B6093BE1E68BCDD00C80262 /* Production.app */;
			productType = "com.apple.product-type.application";
		};
/* End PBXNativeTarget section */

/* Begin PBXProject section */
		0B28DFD11E40CD2E00BF6E7C /* Project object */ = {
			isa = PBXProject;
			attributes = {
				LastSwiftUpdateCheck = 0730;
				LastUpgradeCheck = 0730;
				ORGANIZATIONNAME = Supernova;
				TargetAttributes = {
					0B6093BD1E68BCDD00C80262 = {
						CreatedOnToolsVersion = 7.3.1;
					};
				};
			};
			buildConfigurationList = 0B28DFD41E40CD2E00BF6E7C /* Build configuration list for PBXProject "Spacebook" */;
			compatibilityVersion = "Xcode 3.2";
			developmentRegion = English;
			hasScannedForEncodings = 0;
			knownRegions = (
				en,
				Base,
				ru,
				de,
				nl,
				cs,
			);
			mainGroup = 0B28DFD01E40CD2E00BF6E7C;
			productRefGroup = 0B28DFDA1E40CD2E00BF6E7C /* Products */;
			projectDirPath = "";
			projectRoot = "";
			targets = (
				0B6093BD1E68BCDD00C80262 /* Spacebook */,
			);
		};
/* End PBXProject section */

/* Begin PBXResourcesBuildPhase section */
		0B6093BC1E68BCDD00C80262 /* Resources */ = {
			isa = PBXResourcesBuildPhase;
			buildActionMask = 2147483647;
			files = (
				371F13403E202899307EEC69 /* SFNSDisplay.ttf in Resources */,
				21A18B9D20573DE9005135CF /* Localizable.strings in Resources */,
				7FCBC91F47E949CA516234BB /* Main.storyboard in Resources */,
				21A18B9C20573DE9005135CF /* Localizable.strings in Resources */,
				872FB0874527971415A9F909 /* Lato-Regular.ttf in Resources */,
				DC83B03730FA165536C1EAC4 /* Lato-Bold.ttf in Resources */,
				21A18B9A20573DE9005135CF /* Localizable.strings in Resources */,
				21A18B9B20573DE9005135CF /* Localizable.strings in Resources */,
				D667C9B670302D0A1BBB7481 /* Images.xcassets in Resources */,
				21A18B9920573DE9005135CF /* Localizable.strings in Resources */,
				F57A32C2D15D07A410D9FCFF /* Lato-Black.ttf in Resources */,
				A763BC3751F5DCDC6FCBFAB5 /* Lato-Light.ttf in Resources */,
			);
			runOnlyForDeploymentPostprocessing = 0;
		};
/* End PBXResourcesBuildPhase section */

/* Begin PBXSourcesBuildPhase section */
		0B6093BA1E68BCDD00C80262 /* Sources */ = {
			isa = PBXSourcesBuildPhase;
			buildActionMask = 2147483647;
			files = (
				8B67B735333F5B09A18AFA59 /* LifetimeEventCell.swift in Sources */,
				0B5E684A50D344A5B1814A63 /* MessagesVC.swift in Sources */,
				13B87827C0AEA56CFFFC5C04 /* ViewCell.swift in Sources */,
				8739EC5495C7D85FCEE2F740 /* NewsCell.swift in Sources */,
				FF8524D7161EC9129BBEA851 /* ProfileSettingsVC.swift in Sources */,
				AACC8E0DB07DF470A7C952A7 /* WelcomeVC.swift in Sources */,
				44C9448BA28C1AB81E6B3C36 /* ProfilePhotosVC.swift in Sources */,
				E5AC477CC84F4FCD32D4CCE6 /* LoginVC.swift in Sources */,
				A61ED3771F1DE202CC346FB2 /* AppDelegate.swift in Sources */,
				A629D6B16971A6757C9ECFD8 /* MessageCell.swift in Sources */,
				66422C9A89035880E77A44F0 /* OnlinePersonCell.swift in Sources */,
				3ED253B14C53BDF633745722 /* ProfileVC.swift in Sources */,
				243D386D6C435B29FF23DD26 /* TitleCell.swift in Sources */,
				008ED7E280687034E4763BFE /* EventCell.swift in Sources */,
				AB1A1FD5224D8CC18F56BEDF /* TimelineVC.swift in Sources */,
				10F5641122763BC2903046E4 /* ViewFourCell.swift in Sources */,
				BE79968597DD5BF47B941C11 /* EventDetailVC.swift in Sources */,
				A30B2B42AA08DB3149E2D2D4 /* AdvertisementCell.swift in Sources */,
				2E6649F0B9CB6260A98FDC53 /* TabBarControllerOne.swift in Sources */,
				46C0788C90A12306DC98010B /* SignupVC.swift in Sources */,
			);
			runOnlyForDeploymentPostprocessing = 0;
		};
/* End PBXSourcesBuildPhase section */

/* Begin PBXVariantGroup section */
		21A18B8B20573DE8005135CF /* Localizable.strings */ = {
			isa = PBXVariantGroup;
			children = (
				21A18B8C20573DE8005135CF /* en */,
			);
			name = Localizable.strings;
			sourceTree = "<group>";
		};
		21A18B8E20573DE9005135CF /* Localizable.strings */ = {
			isa = PBXVariantGroup;
			children = (
				21A18B8F20573DE9005135CF /* ru */,
			);
			name = Localizable.strings;
			sourceTree = "<group>";
		};
		21A18B9120573DE9005135CF /* Localizable.strings */ = {
			isa = PBXVariantGroup;
			children = (
				21A18B9220573DE9005135CF /* de */,
			);
			name = Localizable.strings;
			sourceTree = "<group>";
		};
		21A18B9420573DE9005135CF /* Localizable.strings */ = {
			isa = PBXVariantGroup;
			children = (
				21A18B9520573DE9005135CF /* nl */,
			);
			name = Localizable.strings;
			sourceTree = "<group>";
		};
		21A18B9720573DE9005135CF /* Localizable.strings */ = {
			isa = PBXVariantGroup;
			children = (
				21A18B9820573DE9005135CF /* cs */,
			);
			name = Localizable.strings;
			sourceTree = "<group>";
		};
/* End PBXVariantGroup section */

/* Begin XCBuildConfiguration section */
		0B28DFE91E40CD2E00BF6E7C /* Debug */ = {
			isa = XCBuildConfiguration;
			buildSettings = {
				ALWAYS_SEARCH_USER_PATHS = NO;
				CLANG_ANALYZER_NONNULL = YES;
				CLANG_CXX_LANGUAGE_STANDARD = "gnu++0x";
				CLANG_CXX_LIBRARY = "libc++";
				CLANG_ENABLE_MODULES = YES;
				CLANG_ENABLE_OBJC_ARC = YES;
				CLANG_WARN_BOOL_CONVERSION = YES;
				CLANG_WARN_CONSTANT_CONVERSION = YES;
				CLANG_WARN_DIRECT_OBJC_ISA_USAGE = YES_ERROR;
				CLANG_WARN_EMPTY_BODY = YES;
				CLANG_WARN_ENUM_CONVERSION = YES;
				CLANG_WARN_INT_CONVERSION = YES;
				CLANG_WARN_OBJC_ROOT_CLASS = YES_ERROR;
				CLANG_WARN_UNREACHABLE_CODE = YES;
				CLANG_WARN__DUPLICATE_METHOD_MATCH = YES;
				"CODE_SIGN_IDENTITY[sdk=iphoneos*]" = "iPhone Developer";
				COPY_PHASE_STRIP = NO;
				DEBUG_INFORMATION_FORMAT = dwarf;
				ENABLE_STRICT_OBJC_MSGSEND = YES;
				ENABLE_TESTABILITY = YES;
				GCC_C_LANGUAGE_STANDARD = gnu99;
				GCC_DYNAMIC_NO_PIC = NO;
				GCC_NO_COMMON_BLOCKS = YES;
				GCC_OPTIMIZATION_LEVEL = 0;
				GCC_PREPROCESSOR_DEFINITIONS = (
					"DEBUG=1",
					"$(inherited)",
				);
				GCC_WARN_64_TO_32_BIT_CONVERSION = YES;
				GCC_WARN_ABOUT_RETURN_TYPE = YES_ERROR;
				GCC_WARN_UNDECLARED_SELECTOR = YES;
				GCC_WARN_UNINITIALIZED_AUTOS = YES_AGGRESSIVE;
				GCC_WARN_UNUSED_FUNCTION = YES;
				GCC_WARN_UNUSED_VARIABLE = YES;
				IPHONEOS_DEPLOYMENT_TARGET = 9.3;
				MTL_ENABLE_DEBUG_INFO = YES;
				ONLY_ACTIVE_ARCH = YES;
				SDKROOT = iphoneos;
			};
			name = Debug;
		};
		0B28DFEA1E40CD2E00BF6E7C /* Release */ = {
			isa = XCBuildConfiguration;
			buildSettings = {
				ALWAYS_SEARCH_USER_PATHS = NO;
				CLANG_ANALYZER_NONNULL = YES;
				CLANG_CXX_LANGUAGE_STANDARD = "gnu++0x";
				CLANG_CXX_LIBRARY = "libc++";
				CLANG_ENABLE_MODULES = YES;
				CLANG_ENABLE_OBJC_ARC = YES;
				CLANG_WARN_BOOL_CONVERSION = YES;
				CLANG_WARN_CONSTANT_CONVERSION = YES;
				CLANG_WARN_DIRECT_OBJC_ISA_USAGE = YES_ERROR;
				CLANG_WARN_EMPTY_BODY = YES;
				CLANG_WARN_ENUM_CONVERSION = YES;
				CLANG_WARN_INT_CONVERSION = YES;
				CLANG_WARN_OBJC_ROOT_CLASS = YES_ERROR;
				CLANG_WARN_UNREACHABLE_CODE = YES;
				CLANG_WARN__DUPLICATE_METHOD_MATCH = YES;
				"CODE_SIGN_IDENTITY[sdk=iphoneos*]" = "iPhone Developer";
				COPY_PHASE_STRIP = NO;
				DEBUG_INFORMATION_FORMAT = "dwarf-with-dsym";
				ENABLE_NS_ASSERTIONS = NO;
				ENABLE_STRICT_OBJC_MSGSEND = YES;
				GCC_C_LANGUAGE_STANDARD = gnu99;
				GCC_NO_COMMON_BLOCKS = YES;
				GCC_WARN_64_TO_32_BIT_CONVERSION = YES;
				GCC_WARN_ABOUT_RETURN_TYPE = YES_ERROR;
				GCC_WARN_UNDECLARED_SELECTOR = YES;
				GCC_WARN_UNINITIALIZED_AUTOS = YES_AGGRESSIVE;
				GCC_WARN_UNUSED_FUNCTION = YES;
				GCC_WARN_UNUSED_VARIABLE = YES;
				IPHONEOS_DEPLOYMENT_TARGET = 9.3;
				MTL_ENABLE_DEBUG_INFO = NO;
				SDKROOT = iphoneos;
				VALIDATE_PRODUCT = YES;
			};
			name = Release;
		};
		0B6093CF1E68BCDD00C80262 /* Debug */ = {
			isa = XCBuildConfiguration;
			buildSettings = {
				ASSETCATALOG_COMPILER_APPICON_NAME = AppIcon;
				ASSETCATALOG_COMPILER_LAUNCHIMAGE_NAME = LaunchImage;
				INFOPLIST_FILE = "$(SRCROOT)/Spacebook/Supporting Files/Info.plist";
				LD_RUNPATH_SEARCH_PATHS = "$(inherited) @executable_path/Frameworks";
				PRODUCT_BUNDLE_IDENTIFIER = com.supernova.project.Production;
				PRODUCT_NAME = "$(TARGET_NAME)";
				SWIFT_VERSION = 3.0;
			};
			name = Debug;
		};
		0B6093D01E68BCDD00C80262 /* Release */ = {
			isa = XCBuildConfiguration;
			buildSettings = {
				ASSETCATALOG_COMPILER_APPICON_NAME = AppIcon;
				ASSETCATALOG_COMPILER_LAUNCHIMAGE_NAME = "Brand Assets";
				INFOPLIST_FILE = "$(SRCROOT)/Spacebook/Supporting Files/Info.plist";
				LD_RUNPATH_SEARCH_PATHS = "$(inherited) @executable_path/Frameworks";
				PRODUCT_BUNDLE_IDENTIFIER = com.supernova.project.Production;
				PRODUCT_NAME = "$(TARGET_NAME)";
				SWIFT_VERSION = 3.0;
			};
			name = Release;
		};
/* End XCBuildConfiguration section */

/* Begin XCConfigurationList section */
		0B28DFD41E40CD2E00BF6E7C /* Build configuration list for PBXProject "Spacebook" */ = {
			isa = XCConfigurationList;
			buildConfigurations = (
				0B28DFE91E40CD2E00BF6E7C /* Debug */,
				0B28DFEA1E40CD2E00BF6E7C /* Release */,
			);
			defaultConfigurationIsVisible = 0;
			defaultConfigurationName = Release;
		};
		0B6093D11E68BCDD00C80262 /* Build configuration list for PBXNativeTarget "Spacebook" */ = {
			isa = XCConfigurationList;
			buildConfigurations = (
				0B6093CF1E68BCDD00C80262 /* Debug */,
				0B6093D01E68BCDD00C80262 /* Release */,
			);
			defaultConfigurationIsVisible = 0;
			defaultConfigurationName = Release;
		};
/* End XCConfigurationList section */
	};
	rootObject = 0B28DFD11E40CD2E00BF6E7C /* Project object */;
}
