<?xml version="1.0" encoding="UTF-8"?>
<!DOCTYPE plist PUBLIC "-//Apple//DTD PLIST 1.0//EN" "http://www.apple.com/DTDs/PropertyList-1.0.dtd">
<plist version="1.0">
<dict>
	<key>archiveVersion</key>
	<string>1</string>
	<key>classes</key>
	<dict/>
	<key>objectVersion</key>
	<string>46</string>
	<key>objects</key>
	<dict>
		<key>0011053523C3F3D286AECEA5</key>
		<dict>
			<key>fileRef</key>
			<string>8AD1B239EF86CCBDC7F5C077</string>
			<key>isa</key>
			<string>PBXBuildFile</string>
		</dict>
		<key>0137DE928EF59DECECB2068B</key>
		<dict>
			<key>fileEncoding</key>
			<string>4</string>
			<key>isa</key>
			<string>PBXFileReference</string>
			<key>lastKnownFileType</key>
			<string>file.xib</string>
			<key>path</key>
			<string>LifetimeEventTableViewCell.xib</string>
			<key>sourceTree</key>
			<string>&lt;group&gt;</string>
		</dict>
		<key>0335FFEDD9AA4C1B62D7E70C</key>
		<dict>
			<key>fileEncoding</key>
			<string>4</string>
			<key>isa</key>
			<string>PBXFileReference</string>
			<key>lastKnownFileType</key>
			<string>sourcecode.swift</string>
			<key>path</key>
			<string>UISearchBar+Utility.swift</string>
			<key>sourceTree</key>
			<string>&lt;group&gt;</string>
		</dict>
		<key>04726F13711A5801CD315ED8</key>
		<dict>
			<key>fileEncoding</key>
			<string>4</string>
			<key>isa</key>
			<string>PBXFileReference</string>
			<key>lastKnownFileType</key>
			<string>file.xib</string>
			<key>path</key>
			<string>ProfileViewController.xib</string>
			<key>sourceTree</key>
			<string>&lt;group&gt;</string>
		</dict>
		<key>04B1A312E99FB3F25F9C64CF</key>
		<dict>
			<key>fileRef</key>
			<string>B357E5DFA6855F556DB206A7</string>
			<key>isa</key>
			<string>PBXBuildFile</string>
		</dict>
		<key>05325CC00B6B43D54337F1DC</key>
		<dict>
			<key>fileRef</key>
			<string>1FF88E9ED9ACFBB0C5BBC5F0</string>
			<key>isa</key>
			<string>PBXBuildFile</string>
		</dict>
		<key>086946575F103711FFA61B4E</key>
		<dict>
			<key>fileRef</key>
			<string>460A02F19AB6DC660A5A40A9</string>
			<key>isa</key>
			<string>PBXBuildFile</string>
		</dict>
		<key>0B28DFD01E40CD2E00BF6E7C</key>
		<dict>
			<key>children</key>
			<array>
				<string>0B28DFDA1E40CD2E00BF6E7C</string>
				<string>55E9DD47FD61FF63F9504875</string>
			</array>
			<key>isa</key>
			<string>PBXGroup</string>
			<key>sourceTree</key>
			<string>&lt;group&gt;</string>
		</dict>
		<key>0B28DFD11E40CD2E00BF6E7C</key>
		<dict>
			<key>attributes</key>
			<dict>
				<key>LastSwiftUpdateCheck</key>
				<string>0730</string>
				<key>LastUpgradeCheck</key>
				<string>0730</string>
				<key>ORGANIZATIONNAME</key>
				<string>Supernova</string>
				<key>TargetAttributes</key>
				<dict>
					<key>0B6093BD1E68BCDD00C80262</key>
					<dict>
						<key>CreatedOnToolsVersion</key>
						<string>7.3.1</string>
					</dict>
				</dict>
			</dict>
			<key>buildConfigurationList</key>
			<string>0B28DFD41E40CD2E00BF6E7C</string>
			<key>compatibilityVersion</key>
			<string>Xcode 3.2</string>
			<key>developmentRegion</key>
			<string>English</string>
			<key>hasScannedForEncodings</key>
			<string>0</string>
			<key>isa</key>
			<string>PBXProject</string>
			<key>knownRegions</key>
			<array>
				<string>en</string>
				<string>Base</string>
			</array>
			<key>mainGroup</key>
			<string>0B28DFD01E40CD2E00BF6E7C</string>
			<key>productRefGroup</key>
			<string>0B28DFDA1E40CD2E00BF6E7C</string>
			<key>projectDirPath</key>
			<string></string>
			<key>projectRoot</key>
			<string></string>
			<key>targets</key>
			<array>
				<string>0B6093BD1E68BCDD00C80262</string>
			</array>
		</dict>
		<key>0B28DFD41E40CD2E00BF6E7C</key>
		<dict>
			<key>buildConfigurations</key>
			<array>
				<string>0B28DFE91E40CD2E00BF6E7C</string>
				<string>0B28DFEA1E40CD2E00BF6E7C</string>
			</array>
			<key>defaultConfigurationIsVisible</key>
			<string>0</string>
			<key>defaultConfigurationName</key>
			<string>Release</string>
			<key>isa</key>
			<string>XCConfigurationList</string>
		</dict>
		<key>0B28DFDA1E40CD2E00BF6E7C</key>
		<dict>
			<key>children</key>
			<array>
				<string>0B6093BE1E68BCDD00C80262</string>
			</array>
			<key>isa</key>
			<string>PBXGroup</string>
			<key>name</key>
			<string>Products</string>
			<key>sourceTree</key>
			<string>&lt;group&gt;</string>
		</dict>
		<key>0B28DFE91E40CD2E00BF6E7C</key>
		<dict>
			<key>buildSettings</key>
			<dict>
				<key>ALWAYS_SEARCH_USER_PATHS</key>
				<string>NO</string>
				<key>CLANG_ANALYZER_NONNULL</key>
				<string>YES</string>
				<key>CLANG_CXX_LANGUAGE_STANDARD</key>
				<string>gnu++0x</string>
				<key>CLANG_CXX_LIBRARY</key>
				<string>libc++</string>
				<key>CLANG_ENABLE_MODULES</key>
				<string>YES</string>
				<key>CLANG_ENABLE_OBJC_ARC</key>
				<string>YES</string>
				<key>CLANG_WARN_BOOL_CONVERSION</key>
				<string>YES</string>
				<key>CLANG_WARN_CONSTANT_CONVERSION</key>
				<string>YES</string>
				<key>CLANG_WARN_DIRECT_OBJC_ISA_USAGE</key>
				<string>YES_ERROR</string>
				<key>CLANG_WARN_EMPTY_BODY</key>
				<string>YES</string>
				<key>CLANG_WARN_ENUM_CONVERSION</key>
				<string>YES</string>
				<key>CLANG_WARN_INT_CONVERSION</key>
				<string>YES</string>
				<key>CLANG_WARN_OBJC_ROOT_CLASS</key>
				<string>YES_ERROR</string>
				<key>CLANG_WARN_UNREACHABLE_CODE</key>
				<string>YES</string>
				<key>CLANG_WARN__DUPLICATE_METHOD_MATCH</key>
				<string>YES</string>
				<key>CODE_SIGN_IDENTITY[sdk=iphoneos*]</key>
				<string>iPhone Developer</string>
				<key>COPY_PHASE_STRIP</key>
				<string>NO</string>
				<key>DEBUG_INFORMATION_FORMAT</key>
				<string>dwarf</string>
				<key>ENABLE_STRICT_OBJC_MSGSEND</key>
				<string>YES</string>
				<key>ENABLE_TESTABILITY</key>
				<string>YES</string>
				<key>GCC_C_LANGUAGE_STANDARD</key>
				<string>gnu99</string>
				<key>GCC_DYNAMIC_NO_PIC</key>
				<string>NO</string>
				<key>GCC_NO_COMMON_BLOCKS</key>
				<string>YES</string>
				<key>GCC_OPTIMIZATION_LEVEL</key>
				<string>0</string>
				<key>GCC_PREPROCESSOR_DEFINITIONS</key>
				<array>
					<string>DEBUG=1</string>
					<string>$(inherited)</string>
				</array>
				<key>GCC_WARN_64_TO_32_BIT_CONVERSION</key>
				<string>YES</string>
				<key>GCC_WARN_ABOUT_RETURN_TYPE</key>
				<string>YES_ERROR</string>
				<key>GCC_WARN_UNDECLARED_SELECTOR</key>
				<string>YES</string>
				<key>GCC_WARN_UNINITIALIZED_AUTOS</key>
				<string>YES_AGGRESSIVE</string>
				<key>GCC_WARN_UNUSED_FUNCTION</key>
				<string>YES</string>
				<key>GCC_WARN_UNUSED_VARIABLE</key>
				<string>YES</string>
				<key>IPHONEOS_DEPLOYMENT_TARGET</key>
				<string>9.3</string>
				<key>MTL_ENABLE_DEBUG_INFO</key>
				<string>YES</string>
				<key>ONLY_ACTIVE_ARCH</key>
				<string>YES</string>
				<key>SDKROOT</key>
				<string>iphoneos</string>
			</dict>
			<key>isa</key>
			<string>XCBuildConfiguration</string>
			<key>name</key>
			<string>Debug</string>
		</dict>
		<key>0B28DFEA1E40CD2E00BF6E7C</key>
		<dict>
			<key>buildSettings</key>
			<dict>
				<key>ALWAYS_SEARCH_USER_PATHS</key>
				<string>NO</string>
				<key>CLANG_ANALYZER_NONNULL</key>
				<string>YES</string>
				<key>CLANG_CXX_LANGUAGE_STANDARD</key>
				<string>gnu++0x</string>
				<key>CLANG_CXX_LIBRARY</key>
				<string>libc++</string>
				<key>CLANG_ENABLE_MODULES</key>
				<string>YES</string>
				<key>CLANG_ENABLE_OBJC_ARC</key>
				<string>YES</string>
				<key>CLANG_WARN_BOOL_CONVERSION</key>
				<string>YES</string>
				<key>CLANG_WARN_CONSTANT_CONVERSION</key>
				<string>YES</string>
				<key>CLANG_WARN_DIRECT_OBJC_ISA_USAGE</key>
				<string>YES_ERROR</string>
				<key>CLANG_WARN_EMPTY_BODY</key>
				<string>YES</string>
				<key>CLANG_WARN_ENUM_CONVERSION</key>
				<string>YES</string>
				<key>CLANG_WARN_INT_CONVERSION</key>
				<string>YES</string>
				<key>CLANG_WARN_OBJC_ROOT_CLASS</key>
				<string>YES_ERROR</string>
				<key>CLANG_WARN_UNREACHABLE_CODE</key>
				<string>YES</string>
				<key>CLANG_WARN__DUPLICATE_METHOD_MATCH</key>
				<string>YES</string>
				<key>CODE_SIGN_IDENTITY[sdk=iphoneos*]</key>
				<string>iPhone Developer</string>
				<key>COPY_PHASE_STRIP</key>
				<string>NO</string>
				<key>DEBUG_INFORMATION_FORMAT</key>
				<string>dwarf-with-dsym</string>
				<key>ENABLE_NS_ASSERTIONS</key>
				<string>NO</string>
				<key>ENABLE_STRICT_OBJC_MSGSEND</key>
				<string>YES</string>
				<key>GCC_C_LANGUAGE_STANDARD</key>
				<string>gnu99</string>
				<key>GCC_NO_COMMON_BLOCKS</key>
				<string>YES</string>
				<key>GCC_WARN_64_TO_32_BIT_CONVERSION</key>
				<string>YES</string>
				<key>GCC_WARN_ABOUT_RETURN_TYPE</key>
				<string>YES_ERROR</string>
				<key>GCC_WARN_UNDECLARED_SELECTOR</key>
				<string>YES</string>
				<key>GCC_WARN_UNINITIALIZED_AUTOS</key>
				<string>YES_AGGRESSIVE</string>
				<key>GCC_WARN_UNUSED_FUNCTION</key>
				<string>YES</string>
				<key>GCC_WARN_UNUSED_VARIABLE</key>
				<string>YES</string>
				<key>IPHONEOS_DEPLOYMENT_TARGET</key>
				<string>9.3</string>
				<key>MTL_ENABLE_DEBUG_INFO</key>
				<string>NO</string>
				<key>SDKROOT</key>
				<string>iphoneos</string>
				<key>VALIDATE_PRODUCT</key>
				<string>YES</string>
			</dict>
			<key>isa</key>
			<string>XCBuildConfiguration</string>
			<key>name</key>
			<string>Release</string>
		</dict>
		<key>0B5E54211909FCE1FE4161D2</key>
		<dict>
			<key>fileRef</key>
			<string>2AAEE6D3A7E405CA5CFC2B09</string>
			<key>isa</key>
			<string>PBXBuildFile</string>
		</dict>
		<key>0B6093BA1E68BCDD00C80262</key>
		<dict>
			<key>buildActionMask</key>
			<string>2147483647</string>
			<key>files</key>
			<array>
				<string>A27A8B34B7963F8F30B5FC94</string>
				<string>2A2961B23C36DF1B7192E775</string>
				<string>DCD68878256AAA21A2C6B420</string>
				<string>84F7892E7EA1B67219663459</string>
				<string>9F733C68DDE54FF8302BFA7E</string>
				<string>373AB73D852E171676DC23DD</string>
				<string>5F39513624CF7DCD12DAD857</string>
				<string>05325CC00B6B43D54337F1DC</string>
				<string>D4C465B5FAC26F4A880D769F</string>
				<string>A5E68EA2806062474B83C797</string>
				<string>D62386A6ED86521E9E75A224</string>
				<string>1B39D4DF210E48017651F895</string>
				<string>A351E6BD19C984FFDA434416</string>
				<string>C1666F4776C27198410558D5</string>
				<string>20435026AC18D337E5A1394D</string>
				<string>311E23B8F49F5699CAC9A34D</string>
				<string>38B9D4501C84FC918A77D489</string>
				<string>873CC33B70499C68E1DE9C8D</string>
				<string>2249CF66243661F5E117395B</string>
				<string>F2C6ED37F1A8D114DC70D636</string>
				<string>453A2C5E3755277A7484855A</string>
				<string>DCABC035CDF67379BF387EA7</string>
				<string>0011053523C3F3D286AECEA5</string>
				<string>B11759DAC800353D76DFF62A</string>
				<string>C8E05A058F0590B6FF1385B4</string>
				<string>D6B57D12DF8DAE035246ABB7</string>
				<string>30D68DEC3AB039022B6DE668</string>
				<string>F1AA5DCC50F84B7FAB994968</string>
				<string>CD230D4F2368F02570C2C166</string>
				<string>DAB912EDF11C473F9C20BE1A</string>
				<string>DDDABF81D5981686C1FCCBD5</string>
				<string>04B1A312E99FB3F25F9C64CF</string>
				<string>0B5E54211909FCE1FE4161D2</string>
				<string>DB53E8674865BB3A85385355</string>
				<string>27E68C92528B889B541D83A9</string>
				<string>30E3AFF937E1BFA28D4FD2AC</string>
				<string>8F3A3C4D1B29603B8290E952</string>
				<string>188F4B02CBFA730E9C1A7530</string>
				<string>2F02D7E76EEB4671D85DBA31</string>
				<string>2694F4202AB10153AAC4EC89</string>
				<string>81A2D8FA5EFBD25A7C0214EE</string>
				<string>CAA4B926BCE0256880641C75</string>
				<string>37F938CFC269BDB0EF30CF08</string>
				<string>FA77E5727A921B2D61C591E8</string>
				<string>64F39D800B54D85D365B5128</string>
				<string>8852A296740975C8A23CF8E5</string>
				<string>4C2CFF7F59330369D2AA99FD</string>
				<string>15A3C8287FAC7C30F79A64CF</string>
				<string>81489B2F1CD56812113CE1E2</string>
				<string>78B8B1C0B3E844113C04200D</string>
				<string>5716207618518CC5E080233B</string>
				<string>C9FBB2EC3954D16F0B3EB9FD</string>
				<string>B0A0A22FAFF31852E3E5D316</string>
				<string>626A5A249D1797F6DB78251C</string>
				<string>29C47C20125200B5D131ED5A</string>
				<string>F7FAA45CB35C70285ABCF994</string>
				<string>3A71D9DED7B6F8E564704ACE</string>
				<string>261D5DAA5E947CBC4087312F</string>
				<string>5D9F48CE09A0F29C5B600FE7</string>
				<string>1C77C2146707345031820F06</string>
				<string>7094A89F9203730EB1A1486A</string>
				<string>1810C2A716B08354B8245AC9</string>
				<string>228DB815376B4E353F41E9A6</string>
				<string>BF05A1CCFFF94A02F4FEAE28</string>
				<string>EFD57DC0BC52B7121799C2FD</string>
				<string>4CAB75C1EC8CAB7AD070DE5A</string>
				<string>9F98D2745CAB2046D0034047</string>
				<string>638BBA8BCAA42E5E79E4232A</string>
				<string>617BD788074BBE58FA489146</string>
				<string>0F8913C31B974C9C783523D0</string>
				<string>6ADCDB6CED79087A6A6C4862</string>
				<string>086946575F103711FFA61B4E</string>
				<string>6B0BFEF6FCD154975AA20031</string>
				<string>D7FF77427FEC316B8BD259A5</string>
				<string>FEF56A3D14EB7308526F79F4</string>
				<string>C8DFBDA1A0D35D9B50B97142</string>
				<string>33CBAB7704920BBC0589B4E2</string>
			</array>
			<key>isa</key>
			<string>PBXSourcesBuildPhase</string>
			<key>runOnlyForDeploymentPostprocessing</key>
			<string>0</string>
		</dict>
		<key>0B6093BB1E68BCDD00C80262</key>
		<dict>
			<key>buildActionMask</key>
			<string>2147483647</string>
			<key>files</key>
			<array/>
			<key>isa</key>
			<string>PBXFrameworksBuildPhase</string>
			<key>runOnlyForDeploymentPostprocessing</key>
			<string>0</string>
		</dict>
		<key>0B6093BC1E68BCDD00C80262</key>
		<dict>
			<key>buildActionMask</key>
			<string>2147483647</string>
			<key>files</key>
			<array>
				<string>60BE2AFF064813445BA2A3C9</string>
				<string>CEAD23BC9AC7DD126BB4E96C</string>
				<string>B638387D61902784FAF8CECC</string>
				<string>3350E836ACB24873138B4591</string>
				<string>2005885BF7146FF9E315A141</string>
				<string>0C633FAE73DA4161AE1D1826</string>
			</array>
			<key>isa</key>
			<string>PBXResourcesBuildPhase</string>
			<key>runOnlyForDeploymentPostprocessing</key>
			<string>0</string>
		</dict>
		<key>0B6093BD1E68BCDD00C80262</key>
		<dict>
			<key>buildConfigurationList</key>
			<string>0B6093D11E68BCDD00C80262</string>
			<key>buildPhases</key>
			<array>
				<string>0B6093BA1E68BCDD00C80262</string>
				<string>0B6093BB1E68BCDD00C80262</string>
				<string>0B6093BC1E68BCDD00C80262</string>
			</array>
			<key>buildRules</key>
			<array/>
			<key>dependencies</key>
			<array/>
			<key>isa</key>
			<string>PBXNativeTarget</string>
			<key>name</key>
			<string>Spacebook</string>
			<key>productName</key>
			<string>Production</string>
			<key>productReference</key>
			<string>0B6093BE1E68BCDD00C80262</string>
			<key>productType</key>
			<string>com.apple.product-type.application</string>
		</dict>
		<key>0B6093BE1E68BCDD00C80262</key>
		<dict>
			<key>explicitFileType</key>
			<string>wrapper.application</string>
			<key>includeInIndex</key>
			<string>0</string>
			<key>isa</key>
			<string>PBXFileReference</string>
			<key>path</key>
			<string>Production.app</string>
			<key>sourceTree</key>
			<string>BUILT_PRODUCTS_DIR</string>
		</dict>
		<key>0B6093CF1E68BCDD00C80262</key>
		<dict>
			<key>buildSettings</key>
			<dict>
				<key>ASSETCATALOG_COMPILER_APPICON_NAME</key>
				<string>AppIcon</string>
				<key>ASSETCATALOG_COMPILER_LAUNCHIMAGE_NAME</key>
				<string>LaunchImage</string>
				<key>INFOPLIST_FILE</key>
				<string>$(SRCROOT)/Spacebook/Supporting Files/Info.plist</string>
				<key>LD_RUNPATH_SEARCH_PATHS</key>
				<string>$(inherited) @executable_path/Frameworks</string>
				<key>PRODUCT_BUNDLE_IDENTIFIER</key>
				<string>com.supernova.project.Production</string>
				<key>PRODUCT_NAME</key>
				<string>$(TARGET_NAME)</string>
				<key>SWIFT_VERSION</key>
				<string>4.2</string>
				<key>TARGETED_DEVICE_FAMILY</key>
				<string>1,2</string>
			</dict>
			<key>isa</key>
			<string>XCBuildConfiguration</string>
			<key>name</key>
			<string>Debug</string>
		</dict>
		<key>0B6093D01E68BCDD00C80262</key>
		<dict>
			<key>buildSettings</key>
			<dict>
				<key>ASSETCATALOG_COMPILER_APPICON_NAME</key>
				<string>AppIcon</string>
				<key>ASSETCATALOG_COMPILER_LAUNCHIMAGE_NAME</key>
				<string>Brand Assets</string>
				<key>INFOPLIST_FILE</key>
				<string>$(SRCROOT)/Spacebook/Supporting Files/Info.plist</string>
				<key>LD_RUNPATH_SEARCH_PATHS</key>
				<string>$(inherited) @executable_path/Frameworks</string>
				<key>PRODUCT_BUNDLE_IDENTIFIER</key>
				<string>com.supernova.project.Production</string>
				<key>PRODUCT_NAME</key>
				<string>$(TARGET_NAME)</string>
				<key>SWIFT_VERSION</key>
				<string>4.2</string>
				<key>TARGETED_DEVICE_FAMILY</key>
				<string>1,2</string>
			</dict>
			<key>isa</key>
			<string>XCBuildConfiguration</string>
			<key>name</key>
			<string>Release</string>
		</dict>
		<key>0B6093D11E68BCDD00C80262</key>
		<dict>
			<key>buildConfigurations</key>
			<array>
				<string>0B6093CF1E68BCDD00C80262</string>
				<string>0B6093D01E68BCDD00C80262</string>
			</array>
			<key>defaultConfigurationIsVisible</key>
			<string>0</string>
			<key>defaultConfigurationName</key>
			<string>Release</string>
			<key>isa</key>
			<string>XCConfigurationList</string>
		</dict>
		<key>0C633FAE73DA4161AE1D1826</key>
		<dict>
			<key>fileRef</key>
			<string>C0F5885C8B4EB656963A58CE</string>
			<key>isa</key>
			<string>PBXBuildFile</string>
		</dict>
		<key>0D267DDAAEDE4F08B4EA3054</key>
		<dict>
			<key>fileEncoding</key>
			<string>4</string>
			<key>isa</key>
			<string>PBXFileReference</string>
			<key>lastKnownFileType</key>
			<string>file.xib</string>
			<key>path</key>
			<string>MessageTwoTableViewCell.xib</string>
			<key>sourceTree</key>
			<string>&lt;group&gt;</string>
		</dict>
		<key>0F7845C587A4AD84AD0480B4</key>
		<dict>
			<key>fileEncoding</key>
			<string>4</string>
			<key>isa</key>
			<string>PBXFileReference</string>
			<key>lastKnownFileType</key>
			<string>sourcecode.swift</string>
			<key>path</key>
			<string>UINavigationController+Utility.swift</string>
			<key>sourceTree</key>
			<string>&lt;group&gt;</string>
		</dict>
		<key>0F8913C31B974C9C783523D0</key>
		<dict>
			<key>fileRef</key>
			<string>30FC27746D4E1F11686C6FF8</string>
			<key>isa</key>
			<string>PBXBuildFile</string>
		</dict>
		<key>1196B44C054A96AA32887DA4</key>
		<dict>
			<key>fileEncoding</key>
			<string>4</string>
			<key>isa</key>
			<string>PBXFileReference</string>
			<key>lastKnownFileType</key>
			<string>file.xib</string>
			<key>path</key>
			<string>MessageFiveTableViewCell.xib</string>
			<key>sourceTree</key>
			<string>&lt;group&gt;</string>
		</dict>
		<key>15A3C8287FAC7C30F79A64CF</key>
		<dict>
			<key>fileRef</key>
			<string>5BA7411FAE4C2C14D3F06881</string>
			<key>isa</key>
			<string>PBXBuildFile</string>
		</dict>
		<key>1810C2A716B08354B8245AC9</key>
		<dict>
			<key>fileRef</key>
			<string>55010EFCF282724CDFD9CBB1</string>
			<key>isa</key>
			<string>PBXBuildFile</string>
		</dict>
		<key>188F4B02CBFA730E9C1A7530</key>
		<dict>
			<key>fileRef</key>
			<string>8AADC0AF17251A0DC21A1A23</string>
			<key>isa</key>
			<string>PBXBuildFile</string>
		</dict>
		<key>1B39D4DF210E48017651F895</key>
		<dict>
			<key>fileRef</key>
			<string>8C3CFDC8114E1685523159A4</string>
			<key>isa</key>
			<string>PBXBuildFile</string>
		</dict>
		<key>1C77C2146707345031820F06</key>
		<dict>
			<key>fileRef</key>
			<string>40D9C080F8291484D6F89955</string>
			<key>isa</key>
			<string>PBXBuildFile</string>
		</dict>
		<key>1EED2CEFE147B17A7D578258</key>
		<dict>
			<key>fileEncoding</key>
			<string>4</string>
			<key>isa</key>
			<string>PBXFileReference</string>
			<key>lastKnownFileType</key>
			<string>sourcecode.swift</string>
			<key>path</key>
			<string>ViewTwoCollectionViewCell.swift</string>
			<key>sourceTree</key>
			<string>&lt;group&gt;</string>
		</dict>
		<key>1F2D675097857CA6B06F4656</key>
		<dict>
			<key>fileEncoding</key>
			<string>4</string>
			<key>isa</key>
			<string>PBXFileReference</string>
			<key>lastKnownFileType</key>
			<string>file.xib</string>
			<key>path</key>
			<string>ViewSixCollectionViewCell.xib</string>
			<key>sourceTree</key>
			<string>&lt;group&gt;</string>
		</dict>
		<key>1FF88E9ED9ACFBB0C5BBC5F0</key>
		<dict>
			<key>fileEncoding</key>
			<string>4</string>
			<key>isa</key>
			<string>PBXFileReference</string>
			<key>lastKnownFileType</key>
			<string>file.xib</string>
			<key>path</key>
			<string>AdvertisementTableViewCell.xib</string>
			<key>sourceTree</key>
			<string>&lt;group&gt;</string>
		</dict>
		<key>2005885BF7146FF9E315A141</key>
		<dict>
			<key>fileRef</key>
			<string>CAA9EF16B8E5ECA850541171</string>
			<key>isa</key>
			<string>PBXBuildFile</string>
		</dict>
		<key>20435026AC18D337E5A1394D</key>
		<dict>
			<key>fileRef</key>
			<string>E7BAFFDE80063FA76B8147E5</string>
			<key>isa</key>
			<string>PBXBuildFile</string>
		</dict>
		<key>20F159F4B465513C3B854B1A</key>
		<dict>
			<key>children</key>
			<array>
				<string>D43C38F2D37AB1DF245A5496</string>
			</array>
			<key>isa</key>
			<string>PBXGroup</string>
			<key>path</key>
			<string>Event detail</string>
			<key>sourceTree</key>
			<string>&lt;group&gt;</string>
		</dict>
		<key>2194BE8FA24DC6CA6E2B280B</key>
		<dict>
			<key>fileEncoding</key>
			<string>4</string>
			<key>isa</key>
			<string>PBXFileReference</string>
			<key>lastKnownFileType</key>
			<string>file.xib</string>
			<key>path</key>
			<string>MessageTableViewCell.xib</string>
			<key>sourceTree</key>
			<string>&lt;group&gt;</string>
		</dict>
		<key>2249CF66243661F5E117395B</key>
		<dict>
			<key>fileRef</key>
			<string>EAA865ACA5F4DA969DE7954C</string>
			<key>isa</key>
			<string>PBXBuildFile</string>
		</dict>
		<key>228DB815376B4E353F41E9A6</key>
		<dict>
			<key>fileRef</key>
			<string>D158D9259ECE8D351C414BC6</string>
			<key>isa</key>
			<string>PBXBuildFile</string>
		</dict>
		<key>22E59B8334570F64642B714A</key>
		<dict>
			<key>fileEncoding</key>
			<string>4</string>
			<key>isa</key>
			<string>PBXFileReference</string>
			<key>lastKnownFileType</key>
			<string>file.xib</string>
			<key>path</key>
			<string>MessageSixTableViewCell.xib</string>
			<key>sourceTree</key>
			<string>&lt;group&gt;</string>
		</dict>
		<key>25EF3778F3AFD4A3E7B54205</key>
		<dict>
			<key>children</key>
			<array>
				<string>44B2258503F9E7633562105E</string>
			</array>
			<key>isa</key>
			<string>PBXGroup</string>
			<key>path</key>
			<string>Supporting Files</string>
			<key>sourceTree</key>
			<string>&lt;group&gt;</string>
		</dict>
		<key>261D5DAA5E947CBC4087312F</key>
		<dict>
			<key>fileRef</key>
			<string>EBA81FF5209AA1F52AD8593A</string>
			<key>isa</key>
			<string>PBXBuildFile</string>
		</dict>
		<key>2694ED3AA5C3BDEBD9370FC2</key>
		<dict>
			<key>fileEncoding</key>
			<string>4</string>
			<key>isa</key>
			<string>PBXFileReference</string>
			<key>lastKnownFileType</key>
			<string>sourcecode.swift</string>
			<key>path</key>
			<string>EventTableViewCell.swift</string>
			<key>sourceTree</key>
			<string>&lt;group&gt;</string>
		</dict>
		<key>2694F4202AB10153AAC4EC89</key>
		<dict>
			<key>fileRef</key>
			<string>8565B38AC191453D6326CD65</string>
			<key>isa</key>
			<string>PBXBuildFile</string>
		</dict>
		<key>27E68C92528B889B541D83A9</key>
		<dict>
			<key>fileRef</key>
			<string>8E2EC3435159B1E641025636</string>
			<key>isa</key>
			<string>PBXBuildFile</string>
		</dict>
		<key>2898DAEAE8957F34406E46D0</key>
		<dict>
			<key>fileEncoding</key>
			<string>4</string>
			<key>isa</key>
			<string>PBXFileReference</string>
			<key>lastKnownFileType</key>
			<string>sourcecode.swift</string>
			<key>path</key>
			<string>MessageThreeTableViewCell.swift</string>
			<key>sourceTree</key>
			<string>&lt;group&gt;</string>
		</dict>
		<key>29C47C20125200B5D131ED5A</key>
		<dict>
			<key>fileRef</key>
			<string>38208FDD23A4FF208866B01C</string>
			<key>isa</key>
			<string>PBXBuildFile</string>
		</dict>
		<key>2A2961B23C36DF1B7192E775</key>
		<dict>
			<key>fileRef</key>
			<string>AB2CBAA812ECB81E07C2E19D</string>
			<key>isa</key>
			<string>PBXBuildFile</string>
		</dict>
		<key>2AAEE6D3A7E405CA5CFC2B09</key>
		<dict>
			<key>fileEncoding</key>
			<string>4</string>
			<key>isa</key>
			<string>PBXFileReference</string>
			<key>lastKnownFileType</key>
			<string>sourcecode.swift</string>
			<key>path</key>
			<string>AdvertisementTableViewCell.swift</string>
			<key>sourceTree</key>
			<string>&lt;group&gt;</string>
		</dict>
		<key>2ABC5C42AC8F00826437BF58</key>
		<dict>
			<key>children</key>
			<array>
				<string>C743831E2F6D82B5B983B98E</string>
				<string>5F0E07A3E73C4E9732E213BF</string>
				<string>2EA6F6503D811F4578388D9F</string>
				<string>49B7453AD7142F3CC4183613</string>
			</array>
			<key>isa</key>
			<string>PBXGroup</string>
			<key>path</key>
			<string>Resources</string>
			<key>sourceTree</key>
			<string>&lt;group&gt;</string>
		</dict>
		<key>2E119A5CB916123CFE7D5466</key>
		<dict>
			<key>fileEncoding</key>
			<string>4</string>
			<key>isa</key>
			<string>PBXFileReference</string>
			<key>lastKnownFileType</key>
			<string>sourcecode.swift</string>
			<key>path</key>
			<string>ViewSevenCollectionViewCell.swift</string>
			<key>sourceTree</key>
			<string>&lt;group&gt;</string>
		</dict>
		<key>2EA6F6503D811F4578388D9F</key>
		<dict>
			<key>children</key>
			<array>
				<string>6AA771FBD29DB2D37C1A6105</string>
				<string>8E2EC3435159B1E641025636</string>
				<string>F48E3505DE165B804F32AAB8</string>
				<string>DA10A41D34ED75F6C60B77A1</string>
				<string>F99D7C6630FAF70A2451686A</string>
				<string>0137DE928EF59DECECB2068B</string>
				<string>813B673C7EB7166E61E75B41</string>
				<string>40D9C080F8291484D6F89955</string>
				<string>1FF88E9ED9ACFBB0C5BBC5F0</string>
				<string>04726F13711A5801CD315ED8</string>
				<string>8CB2D02688915532484163EB</string>
				<string>92FF80DADD7C05FA610EDD85</string>
				<string>422927EA4FC225AACF33BFA8</string>
				<string>55010EFCF282724CDFD9CBB1</string>
				<string>5EFAAE8672959A6D2CAC2595</string>
				<string>87A550CBBE1266A9CD56BF78</string>
				<string>3773482B194E79B5EDDD706D</string>
				<string>DE58CD9CD4DA02202483B139</string>
				<string>1F2D675097857CA6B06F4656</string>
				<string>30FC27746D4E1F11686C6FF8</string>
				<string>9DD6DB78ED2DEDFA6639A003</string>
				<string>D22B0CDA33C95CEB853112C2</string>
				<string>97214B9DCAE8CAAE33619D3B</string>
				<string>698AABB99C585FFD62EDE1EF</string>
				<string>6FDF3F6460502B978FE60BF2</string>
				<string>EAA865ACA5F4DA969DE7954C</string>
				<string>2194BE8FA24DC6CA6E2B280B</string>
				<string>0D267DDAAEDE4F08B4EA3054</string>
				<string>855D9B38A7747FE0140DCC8C</string>
				<string>4A7534D1C5CC2D121E1B09F1</string>
				<string>1196B44C054A96AA32887DA4</string>
				<string>22E59B8334570F64642B714A</string>
				<string>34FDBD52B25F719050E38BDB</string>
			</array>
			<key>isa</key>
			<string>PBXGroup</string>
			<key>path</key>
			<string>Interface</string>
			<key>sourceTree</key>
			<string>&lt;group&gt;</string>
		</dict>
		<key>2F02D7E76EEB4671D85DBA31</key>
		<dict>
			<key>fileRef</key>
			<string>813B673C7EB7166E61E75B41</string>
			<key>isa</key>
			<string>PBXBuildFile</string>
		</dict>
		<key>30D68DEC3AB039022B6DE668</key>
		<dict>
			<key>fileRef</key>
			<string>71FDA4EE34EF3D4A685DF9B5</string>
			<key>isa</key>
			<string>PBXBuildFile</string>
		</dict>
		<key>30E3AFF937E1BFA28D4FD2AC</key>
		<dict>
			<key>fileRef</key>
			<string>50DDD8C46346DF60EA97D0B0</string>
			<key>isa</key>
			<string>PBXBuildFile</string>
		</dict>
		<key>30FC27746D4E1F11686C6FF8</key>
		<dict>
			<key>fileEncoding</key>
			<string>4</string>
			<key>isa</key>
			<string>PBXFileReference</string>
			<key>lastKnownFileType</key>
			<string>file.xib</string>
			<key>path</key>
			<string>ViewSevenCollectionViewCell.xib</string>
			<key>sourceTree</key>
			<string>&lt;group&gt;</string>
		</dict>
		<key>311E23B8F49F5699CAC9A34D</key>
		<dict>
			<key>fileRef</key>
			<string>46A643D31077D3AF86FF9924</string>
			<key>isa</key>
			<string>PBXBuildFile</string>
		</dict>
		<key>320902137043BAA36EA2436C</key>
		<dict>
			<key>fileEncoding</key>
			<string>4</string>
			<key>isa</key>
			<string>PBXFileReference</string>
			<key>lastKnownFileType</key>
			<string>sourcecode.swift</string>
			<key>path</key>
			<string>MessageFiveTableViewCell.swift</string>
			<key>sourceTree</key>
			<string>&lt;group&gt;</string>
		</dict>
		<key>3350E836ACB24873138B4591</key>
		<dict>
			<key>fileRef</key>
			<string>E85A710C66DE3F531BB5F90D</string>
			<key>isa</key>
			<string>PBXBuildFile</string>
		</dict>
		<key>33CBAB7704920BBC0589B4E2</key>
		<dict>
			<key>fileRef</key>
			<string>0137DE928EF59DECECB2068B</string>
			<key>isa</key>
			<string>PBXBuildFile</string>
		</dict>
		<key>34FDBD52B25F719050E38BDB</key>
		<dict>
			<key>fileEncoding</key>
			<string>4</string>
			<key>isa</key>
			<string>PBXFileReference</string>
			<key>lastKnownFileType</key>
			<string>file.xib</string>
			<key>path</key>
			<string>EventDetailViewController.xib</string>
			<key>sourceTree</key>
			<string>&lt;group&gt;</string>
		</dict>
		<key>36B7E8C9AA7814A9C0223368</key>
		<dict>
			<key>fileEncoding</key>
			<string>4</string>
			<key>isa</key>
			<string>PBXFileReference</string>
			<key>lastKnownFileType</key>
			<string>sourcecode.swift</string>
			<key>path</key>
			<string>ProfileSettingsViewController.swift</string>
			<key>sourceTree</key>
			<string>&lt;group&gt;</string>
		</dict>
		<key>3705AF0C6478FB605E48C06F</key>
		<dict>
			<key>children</key>
			<array>
				<string>8BC05EBD4383735D212B8FEA</string>
				<string>4BBB57E8A5268F14E6BB95BB</string>
				<string>AB2CBAA812ECB81E07C2E19D</string>
				<string>F77B06CD7C8B986D77DFC88C</string>
				<string>EBA81FF5209AA1F52AD8593A</string>
				<string>50DDD8C46346DF60EA97D0B0</string>
				<string>0F7845C587A4AD84AD0480B4</string>
				<string>0335FFEDD9AA4C1B62D7E70C</string>
				<string>C41C83472A37024C1FFAB215</string>
			</array>
			<key>isa</key>
			<string>PBXGroup</string>
			<key>path</key>
			<string>Extensions</string>
			<key>sourceTree</key>
			<string>&lt;group&gt;</string>
		</dict>
		<key>373AB73D852E171676DC23DD</key>
		<dict>
			<key>fileRef</key>
			<string>8BC05EBD4383735D212B8FEA</string>
			<key>isa</key>
			<string>PBXBuildFile</string>
		</dict>
		<key>3773482B194E79B5EDDD706D</key>
		<dict>
			<key>fileEncoding</key>
			<string>4</string>
			<key>isa</key>
			<string>PBXFileReference</string>
			<key>lastKnownFileType</key>
			<string>file.xib</string>
			<key>path</key>
			<string>ViewFiveCollectionViewCell.xib</string>
			<key>sourceTree</key>
			<string>&lt;group&gt;</string>
		</dict>
		<key>37F938CFC269BDB0EF30CF08</key>
		<dict>
			<key>fileRef</key>
			<string>DE58CD9CD4DA02202483B139</string>
			<key>isa</key>
			<string>PBXBuildFile</string>
		</dict>
		<key>38208FDD23A4FF208866B01C</key>
		<dict>
			<key>fileEncoding</key>
			<string>4</string>
			<key>isa</key>
			<string>PBXFileReference</string>
			<key>lastKnownFileType</key>
			<string>sourcecode.swift</string>
			<key>path</key>
			<string>TitleCollectionViewCell.swift</string>
			<key>sourceTree</key>
			<string>&lt;group&gt;</string>
		</dict>
		<key>38B9D4501C84FC918A77D489</key>
		<dict>
			<key>fileRef</key>
			<string>EB64617EE6BE25420476D181</string>
			<key>isa</key>
			<string>PBXBuildFile</string>
		</dict>
		<key>39A66D362F02452401EEF78E</key>
		<dict>
			<key>children</key>
			<array>
				<string>AFF87C0786E2C87FC0D3EA3A</string>
				<string>46A643D31077D3AF86FF9924</string>
				<string>E7BAFFDE80063FA76B8147E5</string>
				<string>8565B38AC191453D6326CD65</string>
				<string>F6383C07AD88BC1BEC6304FD</string>
				<string>8281D5BF1341D2D65D81BCB5</string>
				<string>2898DAEAE8957F34406E46D0</string>
				<string>A678037A67232ECD2EC9CA50</string>
				<string>320902137043BAA36EA2436C</string>
				<string>D7B7AF4FA8FE3D80F9D05523</string>
			</array>
			<key>isa</key>
			<string>PBXGroup</string>
			<key>path</key>
			<string>Messages</string>
			<key>sourceTree</key>
			<string>&lt;group&gt;</string>
		</dict>
		<key>3A71D9DED7B6F8E564704ACE</key>
		<dict>
			<key>fileRef</key>
			<string>6FDF3F6460502B978FE60BF2</string>
			<key>isa</key>
			<string>PBXBuildFile</string>
		</dict>
		<key>40D9C080F8291484D6F89955</key>
		<dict>
			<key>fileEncoding</key>
			<string>4</string>
			<key>isa</key>
			<string>PBXFileReference</string>
			<key>lastKnownFileType</key>
			<string>file.xib</string>
			<key>path</key>
			<string>EventTableViewCell.xib</string>
			<key>sourceTree</key>
			<string>&lt;group&gt;</string>
		</dict>
		<key>422927EA4FC225AACF33BFA8</key>
		<dict>
			<key>fileEncoding</key>
			<string>4</string>
			<key>isa</key>
			<string>PBXFileReference</string>
			<key>lastKnownFileType</key>
			<string>file.xib</string>
			<key>path</key>
			<string>ViewThreeCollectionViewCell.xib</string>
			<key>sourceTree</key>
			<string>&lt;group&gt;</string>
		</dict>
		<key>44B2258503F9E7633562105E</key>
		<dict>
			<key>fileEncoding</key>
			<string>4</string>
			<key>isa</key>
			<string>PBXFileReference</string>
			<key>lastKnownFileType</key>
			<string>text.plist.strings</string>
			<key>path</key>
			<string>Info.plist</string>
			<key>sourceTree</key>
			<string>&lt;group&gt;</string>
		</dict>
		<key>453A2C5E3755277A7484855A</key>
		<dict>
			<key>fileRef</key>
			<string>2694ED3AA5C3BDEBD9370FC2</string>
			<key>isa</key>
			<string>PBXBuildFile</string>
		</dict>
		<key>460A02F19AB6DC660A5A40A9</key>
		<dict>
			<key>fileEncoding</key>
			<string>4</string>
			<key>isa</key>
			<string>PBXFileReference</string>
			<key>lastKnownFileType</key>
			<string>sourcecode.swift</string>
			<key>path</key>
			<string>ViewFourCollectionViewCell.swift</string>
			<key>sourceTree</key>
			<string>&lt;group&gt;</string>
		</dict>
		<key>46A643D31077D3AF86FF9924</key>
		<dict>
			<key>fileEncoding</key>
			<string>4</string>
			<key>isa</key>
			<string>PBXFileReference</string>
			<key>lastKnownFileType</key>
			<string>sourcecode.swift</string>
			<key>path</key>
			<string>OnlinePersonCollectionViewCell.swift</string>
			<key>sourceTree</key>
			<string>&lt;group&gt;</string>
		</dict>
		<key>49B7453AD7142F3CC4183613</key>
		<dict>
			<key>children</key>
			<array/>
			<key>isa</key>
			<string>PBXGroup</string>
			<key>path</key>
			<string>Localization</string>
			<key>sourceTree</key>
			<string>&lt;group&gt;</string>
		</dict>
		<key>4A7534D1C5CC2D121E1B09F1</key>
		<dict>
			<key>fileEncoding</key>
			<string>4</string>
			<key>isa</key>
			<string>PBXFileReference</string>
			<key>lastKnownFileType</key>
			<string>file.xib</string>
			<key>path</key>
			<string>MessageFourTableViewCell.xib</string>
			<key>sourceTree</key>
			<string>&lt;group&gt;</string>
		</dict>
		<key>4BBB57E8A5268F14E6BB95BB</key>
		<dict>
			<key>fileEncoding</key>
			<string>4</string>
			<key>isa</key>
			<string>PBXFileReference</string>
			<key>lastKnownFileType</key>
			<string>sourcecode.swift</string>
			<key>path</key>
			<string>SupernovaButton.swift</string>
			<key>sourceTree</key>
			<string>&lt;group&gt;</string>
		</dict>
		<key>4C2CFF7F59330369D2AA99FD</key>
		<dict>
			<key>fileRef</key>
			<string>F99D7C6630FAF70A2451686A</string>
			<key>isa</key>
			<string>PBXBuildFile</string>
		</dict>
		<key>4CAB75C1EC8CAB7AD070DE5A</key>
		<dict>
			<key>fileRef</key>
			<string>D22B0CDA33C95CEB853112C2</string>
			<key>isa</key>
			<string>PBXBuildFile</string>
		</dict>
		<key>4F9BF3E2D4C6C19E380F9ECE</key>
		<dict>
			<key>children</key>
			<array>
				<string>EB64617EE6BE25420476D181</string>
				<string>38208FDD23A4FF208866B01C</string>
				<string>460A02F19AB6DC660A5A40A9</string>
				<string>5A1E3A3961B9BC3CC9656A47</string>
				<string>8AADC0AF17251A0DC21A1A23</string>
				<string>B357E5DFA6855F556DB206A7</string>
				<string>2E119A5CB916123CFE7D5466</string>
				<string>8C3CFDC8114E1685523159A4</string>
			</array>
			<key>isa</key>
			<string>PBXGroup</string>
			<key>path</key>
			<string>Profile Photos</string>
			<key>sourceTree</key>
			<string>&lt;group&gt;</string>
		</dict>
		<key>50DDD8C46346DF60EA97D0B0</key>
		<dict>
			<key>fileEncoding</key>
			<string>4</string>
			<key>isa</key>
			<string>PBXFileReference</string>
			<key>lastKnownFileType</key>
			<string>sourcecode.swift</string>
			<key>path</key>
			<string>UILabel+Utility.swift</string>
			<key>sourceTree</key>
			<string>&lt;group&gt;</string>
		</dict>
		<key>55010EFCF282724CDFD9CBB1</key>
		<dict>
			<key>fileEncoding</key>
			<string>4</string>
			<key>isa</key>
			<string>PBXFileReference</string>
			<key>lastKnownFileType</key>
			<string>file.xib</string>
			<key>path</key>
			<string>ProfilePhotosViewController.xib</string>
			<key>sourceTree</key>
			<string>&lt;group&gt;</string>
		</dict>
		<key>55E9DD47FD61FF63F9504875</key>
		<dict>
			<key>children</key>
			<array>
				<string>94D424C1F7B76800A2ABF8AC</string>
				<string>2ABC5C42AC8F00826437BF58</string>
				<string>25EF3778F3AFD4A3E7B54205</string>
			</array>
			<key>isa</key>
			<string>PBXGroup</string>
			<key>path</key>
			<string>Spacebook</string>
			<key>sourceTree</key>
			<string>&lt;group&gt;</string>
		</dict>
		<key>5716207618518CC5E080233B</key>
		<dict>
			<key>fileRef</key>
			<string>EEFFD2537C68D9417B244202</string>
			<key>isa</key>
			<string>PBXBuildFile</string>
		</dict>
		<key>5A1E3A3961B9BC3CC9656A47</key>
		<dict>
			<key>fileEncoding</key>
			<string>4</string>
			<key>isa</key>
			<string>PBXFileReference</string>
			<key>lastKnownFileType</key>
			<string>sourcecode.swift</string>
			<key>path</key>
			<string>ViewFiveCollectionViewCell.swift</string>
			<key>sourceTree</key>
			<string>&lt;group&gt;</string>
		</dict>
		<key>5BA7411FAE4C2C14D3F06881</key>
		<dict>
			<key>fileEncoding</key>
			<string>4</string>
			<key>isa</key>
			<string>PBXFileReference</string>
			<key>lastKnownFileType</key>
			<string>sourcecode.swift</string>
			<key>path</key>
			<string>LifetimeEventTableViewCell.swift</string>
			<key>sourceTree</key>
			<string>&lt;group&gt;</string>
		</dict>
		<key>5D9F48CE09A0F29C5B600FE7</key>
		<dict>
			<key>fileRef</key>
			<string>DEB648FD63B3628E032BB28D</string>
			<key>isa</key>
			<string>PBXBuildFile</string>
		</dict>
		<key>5EFAAE8672959A6D2CAC2595</key>
		<dict>
			<key>fileEncoding</key>
			<string>4</string>
			<key>isa</key>
			<string>PBXFileReference</string>
			<key>lastKnownFileType</key>
			<string>file.xib</string>
			<key>path</key>
			<string>TitleCollectionViewCell.xib</string>
			<key>sourceTree</key>
			<string>&lt;group&gt;</string>
		</dict>
		<key>5F0E07A3E73C4E9732E213BF</key>
		<dict>
			<key>children</key>
			<array>
				<string>AC801B73A9E55271CE4EF9D4</string>
			</array>
			<key>isa</key>
			<string>PBXGroup</string>
			<key>path</key>
			<string>Images</string>
			<key>sourceTree</key>
			<string>&lt;group&gt;</string>
		</dict>
		<key>5F39513624CF7DCD12DAD857</key>
		<dict>
			<key>fileRef</key>
			<string>0335FFEDD9AA4C1B62D7E70C</string>
			<key>isa</key>
			<string>PBXBuildFile</string>
		</dict>
		<key>60BE2AFF064813445BA2A3C9</key>
		<dict>
			<key>fileRef</key>
			<string>D6F6C197C109F3CB8CB62ADF</string>
			<key>isa</key>
			<string>PBXBuildFile</string>
		</dict>
		<key>617BD788074BBE58FA489146</key>
		<dict>
			<key>fileRef</key>
			<string>1EED2CEFE147B17A7D578258</string>
			<key>isa</key>
			<string>PBXBuildFile</string>
		</dict>
		<key>626A5A249D1797F6DB78251C</key>
		<dict>
			<key>fileRef</key>
			<string>8CB2D02688915532484163EB</string>
			<key>isa</key>
			<string>PBXBuildFile</string>
		</dict>
		<key>6328C3C70584093479F69438</key>
		<dict>
			<key>fileEncoding</key>
			<string>4</string>
			<key>isa</key>
			<string>PBXFileReference</string>
			<key>lastKnownFileType</key>
			<string>sourcecode.swift</string>
			<key>path</key>
			<string>ViewCollectionViewCell.swift</string>
			<key>sourceTree</key>
			<string>&lt;group&gt;</string>
		</dict>
		<key>638BBA8BCAA42E5E79E4232A</key>
		<dict>
			<key>fileRef</key>
			<string>93FFFD0498452CB3DCDFC35F</string>
			<key>isa</key>
			<string>PBXBuildFile</string>
		</dict>
		<key>64F39D800B54D85D365B5128</key>
		<dict>
			<key>fileRef</key>
			<string>4A7534D1C5CC2D121E1B09F1</string>
			<key>isa</key>
			<string>PBXBuildFile</string>
		</dict>
		<key>698AABB99C585FFD62EDE1EF</key>
		<dict>
			<key>fileEncoding</key>
			<string>4</string>
			<key>isa</key>
			<string>PBXFileReference</string>
			<key>lastKnownFileType</key>
			<string>file.xib</string>
			<key>path</key>
			<string>OnlinePersonCollectionViewCell.xib</string>
			<key>sourceTree</key>
			<string>&lt;group&gt;</string>
		</dict>
		<key>6AA771FBD29DB2D37C1A6105</key>
		<dict>
			<key>fileEncoding</key>
			<string>4</string>
			<key>isa</key>
			<string>PBXFileReference</string>
			<key>lastKnownFileType</key>
			<string>file.xib</string>
			<key>path</key>
			<string>WelcomeViewController.xib</string>
			<key>sourceTree</key>
			<string>&lt;group&gt;</string>
		</dict>
		<key>6ADCDB6CED79087A6A6C4862</key>
		<dict>
			<key>fileRef</key>
			<string>0F7845C587A4AD84AD0480B4</string>
			<key>isa</key>
			<string>PBXBuildFile</string>
		</dict>
		<key>6B0BFEF6FCD154975AA20031</key>
		<dict>
			<key>fileRef</key>
			<string>5A1E3A3961B9BC3CC9656A47</string>
			<key>isa</key>
			<string>PBXBuildFile</string>
		</dict>
		<key>6C6C3B27AEE6C23831A3DF0E</key>
		<dict>
			<key>fileEncoding</key>
			<string>4</string>
			<key>isa</key>
			<string>PBXFileReference</string>
			<key>lastKnownFileType</key>
			<string>sourcecode.swift</string>
			<key>path</key>
			<string>AppDelegate.swift</string>
			<key>sourceTree</key>
			<string>&lt;group&gt;</string>
		</dict>
		<key>6ED01DB43112B1366602B7EC</key>
		<dict>
			<key>children</key>
			<array>
				<string>36B7E8C9AA7814A9C0223368</string>
			</array>
			<key>isa</key>
			<string>PBXGroup</string>
			<key>path</key>
			<string>Profile Settings</string>
			<key>sourceTree</key>
			<string>&lt;group&gt;</string>
		</dict>
		<key>6FDF3F6460502B978FE60BF2</key>
		<dict>
			<key>fileEncoding</key>
			<string>4</string>
			<key>isa</key>
			<string>PBXFileReference</string>
			<key>lastKnownFileType</key>
			<string>file.xib</string>
			<key>path</key>
			<string>OnlinePersonTwoCollectionViewCell.xib</string>
			<key>sourceTree</key>
			<string>&lt;group&gt;</string>
		</dict>
		<key>7094A89F9203730EB1A1486A</key>
		<dict>
			<key>fileRef</key>
			<string>3773482B194E79B5EDDD706D</string>
			<key>isa</key>
			<string>PBXBuildFile</string>
		</dict>
		<key>71FDA4EE34EF3D4A685DF9B5</key>
		<dict>
			<key>fileEncoding</key>
			<string>4</string>
			<key>isa</key>
			<string>PBXFileReference</string>
			<key>lastKnownFileType</key>
			<string>sourcecode.swift</string>
			<key>path</key>
			<string>TabBarController.swift</string>
			<key>sourceTree</key>
			<string>&lt;group&gt;</string>
		</dict>
		<key>78B8B1C0B3E844113C04200D</key>
		<dict>
			<key>fileRef</key>
			<string>D43C38F2D37AB1DF245A5496</string>
			<key>isa</key>
			<string>PBXBuildFile</string>
		</dict>
		<key>7A69003BA16C0F22CD506884</key>
		<dict>
			<key>children</key>
			<array>
				<string>8AD1B239EF86CCBDC7F5C077</string>
			</array>
			<key>isa</key>
			<string>PBXGroup</string>
			<key>path</key>
			<string>Login</string>
			<key>sourceTree</key>
			<string>&lt;group&gt;</string>
		</dict>
		<key>813B673C7EB7166E61E75B41</key>
		<dict>
			<key>fileEncoding</key>
			<string>4</string>
			<key>isa</key>
			<string>PBXFileReference</string>
			<key>lastKnownFileType</key>
			<string>file.xib</string>
			<key>path</key>
			<string>NewsTwoTableViewCell.xib</string>
			<key>sourceTree</key>
			<string>&lt;group&gt;</string>
		</dict>
		<key>81489B2F1CD56812113CE1E2</key>
		<dict>
			<key>fileRef</key>
			<string>A678037A67232ECD2EC9CA50</string>
			<key>isa</key>
			<string>PBXBuildFile</string>
		</dict>
		<key>81A2D8FA5EFBD25A7C0214EE</key>
		<dict>
			<key>fileRef</key>
			<string>04726F13711A5801CD315ED8</string>
			<key>isa</key>
			<string>PBXBuildFile</string>
		</dict>
		<key>8281D5BF1341D2D65D81BCB5</key>
		<dict>
			<key>fileEncoding</key>
			<string>4</string>
			<key>isa</key>
			<string>PBXFileReference</string>
			<key>lastKnownFileType</key>
			<string>sourcecode.swift</string>
			<key>path</key>
			<string>MessageTwoTableViewCell.swift</string>
			<key>sourceTree</key>
			<string>&lt;group&gt;</string>
		</dict>
		<key>84F7892E7EA1B67219663459</key>
		<dict>
			<key>fileRef</key>
			<string>C41C83472A37024C1FFAB215</string>
			<key>isa</key>
			<string>PBXBuildFile</string>
		</dict>
		<key>855D9B38A7747FE0140DCC8C</key>
		<dict>
			<key>fileEncoding</key>
			<string>4</string>
			<key>isa</key>
			<string>PBXFileReference</string>
			<key>lastKnownFileType</key>
			<string>file.xib</string>
			<key>path</key>
			<string>MessageThreeTableViewCell.xib</string>
			<key>sourceTree</key>
			<string>&lt;group&gt;</string>
		</dict>
		<key>8565B38AC191453D6326CD65</key>
		<dict>
			<key>fileEncoding</key>
			<string>4</string>
			<key>isa</key>
			<string>PBXFileReference</string>
			<key>lastKnownFileType</key>
			<string>sourcecode.swift</string>
			<key>path</key>
			<string>OnlinePersonThreeCollectionViewCell.swift</string>
			<key>sourceTree</key>
			<string>&lt;group&gt;</string>
		</dict>
		<key>873CC33B70499C68E1DE9C8D</key>
		<dict>
			<key>fileRef</key>
			<string>9DD6DB78ED2DEDFA6639A003</string>
			<key>isa</key>
			<string>PBXBuildFile</string>
		</dict>
		<key>87A550CBBE1266A9CD56BF78</key>
		<dict>
			<key>fileEncoding</key>
			<string>4</string>
			<key>isa</key>
			<string>PBXFileReference</string>
			<key>lastKnownFileType</key>
			<string>file.xib</string>
			<key>path</key>
			<string>ViewFourCollectionViewCell.xib</string>
			<key>sourceTree</key>
			<string>&lt;group&gt;</string>
		</dict>
		<key>8852A296740975C8A23CF8E5</key>
		<dict>
			<key>fileRef</key>
			<string>320902137043BAA36EA2436C</string>
			<key>isa</key>
			<string>PBXBuildFile</string>
		</dict>
		<key>8A4EB53EE55B4CF5296B9CD8</key>
		<dict>
			<key>children</key>
			<array>
				<string>BF04C82932AB64DC3997B2D3</string>
				<string>99CFCADE257E6AA6031A68DE</string>
				<string>7A69003BA16C0F22CD506884</string>
				<string>DC4D4EE7D53B13FF9C125A2A</string>
				<string>DEBD4948444D0F8C5224BAE9</string>
				<string>E3B977CE1A3EFB952B708E48</string>
				<string>4F9BF3E2D4C6C19E380F9ECE</string>
				<string>6ED01DB43112B1366602B7EC</string>
				<string>39A66D362F02452401EEF78E</string>
				<string>20F159F4B465513C3B854B1A</string>
			</array>
			<key>isa</key>
			<string>PBXGroup</string>
			<key>path</key>
			<string>Controllers</string>
			<key>sourceTree</key>
			<string>&lt;group&gt;</string>
		</dict>
		<key>8AADC0AF17251A0DC21A1A23</key>
		<dict>
			<key>fileEncoding</key>
			<string>4</string>
			<key>isa</key>
			<string>PBXFileReference</string>
			<key>lastKnownFileType</key>
			<string>sourcecode.swift</string>
			<key>path</key>
			<string>TitleTwoCollectionViewCell.swift</string>
			<key>sourceTree</key>
			<string>&lt;group&gt;</string>
		</dict>
		<key>8AD1B239EF86CCBDC7F5C077</key>
		<dict>
			<key>fileEncoding</key>
			<string>4</string>
			<key>isa</key>
			<string>PBXFileReference</string>
			<key>lastKnownFileType</key>
			<string>sourcecode.swift</string>
			<key>path</key>
			<string>LoginViewController.swift</string>
			<key>sourceTree</key>
			<string>&lt;group&gt;</string>
		</dict>
		<key>8BC05EBD4383735D212B8FEA</key>
		<dict>
			<key>fileEncoding</key>
			<string>4</string>
			<key>isa</key>
			<string>PBXFileReference</string>
			<key>lastKnownFileType</key>
			<string>sourcecode.swift</string>
			<key>path</key>
			<string>NSMutableParagraphStyle+Utility.swift</string>
			<key>sourceTree</key>
			<string>&lt;group&gt;</string>
		</dict>
		<key>8C3CFDC8114E1685523159A4</key>
		<dict>
			<key>fileEncoding</key>
			<string>4</string>
			<key>isa</key>
			<string>PBXFileReference</string>
			<key>lastKnownFileType</key>
			<string>sourcecode.swift</string>
			<key>path</key>
			<string>ViewEightCollectionViewCell.swift</string>
			<key>sourceTree</key>
			<string>&lt;group&gt;</string>
		</dict>
		<key>8CB2D02688915532484163EB</key>
		<dict>
			<key>fileEncoding</key>
			<string>4</string>
			<key>isa</key>
			<string>PBXFileReference</string>
			<key>lastKnownFileType</key>
			<string>file.xib</string>
			<key>path</key>
			<string>ViewCollectionViewCell.xib</string>
			<key>sourceTree</key>
			<string>&lt;group&gt;</string>
		</dict>
		<key>8E2EC3435159B1E641025636</key>
		<dict>
			<key>fileEncoding</key>
			<string>4</string>
			<key>isa</key>
			<string>PBXFileReference</string>
			<key>lastKnownFileType</key>
			<string>file.xib</string>
			<key>path</key>
			<string>LoginViewController.xib</string>
			<key>sourceTree</key>
			<string>&lt;group&gt;</string>
		</dict>
		<key>8F3A3C4D1B29603B8290E952</key>
		<dict>
			<key>fileRef</key>
			<string>DA10A41D34ED75F6C60B77A1</string>
			<key>isa</key>
			<string>PBXBuildFile</string>
		</dict>
		<key>92FF80DADD7C05FA610EDD85</key>
		<dict>
			<key>fileEncoding</key>
			<string>4</string>
			<key>isa</key>
			<string>PBXFileReference</string>
			<key>lastKnownFileType</key>
			<string>file.xib</string>
			<key>path</key>
			<string>ViewTwoCollectionViewCell.xib</string>
			<key>sourceTree</key>
			<string>&lt;group&gt;</string>
		</dict>
		<key>93FFFD0498452CB3DCDFC35F</key>
		<dict>
			<key>fileEncoding</key>
			<string>4</string>
			<key>isa</key>
			<string>PBXFileReference</string>
			<key>lastKnownFileType</key>
			<string>sourcecode.swift</string>
			<key>path</key>
			<string>SignupViewController.swift</string>
			<key>sourceTree</key>
			<string>&lt;group&gt;</string>
		</dict>
		<key>94D424C1F7B76800A2ABF8AC</key>
		<dict>
			<key>children</key>
			<array>
				<string>8A4EB53EE55B4CF5296B9CD8</string>
				<string>3705AF0C6478FB605E48C06F</string>
				<string>6C6C3B27AEE6C23831A3DF0E</string>
			</array>
			<key>isa</key>
			<string>PBXGroup</string>
			<key>path</key>
			<string>Classes</string>
			<key>sourceTree</key>
			<string>&lt;group&gt;</string>
		</dict>
		<key>97214B9DCAE8CAAE33619D3B</key>
		<dict>
			<key>fileEncoding</key>
			<string>4</string>
			<key>isa</key>
			<string>PBXFileReference</string>
			<key>lastKnownFileType</key>
			<string>file.xib</string>
			<key>path</key>
			<string>MessagesViewController.xib</string>
			<key>sourceTree</key>
			<string>&lt;group&gt;</string>
		</dict>
		<key>99CFCADE257E6AA6031A68DE</key>
		<dict>
			<key>children</key>
			<array>
				<string>EEFFD2537C68D9417B244202</string>
			</array>
			<key>isa</key>
			<string>PBXGroup</string>
			<key>path</key>
			<string>Welcome</string>
			<key>sourceTree</key>
			<string>&lt;group&gt;</string>
		</dict>
		<key>9DD6DB78ED2DEDFA6639A003</key>
		<dict>
			<key>fileEncoding</key>
			<string>4</string>
			<key>isa</key>
			<string>PBXFileReference</string>
			<key>lastKnownFileType</key>
			<string>file.xib</string>
			<key>path</key>
			<string>ViewEightCollectionViewCell.xib</string>
			<key>sourceTree</key>
			<string>&lt;group&gt;</string>
		</dict>
		<key>9F733C68DDE54FF8302BFA7E</key>
		<dict>
			<key>fileRef</key>
			<string>FB2DF2EC6CD2D35B6CF8C6F3</string>
			<key>isa</key>
			<string>PBXBuildFile</string>
		</dict>
		<key>9F98D2745CAB2046D0034047</key>
		<dict>
			<key>fileRef</key>
			<string>422927EA4FC225AACF33BFA8</string>
			<key>isa</key>
			<string>PBXBuildFile</string>
		</dict>
		<key>A27A8B34B7963F8F30B5FC94</key>
		<dict>
			<key>fileRef</key>
			<string>6AA771FBD29DB2D37C1A6105</string>
			<key>isa</key>
			<string>PBXBuildFile</string>
		</dict>
		<key>A351E6BD19C984FFDA434416</key>
		<dict>
			<key>fileRef</key>
			<string>34FDBD52B25F719050E38BDB</string>
			<key>isa</key>
			<string>PBXBuildFile</string>
		</dict>
		<key>A5E68EA2806062474B83C797</key>
		<dict>
			<key>fileRef</key>
			<string>8281D5BF1341D2D65D81BCB5</string>
			<key>isa</key>
			<string>PBXBuildFile</string>
		</dict>
		<key>A678037A67232ECD2EC9CA50</key>
		<dict>
			<key>fileEncoding</key>
			<string>4</string>
			<key>isa</key>
			<string>PBXFileReference</string>
			<key>lastKnownFileType</key>
			<string>sourcecode.swift</string>
			<key>path</key>
			<string>MessageFourTableViewCell.swift</string>
			<key>sourceTree</key>
			<string>&lt;group&gt;</string>
		</dict>
		<key>AB2CBAA812ECB81E07C2E19D</key>
		<dict>
			<key>fileEncoding</key>
			<string>4</string>
			<key>isa</key>
			<string>PBXFileReference</string>
			<key>lastKnownFileType</key>
			<string>sourcecode.swift</string>
			<key>path</key>
			<string>SupernovaTextField.swift</string>
			<key>sourceTree</key>
			<string>&lt;group&gt;</string>
		</dict>
		<key>AC801B73A9E55271CE4EF9D4</key>
		<dict>
			<key>fileEncoding</key>
			<string>4</string>
			<key>isa</key>
			<string>PBXFileReference</string>
			<key>lastKnownFileType</key>
			<string>folder.assetcatalog</string>
			<key>name</key>
			<string>Images.xcassets</string>
			<key>path</key>
			<string>Images.xcassets</string>
			<key>sourceTree</key>
			<string>&lt;group&gt;</string>
		</dict>
		<key>AFF87C0786E2C87FC0D3EA3A</key>
		<dict>
			<key>fileEncoding</key>
			<string>4</string>
			<key>isa</key>
			<string>PBXFileReference</string>
			<key>lastKnownFileType</key>
			<string>sourcecode.swift</string>
			<key>path</key>
			<string>MessagesViewController.swift</string>
			<key>sourceTree</key>
			<string>&lt;group&gt;</string>
		</dict>
		<key>B0A0A22FAFF31852E3E5D316</key>
		<dict>
			<key>fileRef</key>
			<string>4BBB57E8A5268F14E6BB95BB</string>
			<key>isa</key>
			<string>PBXBuildFile</string>
		</dict>
		<key>B11759DAC800353D76DFF62A</key>
		<dict>
			<key>fileRef</key>
			<string>1F2D675097857CA6B06F4656</string>
			<key>isa</key>
			<string>PBXBuildFile</string>
		</dict>
		<key>B357E5DFA6855F556DB206A7</key>
		<dict>
			<key>fileEncoding</key>
			<string>4</string>
			<key>isa</key>
			<string>PBXFileReference</string>
			<key>lastKnownFileType</key>
			<string>sourcecode.swift</string>
			<key>path</key>
			<string>ViewSixCollectionViewCell.swift</string>
			<key>sourceTree</key>
			<string>&lt;group&gt;</string>
		</dict>
		<key>B638387D61902784FAF8CECC</key>
		<dict>
			<key>fileRef</key>
			<string>AC801B73A9E55271CE4EF9D4</string>
			<key>isa</key>
			<string>PBXBuildFile</string>
		</dict>
		<key>BF04C82932AB64DC3997B2D3</key>
		<dict>
			<key>children</key>
			<array>
				<string>71FDA4EE34EF3D4A685DF9B5</string>
			</array>
			<key>isa</key>
			<string>PBXGroup</string>
			<key>path</key>
			<string>TabBarControllers</string>
			<key>sourceTree</key>
			<string>&lt;group&gt;</string>
		</dict>
		<key>BF05A1CCFFF94A02F4FEAE28</key>
		<dict>
			<key>fileRef</key>
			<string>2898DAEAE8957F34406E46D0</string>
			<key>isa</key>
			<string>PBXBuildFile</string>
		</dict>
		<key>C0F5885C8B4EB656963A58CE</key>
		<dict>
			<key>fileEncoding</key>
			<string>4</string>
			<key>isa</key>
			<string>PBXFileReference</string>
			<key>lastKnownFileType</key>
			<string>file.font</string>
			<key>path</key>
			<string>Lato-Bold.ttf</string>
			<key>sourceTree</key>
			<string>&lt;group&gt;</string>
		</dict>
		<key>C12FE547ADC6051DE94EDDCA</key>
		<dict>
			<key>fileEncoding</key>
			<string>4</string>
			<key>isa</key>
			<string>PBXFileReference</string>
			<key>lastKnownFileType</key>
			<string>file.font</string>
			<key>path</key>
			<string>Lato-Light.ttf</string>
			<key>sourceTree</key>
			<string>&lt;group&gt;</string>
		</dict>
		<key>C1666F4776C27198410558D5</key>
		<dict>
			<key>fileRef</key>
			<string>87A550CBBE1266A9CD56BF78</string>
			<key>isa</key>
			<string>PBXBuildFile</string>
		</dict>
		<key>C41C83472A37024C1FFAB215</key>
		<dict>
			<key>fileEncoding</key>
			<string>4</string>
			<key>isa</key>
			<string>PBXFileReference</string>
			<key>lastKnownFileType</key>
			<string>sourcecode.swift</string>
			<key>path</key>
			<string>UITabBarController+Utility.swift</string>
			<key>sourceTree</key>
			<string>&lt;group&gt;</string>
		</dict>
		<key>C743831E2F6D82B5B983B98E</key>
		<dict>
			<key>children</key>
			<array>
				<string>E85A710C66DE3F531BB5F90D</string>
				<string>D6F6C197C109F3CB8CB62ADF</string>
				<string>C12FE547ADC6051DE94EDDCA</string>
				<string>C0F5885C8B4EB656963A58CE</string>
				<string>CAA9EF16B8E5ECA850541171</string>
			</array>
			<key>isa</key>
			<string>PBXGroup</string>
			<key>path</key>
			<string>Fonts</string>
			<key>sourceTree</key>
			<string>&lt;group&gt;</string>
		</dict>
		<key>C8DFBDA1A0D35D9B50B97142</key>
		<dict>
			<key>fileRef</key>
			<string>D7B7AF4FA8FE3D80F9D05523</string>
			<key>isa</key>
			<string>PBXBuildFile</string>
		</dict>
		<key>C8E05A058F0590B6FF1385B4</key>
		<dict>
			<key>fileRef</key>
			<string>6328C3C70584093479F69438</string>
			<key>isa</key>
			<string>PBXBuildFile</string>
		</dict>
		<key>C9FBB2EC3954D16F0B3EB9FD</key>
		<dict>
			<key>fileRef</key>
			<string>97214B9DCAE8CAAE33619D3B</string>
			<key>isa</key>
			<string>PBXBuildFile</string>
		</dict>
		<key>CAA4B926BCE0256880641C75</key>
		<dict>
			<key>fileRef</key>
			<string>F6383C07AD88BC1BEC6304FD</string>
			<key>isa</key>
			<string>PBXBuildFile</string>
		</dict>
		<key>CAA9EF16B8E5ECA850541171</key>
		<dict>
			<key>fileEncoding</key>
			<string>4</string>
			<key>isa</key>
			<string>PBXFileReference</string>
			<key>lastKnownFileType</key>
			<string>file.font</string>
			<key>path</key>
			<string>Lato-Regular.ttf</string>
			<key>sourceTree</key>
			<string>&lt;group&gt;</string>
		</dict>
		<key>CD230D4F2368F02570C2C166</key>
		<dict>
			<key>fileRef</key>
			<string>5EFAAE8672959A6D2CAC2595</string>
			<key>isa</key>
			<string>PBXBuildFile</string>
		</dict>
		<key>CEAD23BC9AC7DD126BB4E96C</key>
		<dict>
			<key>fileRef</key>
			<string>C12FE547ADC6051DE94EDDCA</string>
			<key>isa</key>
			<string>PBXBuildFile</string>
		</dict>
		<key>D158D9259ECE8D351C414BC6</key>
		<dict>
			<key>fileEncoding</key>
			<string>4</string>
			<key>isa</key>
			<string>PBXFileReference</string>
			<key>lastKnownFileType</key>
			<string>sourcecode.swift</string>
			<key>path</key>
			<string>ViewThreeCollectionViewCell.swift</string>
			<key>sourceTree</key>
			<string>&lt;group&gt;</string>
		</dict>
		<key>D22B0CDA33C95CEB853112C2</key>
		<dict>
			<key>fileEncoding</key>
			<string>4</string>
			<key>isa</key>
			<string>PBXFileReference</string>
			<key>lastKnownFileType</key>
			<string>file.xib</string>
			<key>path</key>
			<string>ProfileSettingsViewController.xib</string>
			<key>sourceTree</key>
			<string>&lt;group&gt;</string>
		</dict>
		<key>D43C38F2D37AB1DF245A5496</key>
		<dict>
			<key>fileEncoding</key>
			<string>4</string>
			<key>isa</key>
			<string>PBXFileReference</string>
			<key>lastKnownFileType</key>
			<string>sourcecode.swift</string>
			<key>path</key>
			<string>EventDetailViewController.swift</string>
			<key>sourceTree</key>
			<string>&lt;group&gt;</string>
		</dict>
		<key>D4C465B5FAC26F4A880D769F</key>
		<dict>
			<key>fileRef</key>
			<string>AFF87C0786E2C87FC0D3EA3A</string>
			<key>isa</key>
			<string>PBXBuildFile</string>
		</dict>
		<key>D62386A6ED86521E9E75A224</key>
		<dict>
			<key>fileRef</key>
			<string>36B7E8C9AA7814A9C0223368</string>
			<key>isa</key>
			<string>PBXBuildFile</string>
		</dict>
		<key>D6B57D12DF8DAE035246ABB7</key>
		<dict>
			<key>fileRef</key>
			<string>2E119A5CB916123CFE7D5466</string>
			<key>isa</key>
			<string>PBXBuildFile</string>
		</dict>
		<key>D6F6C197C109F3CB8CB62ADF</key>
		<dict>
			<key>fileEncoding</key>
			<string>4</string>
			<key>isa</key>
			<string>PBXFileReference</string>
			<key>lastKnownFileType</key>
			<string>file.font</string>
			<key>path</key>
			<string>SFNSDisplay.ttf</string>
			<key>sourceTree</key>
			<string>&lt;group&gt;</string>
		</dict>
		<key>D7B7AF4FA8FE3D80F9D05523</key>
		<dict>
			<key>fileEncoding</key>
			<string>4</string>
			<key>isa</key>
			<string>PBXFileReference</string>
			<key>lastKnownFileType</key>
			<string>sourcecode.swift</string>
			<key>path</key>
			<string>MessageSixTableViewCell.swift</string>
			<key>sourceTree</key>
			<string>&lt;group&gt;</string>
		</dict>
		<key>D7FF77427FEC316B8BD259A5</key>
		<dict>
			<key>fileRef</key>
			<string>F77B06CD7C8B986D77DFC88C</string>
			<key>isa</key>
			<string>PBXBuildFile</string>
		</dict>
		<key>DA10A41D34ED75F6C60B77A1</key>
		<dict>
			<key>fileEncoding</key>
			<string>4</string>
			<key>isa</key>
			<string>PBXFileReference</string>
			<key>lastKnownFileType</key>
			<string>file.xib</string>
			<key>path</key>
			<string>TimelineViewController.xib</string>
			<key>sourceTree</key>
			<string>&lt;group&gt;</string>
		</dict>
		<key>DAB912EDF11C473F9C20BE1A</key>
		<dict>
			<key>fileRef</key>
			<string>FC1FE76404146F1CB3FA6496</string>
			<key>isa</key>
			<string>PBXBuildFile</string>
		</dict>
		<key>DB53E8674865BB3A85385355</key>
		<dict>
			<key>fileRef</key>
			<string>F48E3505DE165B804F32AAB8</string>
			<key>isa</key>
			<string>PBXBuildFile</string>
		</dict>
		<key>DC4D4EE7D53B13FF9C125A2A</key>
		<dict>
			<key>children</key>
			<array>
				<string>93FFFD0498452CB3DCDFC35F</string>
			</array>
			<key>isa</key>
			<string>PBXGroup</string>
			<key>path</key>
			<string>Signup</string>
			<key>sourceTree</key>
			<string>&lt;group&gt;</string>
		</dict>
		<key>DCABC035CDF67379BF387EA7</key>
		<dict>
			<key>fileRef</key>
			<string>FE3EEA4B536C58D9D8450A4A</string>
			<key>isa</key>
			<string>PBXBuildFile</string>
		</dict>
		<key>DCD68878256AAA21A2C6B420</key>
		<dict>
			<key>fileRef</key>
			<string>855D9B38A7747FE0140DCC8C</string>
			<key>isa</key>
			<string>PBXBuildFile</string>
		</dict>
		<key>DDDABF81D5981686C1FCCBD5</key>
		<dict>
			<key>fileRef</key>
			<string>22E59B8334570F64642B714A</string>
			<key>isa</key>
			<string>PBXBuildFile</string>
		</dict>
		<key>DE58CD9CD4DA02202483B139</key>
		<dict>
			<key>fileEncoding</key>
			<string>4</string>
			<key>isa</key>
			<string>PBXFileReference</string>
			<key>lastKnownFileType</key>
			<string>file.xib</string>
			<key>path</key>
			<string>TitleTwoCollectionViewCell.xib</string>
			<key>sourceTree</key>
			<string>&lt;group&gt;</string>
		</dict>
		<key>DEB648FD63B3628E032BB28D</key>
		<dict>
			<key>fileEncoding</key>
			<string>4</string>
			<key>isa</key>
			<string>PBXFileReference</string>
			<key>lastKnownFileType</key>
			<string>sourcecode.swift</string>
			<key>path</key>
			<string>TimelineViewController.swift</string>
			<key>sourceTree</key>
			<string>&lt;group&gt;</string>
		</dict>
		<key>DEBD4948444D0F8C5224BAE9</key>
		<dict>
			<key>children</key>
			<array>
				<string>DEB648FD63B3628E032BB28D</string>
				<string>FC1FE76404146F1CB3FA6496</string>
				<string>5BA7411FAE4C2C14D3F06881</string>
				<string>FB2DF2EC6CD2D35B6CF8C6F3</string>
				<string>2694ED3AA5C3BDEBD9370FC2</string>
				<string>2AAEE6D3A7E405CA5CFC2B09</string>
			</array>
			<key>isa</key>
			<string>PBXGroup</string>
			<key>path</key>
			<string>Timeline</string>
			<key>sourceTree</key>
			<string>&lt;group&gt;</string>
		</dict>
		<key>E3B977CE1A3EFB952B708E48</key>
		<dict>
			<key>children</key>
			<array>
				<string>FE3EEA4B536C58D9D8450A4A</string>
				<string>6328C3C70584093479F69438</string>
				<string>1EED2CEFE147B17A7D578258</string>
				<string>D158D9259ECE8D351C414BC6</string>
			</array>
			<key>isa</key>
			<string>PBXGroup</string>
			<key>path</key>
			<string>Profile</string>
			<key>sourceTree</key>
			<string>&lt;group&gt;</string>
		</dict>
		<key>E7BAFFDE80063FA76B8147E5</key>
		<dict>
			<key>fileEncoding</key>
			<string>4</string>
			<key>isa</key>
			<string>PBXFileReference</string>
			<key>lastKnownFileType</key>
			<string>sourcecode.swift</string>
			<key>path</key>
			<string>OnlinePersonTwoCollectionViewCell.swift</string>
			<key>sourceTree</key>
			<string>&lt;group&gt;</string>
		</dict>
		<key>E85A710C66DE3F531BB5F90D</key>
		<dict>
			<key>fileEncoding</key>
			<string>4</string>
			<key>isa</key>
			<string>PBXFileReference</string>
			<key>lastKnownFileType</key>
			<string>file.font</string>
			<key>path</key>
			<string>Lato-Black.ttf</string>
			<key>sourceTree</key>
			<string>&lt;group&gt;</string>
		</dict>
		<key>EAA865ACA5F4DA969DE7954C</key>
		<dict>
			<key>fileEncoding</key>
			<string>4</string>
			<key>isa</key>
			<string>PBXFileReference</string>
			<key>lastKnownFileType</key>
			<string>file.xib</string>
			<key>path</key>
			<string>OnlinePersonThreeCollectionViewCell.xib</string>
			<key>sourceTree</key>
			<string>&lt;group&gt;</string>
		</dict>
		<key>EB64617EE6BE25420476D181</key>
		<dict>
			<key>fileEncoding</key>
			<string>4</string>
			<key>isa</key>
			<string>PBXFileReference</string>
			<key>lastKnownFileType</key>
			<string>sourcecode.swift</string>
			<key>path</key>
			<string>ProfilePhotosViewController.swift</string>
			<key>sourceTree</key>
			<string>&lt;group&gt;</string>
		</dict>
		<key>EBA81FF5209AA1F52AD8593A</key>
		<dict>
			<key>fileEncoding</key>
			<string>4</string>
			<key>isa</key>
			<string>PBXFileReference</string>
			<key>lastKnownFileType</key>
			<string>sourcecode.swift</string>
			<key>path</key>
			<string>UIImage+Utility.swift</string>
			<key>sourceTree</key>
			<string>&lt;group&gt;</string>
		</dict>
		<key>EEFFD2537C68D9417B244202</key>
		<dict>
			<key>fileEncoding</key>
			<string>4</string>
			<key>isa</key>
			<string>PBXFileReference</string>
			<key>lastKnownFileType</key>
			<string>sourcecode.swift</string>
			<key>path</key>
			<string>WelcomeViewController.swift</string>
			<key>sourceTree</key>
			<string>&lt;group&gt;</string>
		</dict>
		<key>EFD57DC0BC52B7121799C2FD</key>
		<dict>
			<key>fileRef</key>
			<string>6C6C3B27AEE6C23831A3DF0E</string>
			<key>isa</key>
			<string>PBXBuildFile</string>
		</dict>
		<key>F1AA5DCC50F84B7FAB994968</key>
		<dict>
			<key>fileRef</key>
			<string>0D267DDAAEDE4F08B4EA3054</string>
			<key>isa</key>
			<string>PBXBuildFile</string>
		</dict>
		<key>F2C6ED37F1A8D114DC70D636</key>
		<dict>
			<key>fileRef</key>
			<string>2194BE8FA24DC6CA6E2B280B</string>
			<key>isa</key>
			<string>PBXBuildFile</string>
		</dict>
		<key>F48E3505DE165B804F32AAB8</key>
		<dict>
			<key>fileEncoding</key>
			<string>4</string>
			<key>isa</key>
			<string>PBXFileReference</string>
			<key>lastKnownFileType</key>
			<string>file.xib</string>
			<key>path</key>
			<string>SignupViewController.xib</string>
			<key>sourceTree</key>
			<string>&lt;group&gt;</string>
		</dict>
		<key>F6383C07AD88BC1BEC6304FD</key>
		<dict>
			<key>fileEncoding</key>
			<string>4</string>
			<key>isa</key>
			<string>PBXFileReference</string>
			<key>lastKnownFileType</key>
			<string>sourcecode.swift</string>
			<key>path</key>
			<string>MessageTableViewCell.swift</string>
			<key>sourceTree</key>
			<string>&lt;group&gt;</string>
		</dict>
		<key>F77B06CD7C8B986D77DFC88C</key>
		<dict>
			<key>fileEncoding</key>
			<string>4</string>
			<key>isa</key>
			<string>PBXFileReference</string>
			<key>lastKnownFileType</key>
			<string>sourcecode.swift</string>
			<key>path</key>
			<string>SupernovaLabel.swift</string>
			<key>sourceTree</key>
			<string>&lt;group&gt;</string>
		</dict>
		<key>F7FAA45CB35C70285ABCF994</key>
		<dict>
			<key>fileRef</key>
			<string>1196B44C054A96AA32887DA4</string>
			<key>isa</key>
			<string>PBXBuildFile</string>
		</dict>
		<key>F99D7C6630FAF70A2451686A</key>
		<dict>
			<key>fileEncoding</key>
			<string>4</string>
			<key>isa</key>
			<string>PBXFileReference</string>
			<key>lastKnownFileType</key>
			<string>file.xib</string>
			<key>path</key>
			<string>NewsTableViewCell.xib</string>
			<key>sourceTree</key>
			<string>&lt;group&gt;</string>
		</dict>
		<key>FA77E5727A921B2D61C591E8</key>
		<dict>
			<key>fileRef</key>
			<string>698AABB99C585FFD62EDE1EF</string>
			<key>isa</key>
			<string>PBXBuildFile</string>
		</dict>
		<key>FB2DF2EC6CD2D35B6CF8C6F3</key>
		<dict>
			<key>fileEncoding</key>
			<string>4</string>
			<key>isa</key>
			<string>PBXFileReference</string>
			<key>lastKnownFileType</key>
			<string>sourcecode.swift</string>
			<key>path</key>
			<string>NewsTwoTableViewCell.swift</string>
			<key>sourceTree</key>
			<string>&lt;group&gt;</string>
		</dict>
		<key>FC1FE76404146F1CB3FA6496</key>
		<dict>
			<key>fileEncoding</key>
			<string>4</string>
			<key>isa</key>
			<string>PBXFileReference</string>
			<key>lastKnownFileType</key>
			<string>sourcecode.swift</string>
			<key>path</key>
			<string>NewsTableViewCell.swift</string>
			<key>sourceTree</key>
			<string>&lt;group&gt;</string>
		</dict>
		<key>FE3EEA4B536C58D9D8450A4A</key>
		<dict>
			<key>fileEncoding</key>
			<string>4</string>
			<key>isa</key>
			<string>PBXFileReference</string>
			<key>lastKnownFileType</key>
			<string>sourcecode.swift</string>
			<key>path</key>
			<string>ProfileViewController.swift</string>
			<key>sourceTree</key>
			<string>&lt;group&gt;</string>
		</dict>
		<key>FEF56A3D14EB7308526F79F4</key>
		<dict>
			<key>fileRef</key>
			<string>92FF80DADD7C05FA610EDD85</string>
			<key>isa</key>
			<string>PBXBuildFile</string>
		</dict>
	</dict>
	<key>rootObject</key>
	<string>0B28DFD11E40CD2E00BF6E7C</string>
</dict>
</plist>
