<?xml version="1.0" encoding="UTF-8"?>
<!DOCTYPE plist PUBLIC "-//Apple//DTD PLIST 1.0//EN" "http://www.apple.com/DTDs/PropertyList-1.0.dtd">
<plist version="1.0">
<dict>
	<key>archiveVersion</key>
	<string>1</string>
	<key>classes</key>
	<dict/>
	<key>objectVersion</key>
	<string>46</string>
	<key>objects</key>
	<dict>
		<key>059963BE2E308433F23FC142</key>
		<dict>
			<key>fileEncoding</key>
			<string>4</string>
			<key>isa</key>
			<string>PBXFileReference</string>
			<key>lastKnownFileType</key>
			<string>sourcecode.swift</string>
			<key>path</key>
			<string>ViewFiveCollectionViewCell.swift</string>
			<key>sourceTree</key>
			<string>&lt;group&gt;</string>
		</dict>
		<key>05C28A4AFC0DD4AE5D78FC7A</key>
		<dict>
			<key>children</key>
			<array>
				<string>55A1573524B056680BF5CE8A</string>
				<string>367D907C46A123441A0A0D58</string>
				<string>17BEC50C2B03FD6708029551</string>
				<string>FB578C1CB93CD2F6BD41259E</string>
			</array>
			<key>isa</key>
			<string>PBXGroup</string>
			<key>path</key>
			<string>Fonts</string>
			<key>sourceTree</key>
			<string>&lt;group&gt;</string>
		</dict>
		<key>06934847D4644CCA50578007</key>
		<dict>
			<key>fileEncoding</key>
			<string>4</string>
			<key>isa</key>
			<string>PBXFileReference</string>
			<key>lastKnownFileType</key>
			<string>sourcecode.swift</string>
			<key>path</key>
			<string>MessageFourTableViewCell.swift</string>
			<key>sourceTree</key>
			<string>&lt;group&gt;</string>
		</dict>
		<key>096F24CE11481C0CD0055A24</key>
		<dict>
			<key>fileEncoding</key>
			<string>4</string>
			<key>isa</key>
			<string>PBXFileReference</string>
			<key>lastKnownFileType</key>
			<string>sourcecode.swift</string>
			<key>path</key>
			<string>SupernovaTextField.swift</string>
			<key>sourceTree</key>
			<string>&lt;group&gt;</string>
		</dict>
		<key>0A6AA17C73B6129CA0B56170</key>
		<dict>
			<key>fileRef</key>
			<string>72C0E571FB07893C2D238F7A</string>
			<key>isa</key>
			<string>PBXBuildFile</string>
		</dict>
		<key>0B28DFD01E40CD2E00BF6E7C</key>
		<dict>
			<key>children</key>
			<array>
				<string>0B28DFDA1E40CD2E00BF6E7C</string>
				<string>4D99F1230EE61AAE0BCC3AA2</string>
			</array>
			<key>isa</key>
			<string>PBXGroup</string>
			<key>sourceTree</key>
			<string>&lt;group&gt;</string>
		</dict>
		<key>0B28DFD11E40CD2E00BF6E7C</key>
		<dict>
			<key>attributes</key>
			<dict>
				<key>LastSwiftUpdateCheck</key>
				<string>0730</string>
				<key>LastUpgradeCheck</key>
				<string>0730</string>
				<key>ORGANIZATIONNAME</key>
				<string>Supernova</string>
				<key>TargetAttributes</key>
				<dict>
					<key>0B6093BD1E68BCDD00C80262</key>
					<dict>
						<key>CreatedOnToolsVersion</key>
						<string>7.3.1</string>
					</dict>
				</dict>
			</dict>
			<key>buildConfigurationList</key>
			<string>0B28DFD41E40CD2E00BF6E7C</string>
			<key>compatibilityVersion</key>
			<string>Xcode 3.2</string>
			<key>developmentRegion</key>
			<string>English</string>
			<key>hasScannedForEncodings</key>
			<string>0</string>
			<key>isa</key>
			<string>PBXProject</string>
			<key>knownRegions</key>
			<array>
				<string>en</string>
				<string>Base</string>
			</array>
			<key>mainGroup</key>
			<string>0B28DFD01E40CD2E00BF6E7C</string>
			<key>productRefGroup</key>
			<string>0B28DFDA1E40CD2E00BF6E7C</string>
			<key>projectDirPath</key>
			<string></string>
			<key>projectRoot</key>
			<string></string>
			<key>targets</key>
			<array>
				<string>0B6093BD1E68BCDD00C80262</string>
			</array>
		</dict>
		<key>0B28DFD41E40CD2E00BF6E7C</key>
		<dict>
			<key>buildConfigurations</key>
			<array>
				<string>0B28DFE91E40CD2E00BF6E7C</string>
				<string>0B28DFEA1E40CD2E00BF6E7C</string>
			</array>
			<key>defaultConfigurationIsVisible</key>
			<string>0</string>
			<key>defaultConfigurationName</key>
			<string>Release</string>
			<key>isa</key>
			<string>XCConfigurationList</string>
		</dict>
		<key>0B28DFDA1E40CD2E00BF6E7C</key>
		<dict>
			<key>children</key>
			<array>
				<string>0B6093BE1E68BCDD00C80262</string>
			</array>
			<key>isa</key>
			<string>PBXGroup</string>
			<key>name</key>
			<string>Products</string>
			<key>sourceTree</key>
			<string>&lt;group&gt;</string>
		</dict>
		<key>0B28DFE91E40CD2E00BF6E7C</key>
		<dict>
			<key>buildSettings</key>
			<dict>
				<key>ALWAYS_SEARCH_USER_PATHS</key>
				<string>NO</string>
				<key>CLANG_ANALYZER_NONNULL</key>
				<string>YES</string>
				<key>CLANG_CXX_LANGUAGE_STANDARD</key>
				<string>gnu++0x</string>
				<key>CLANG_CXX_LIBRARY</key>
				<string>libc++</string>
				<key>CLANG_ENABLE_MODULES</key>
				<string>YES</string>
				<key>CLANG_ENABLE_OBJC_ARC</key>
				<string>YES</string>
				<key>CLANG_WARN_BOOL_CONVERSION</key>
				<string>YES</string>
				<key>CLANG_WARN_CONSTANT_CONVERSION</key>
				<string>YES</string>
				<key>CLANG_WARN_DIRECT_OBJC_ISA_USAGE</key>
				<string>YES_ERROR</string>
				<key>CLANG_WARN_EMPTY_BODY</key>
				<string>YES</string>
				<key>CLANG_WARN_ENUM_CONVERSION</key>
				<string>YES</string>
				<key>CLANG_WARN_INT_CONVERSION</key>
				<string>YES</string>
				<key>CLANG_WARN_OBJC_ROOT_CLASS</key>
				<string>YES_ERROR</string>
				<key>CLANG_WARN_UNREACHABLE_CODE</key>
				<string>YES</string>
				<key>CLANG_WARN__DUPLICATE_METHOD_MATCH</key>
				<string>YES</string>
				<key>CODE_SIGN_IDENTITY[sdk=iphoneos*]</key>
				<string>iPhone Developer</string>
				<key>COPY_PHASE_STRIP</key>
				<string>NO</string>
				<key>DEBUG_INFORMATION_FORMAT</key>
				<string>dwarf</string>
				<key>ENABLE_STRICT_OBJC_MSGSEND</key>
				<string>YES</string>
				<key>ENABLE_TESTABILITY</key>
				<string>YES</string>
				<key>GCC_C_LANGUAGE_STANDARD</key>
				<string>gnu99</string>
				<key>GCC_DYNAMIC_NO_PIC</key>
				<string>NO</string>
				<key>GCC_NO_COMMON_BLOCKS</key>
				<string>YES</string>
				<key>GCC_OPTIMIZATION_LEVEL</key>
				<string>0</string>
				<key>GCC_PREPROCESSOR_DEFINITIONS</key>
				<array>
					<string>DEBUG=1</string>
					<string>$(inherited)</string>
				</array>
				<key>GCC_WARN_64_TO_32_BIT_CONVERSION</key>
				<string>YES</string>
				<key>GCC_WARN_ABOUT_RETURN_TYPE</key>
				<string>YES_ERROR</string>
				<key>GCC_WARN_UNDECLARED_SELECTOR</key>
				<string>YES</string>
				<key>GCC_WARN_UNINITIALIZED_AUTOS</key>
				<string>YES_AGGRESSIVE</string>
				<key>GCC_WARN_UNUSED_FUNCTION</key>
				<string>YES</string>
				<key>GCC_WARN_UNUSED_VARIABLE</key>
				<string>YES</string>
				<key>IPHONEOS_DEPLOYMENT_TARGET</key>
				<string>9.3</string>
				<key>MTL_ENABLE_DEBUG_INFO</key>
				<string>YES</string>
				<key>ONLY_ACTIVE_ARCH</key>
				<string>YES</string>
				<key>SDKROOT</key>
				<string>iphoneos</string>
			</dict>
			<key>isa</key>
			<string>XCBuildConfiguration</string>
			<key>name</key>
			<string>Debug</string>
		</dict>
		<key>0B28DFEA1E40CD2E00BF6E7C</key>
		<dict>
			<key>buildSettings</key>
			<dict>
				<key>ALWAYS_SEARCH_USER_PATHS</key>
				<string>NO</string>
				<key>CLANG_ANALYZER_NONNULL</key>
				<string>YES</string>
				<key>CLANG_CXX_LANGUAGE_STANDARD</key>
				<string>gnu++0x</string>
				<key>CLANG_CXX_LIBRARY</key>
				<string>libc++</string>
				<key>CLANG_ENABLE_MODULES</key>
				<string>YES</string>
				<key>CLANG_ENABLE_OBJC_ARC</key>
				<string>YES</string>
				<key>CLANG_WARN_BOOL_CONVERSION</key>
				<string>YES</string>
				<key>CLANG_WARN_CONSTANT_CONVERSION</key>
				<string>YES</string>
				<key>CLANG_WARN_DIRECT_OBJC_ISA_USAGE</key>
				<string>YES_ERROR</string>
				<key>CLANG_WARN_EMPTY_BODY</key>
				<string>YES</string>
				<key>CLANG_WARN_ENUM_CONVERSION</key>
				<string>YES</string>
				<key>CLANG_WARN_INT_CONVERSION</key>
				<string>YES</string>
				<key>CLANG_WARN_OBJC_ROOT_CLASS</key>
				<string>YES_ERROR</string>
				<key>CLANG_WARN_UNREACHABLE_CODE</key>
				<string>YES</string>
				<key>CLANG_WARN__DUPLICATE_METHOD_MATCH</key>
				<string>YES</string>
				<key>CODE_SIGN_IDENTITY[sdk=iphoneos*]</key>
				<string>iPhone Developer</string>
				<key>COPY_PHASE_STRIP</key>
				<string>NO</string>
				<key>DEBUG_INFORMATION_FORMAT</key>
				<string>dwarf-with-dsym</string>
				<key>ENABLE_NS_ASSERTIONS</key>
				<string>NO</string>
				<key>ENABLE_STRICT_OBJC_MSGSEND</key>
				<string>YES</string>
				<key>GCC_C_LANGUAGE_STANDARD</key>
				<string>gnu99</string>
				<key>GCC_NO_COMMON_BLOCKS</key>
				<string>YES</string>
				<key>GCC_WARN_64_TO_32_BIT_CONVERSION</key>
				<string>YES</string>
				<key>GCC_WARN_ABOUT_RETURN_TYPE</key>
				<string>YES_ERROR</string>
				<key>GCC_WARN_UNDECLARED_SELECTOR</key>
				<string>YES</string>
				<key>GCC_WARN_UNINITIALIZED_AUTOS</key>
				<string>YES_AGGRESSIVE</string>
				<key>GCC_WARN_UNUSED_FUNCTION</key>
				<string>YES</string>
				<key>GCC_WARN_UNUSED_VARIABLE</key>
				<string>YES</string>
				<key>IPHONEOS_DEPLOYMENT_TARGET</key>
				<string>9.3</string>
				<key>MTL_ENABLE_DEBUG_INFO</key>
				<string>NO</string>
				<key>SDKROOT</key>
				<string>iphoneos</string>
				<key>VALIDATE_PRODUCT</key>
				<string>YES</string>
			</dict>
			<key>isa</key>
			<string>XCBuildConfiguration</string>
			<key>name</key>
			<string>Release</string>
		</dict>
		<key>0B6093BA1E68BCDD00C80262</key>
		<dict>
			<key>buildActionMask</key>
			<string>2147483647</string>
			<key>files</key>
			<array>
				<string>8256C32E6F52F0B3778A4C36</string>
				<string>B7D8FCE83C328A1B24737509</string>
				<string>7BF8DF084AE250F7DAD267D9</string>
				<string>5445CF57EB5576F3F67F966C</string>
				<string>9D0D8FC5EFFF6BD4A11596CC</string>
				<string>56E0F9A6D9583BBC23A5B321</string>
				<string>18A469E6CAC074D0108C41BC</string>
				<string>9B01EA142B3DE0B7228755BB</string>
				<string>3C6E2F8A1498F4F49D9A6C5B</string>
				<string>FA1D9ABC43B646A13781BBB8</string>
				<string>B6561CD313F9673A5E29E61D</string>
				<string>5AA13F00EA900E06F4D4466A</string>
				<string>C95C111CA822B29A5B275DAA</string>
				<string>3EE501E793049D3279E2CAB0</string>
				<string>3528F9933AFD4D062C403128</string>
				<string>3B199AA1766367BC884BF50A</string>
				<string>C82354DBB641429CAF13F682</string>
				<string>FF4D71A7F3552E9B9085D05C</string>
				<string>69AD52BEF51F4F63EE581F6C</string>
				<string>186C1338C1F9C6C978FB5C9A</string>
				<string>F84774361741E9EE080BF760</string>
				<string>CF478476D1631F2869FABB74</string>
				<string>D666806061CACEB39337C1C3</string>
				<string>844616C54D9BB725A1B4D030</string>
				<string>6CFAFBB62BB92706AE862E02</string>
				<string>A8FDC8D9FA83A8F771712E32</string>
				<string>0A6AA17C73B6129CA0B56170</string>
				<string>5D947711D51C584C53072460</string>
				<string>EB28CE439E5143170663F277</string>
				<string>8204262FE5358C0C9FB0CDD4</string>
				<string>EB767497F3DA15BED86A9E88</string>
				<string>F079AD83C0FFCCBC198E4697</string>
				<string>415CC77A3B2E8D90DA3CF1CB</string>
				<string>CF0EE2AFA8C0FCEFC6EBF92A</string>
				<string>FA61B54DA1510C66B9D8DB27</string>
				<string>3F62F6668B290DA088494004</string>
				<string>14E2E0AF18048ABBC8BEC034</string>
				<string>D29EEFF2E78BE6D153ABFCAE</string>
				<string>61C28C858410CB3325B652B5</string>
				<string>1BF75BD238FE6A4BDD4101AF</string>
				<string>3AFB7596197A051B862E3C5D</string>
				<string>0CA193222BB1BAB4AC3C335D</string>
				<string>4AB142CA89E782DB12546DD4</string>
				<string>FE61EFD282A2ECC8597BFED3</string>
			</array>
			<key>isa</key>
			<string>PBXSourcesBuildPhase</string>
			<key>runOnlyForDeploymentPostprocessing</key>
			<string>0</string>
		</dict>
		<key>0B6093BB1E68BCDD00C80262</key>
		<dict>
			<key>buildActionMask</key>
			<string>2147483647</string>
			<key>files</key>
			<array/>
			<key>isa</key>
			<string>PBXFrameworksBuildPhase</string>
			<key>runOnlyForDeploymentPostprocessing</key>
			<string>0</string>
		</dict>
		<key>0B6093BC1E68BCDD00C80262</key>
		<dict>
			<key>buildActionMask</key>
			<string>2147483647</string>
			<key>files</key>
			<array>
				<string>CEA35378FB37F4E9C90CFC91</string>
				<string>99ACC9D5096BDF6461B708A7</string>
				<string>AB0017F8715BBE6BA9632D7A</string>
				<string>BD150CA1CD8D04635684B3FE</string>
				<string>508707AC4B2C5F98AD9D8FAC</string>
			</array>
			<key>isa</key>
			<string>PBXResourcesBuildPhase</string>
			<key>runOnlyForDeploymentPostprocessing</key>
			<string>0</string>
		</dict>
		<key>0B6093BD1E68BCDD00C80262</key>
		<dict>
			<key>buildConfigurationList</key>
			<string>0B6093D11E68BCDD00C80262</string>
			<key>buildPhases</key>
			<array>
				<string>0B6093BA1E68BCDD00C80262</string>
				<string>0B6093BB1E68BCDD00C80262</string>
				<string>0B6093BC1E68BCDD00C80262</string>
			</array>
			<key>buildRules</key>
			<array/>
			<key>dependencies</key>
			<array/>
			<key>isa</key>
			<string>PBXNativeTarget</string>
			<key>name</key>
			<string>Spacebook</string>
			<key>productName</key>
			<string>Production</string>
			<key>productReference</key>
			<string>0B6093BE1E68BCDD00C80262</string>
			<key>productType</key>
			<string>com.apple.product-type.application</string>
		</dict>
		<key>0B6093BE1E68BCDD00C80262</key>
		<dict>
			<key>explicitFileType</key>
			<string>wrapper.application</string>
			<key>includeInIndex</key>
			<string>0</string>
			<key>isa</key>
			<string>PBXFileReference</string>
			<key>path</key>
			<string>Production.app</string>
			<key>sourceTree</key>
			<string>BUILT_PRODUCTS_DIR</string>
		</dict>
		<key>0B6093CF1E68BCDD00C80262</key>
		<dict>
			<key>buildSettings</key>
			<dict>
				<key>ASSETCATALOG_COMPILER_APPICON_NAME</key>
				<string>AppIcon</string>
				<key>ASSETCATALOG_COMPILER_LAUNCHIMAGE_NAME</key>
				<string>LaunchImage</string>
				<key>INFOPLIST_FILE</key>
				<string>$(SRCROOT)/Spacebook/Supporting Files/Info.plist</string>
				<key>LD_RUNPATH_SEARCH_PATHS</key>
				<string>$(inherited) @executable_path/Frameworks</string>
				<key>PRODUCT_BUNDLE_IDENTIFIER</key>
				<string>com.supernova.project.Production</string>
				<key>PRODUCT_NAME</key>
				<string>$(TARGET_NAME)</string>
				<key>SWIFT_VERSION</key>
				<string>5.0</string>
				<key>TARGETED_DEVICE_FAMILY</key>
				<string>1,2</string>
			</dict>
			<key>isa</key>
			<string>XCBuildConfiguration</string>
			<key>name</key>
			<string>Debug</string>
		</dict>
		<key>0B6093D01E68BCDD00C80262</key>
		<dict>
			<key>buildSettings</key>
			<dict>
				<key>ASSETCATALOG_COMPILER_APPICON_NAME</key>
				<string>AppIcon</string>
				<key>ASSETCATALOG_COMPILER_LAUNCHIMAGE_NAME</key>
				<string>Brand Assets</string>
				<key>INFOPLIST_FILE</key>
				<string>$(SRCROOT)/Spacebook/Supporting Files/Info.plist</string>
				<key>LD_RUNPATH_SEARCH_PATHS</key>
				<string>$(inherited) @executable_path/Frameworks</string>
				<key>PRODUCT_BUNDLE_IDENTIFIER</key>
				<string>com.supernova.project.Production</string>
				<key>PRODUCT_NAME</key>
				<string>$(TARGET_NAME)</string>
				<key>SWIFT_VERSION</key>
				<string>5.0</string>
				<key>TARGETED_DEVICE_FAMILY</key>
				<string>1,2</string>
			</dict>
			<key>isa</key>
			<string>XCBuildConfiguration</string>
			<key>name</key>
			<string>Release</string>
		</dict>
		<key>0B6093D11E68BCDD00C80262</key>
		<dict>
			<key>buildConfigurations</key>
			<array>
				<string>0B6093CF1E68BCDD00C80262</string>
				<string>0B6093D01E68BCDD00C80262</string>
			</array>
			<key>defaultConfigurationIsVisible</key>
			<string>0</string>
			<key>defaultConfigurationName</key>
			<string>Release</string>
			<key>isa</key>
			<string>XCConfigurationList</string>
		</dict>
		<key>0C6E6AA460D9B75BBF600846</key>
		<dict>
			<key>children</key>
			<array>
				<string>05C28A4AFC0DD4AE5D78FC7A</string>
				<string>D2BAD0A1D4F27095D26E578C</string>
				<string>2D98892366E6CC71E37F9221</string>
				<string>6EF692934D7FE6F93B1F01F2</string>
			</array>
			<key>isa</key>
			<string>PBXGroup</string>
			<key>path</key>
			<string>Resources</string>
			<key>sourceTree</key>
			<string>&lt;group&gt;</string>
		</dict>
		<key>0CA193222BB1BAB4AC3C335D</key>
		<dict>
			<key>fileRef</key>
			<string>993A3F9D175719350AFCF24C</string>
			<key>isa</key>
			<string>PBXBuildFile</string>
		</dict>
		<key>0CDA8BD9594D9A615448F22E</key>
		<dict>
			<key>fileEncoding</key>
			<string>4</string>
			<key>isa</key>
			<string>PBXFileReference</string>
			<key>lastKnownFileType</key>
			<string>sourcecode.swift</string>
			<key>path</key>
			<string>OnlinePersonTwoCollectionViewCell.swift</string>
			<key>sourceTree</key>
			<string>&lt;group&gt;</string>
		</dict>
		<key>1326BCB82997170D3D7851C4</key>
		<dict>
			<key>fileEncoding</key>
			<string>4</string>
			<key>isa</key>
			<string>PBXFileReference</string>
			<key>lastKnownFileType</key>
			<string>sourcecode.swift</string>
			<key>path</key>
			<string>ProfileSettingsViewController.swift</string>
			<key>sourceTree</key>
			<string>&lt;group&gt;</string>
		</dict>
		<key>14B986224C276FBC7E9C8ECB</key>
		<dict>
			<key>fileEncoding</key>
			<string>4</string>
			<key>isa</key>
			<string>PBXFileReference</string>
			<key>lastKnownFileType</key>
			<string>sourcecode.swift</string>
			<key>path</key>
			<string>TitleTwoCollectionViewCell.swift</string>
			<key>sourceTree</key>
			<string>&lt;group&gt;</string>
		</dict>
		<key>14E2E0AF18048ABBC8BEC034</key>
		<dict>
			<key>fileRef</key>
			<string>9B4882B1D5B05FEB4B813B82</string>
			<key>isa</key>
			<string>PBXBuildFile</string>
		</dict>
		<key>151432CB71AA576BE81E9CF8</key>
		<dict>
			<key>children</key>
			<array>
				<string>C68D6F09F9CE7C0C438FB6CE</string>
			</array>
			<key>isa</key>
			<string>PBXGroup</string>
			<key>path</key>
			<string>TabBarControllers</string>
			<key>sourceTree</key>
			<string>&lt;group&gt;</string>
		</dict>
		<key>17BEC50C2B03FD6708029551</key>
		<dict>
			<key>fileEncoding</key>
			<string>4</string>
			<key>isa</key>
			<string>PBXFileReference</string>
			<key>lastKnownFileType</key>
			<string>file.font</string>
			<key>path</key>
			<string>Lato-Regular.ttf</string>
			<key>sourceTree</key>
			<string>&lt;group&gt;</string>
		</dict>
		<key>186C1338C1F9C6C978FB5C9A</key>
		<dict>
			<key>fileRef</key>
			<string>DFE6EAF0C9B24A59C7F6588B</string>
			<key>isa</key>
			<string>PBXBuildFile</string>
		</dict>
		<key>18A469E6CAC074D0108C41BC</key>
		<dict>
			<key>fileRef</key>
			<string>8D02648ECA56C65E2420859F</string>
			<key>isa</key>
			<string>PBXBuildFile</string>
		</dict>
		<key>19358EB6128B183E7CE39826</key>
		<dict>
			<key>fileEncoding</key>
			<string>4</string>
			<key>isa</key>
			<string>PBXFileReference</string>
			<key>lastKnownFileType</key>
			<string>sourcecode.swift</string>
			<key>path</key>
			<string>SupernovaButton.swift</string>
			<key>sourceTree</key>
			<string>&lt;group&gt;</string>
		</dict>
		<key>1BF75BD238FE6A4BDD4101AF</key>
		<dict>
			<key>fileRef</key>
			<string>4F05335BC7662E6F42FAB2ED</string>
			<key>isa</key>
			<string>PBXBuildFile</string>
		</dict>
		<key>1E3B350E41FD369A1B58434A</key>
		<dict>
			<key>fileEncoding</key>
			<string>4</string>
			<key>isa</key>
			<string>PBXFileReference</string>
			<key>lastKnownFileType</key>
			<string>sourcecode.swift</string>
			<key>path</key>
			<string>MessageThreeTableViewCell.swift</string>
			<key>sourceTree</key>
			<string>&lt;group&gt;</string>
		</dict>
		<key>20BDC990F0A76D8AF51D2D7E</key>
		<dict>
			<key>fileEncoding</key>
			<string>4</string>
			<key>isa</key>
			<string>PBXFileReference</string>
			<key>lastKnownFileType</key>
			<string>sourcecode.swift</string>
			<key>path</key>
			<string>TimelineViewController.swift</string>
			<key>sourceTree</key>
			<string>&lt;group&gt;</string>
		</dict>
		<key>20E14854C8E2E4D456E5B237</key>
		<dict>
			<key>fileEncoding</key>
			<string>4</string>
			<key>isa</key>
			<string>PBXFileReference</string>
			<key>lastKnownFileType</key>
			<string>sourcecode.swift</string>
			<key>path</key>
			<string>ViewFourCollectionViewCell.swift</string>
			<key>sourceTree</key>
			<string>&lt;group&gt;</string>
		</dict>
		<key>2B018162BB0130640820F348</key>
		<dict>
			<key>fileEncoding</key>
			<string>4</string>
			<key>isa</key>
			<string>PBXFileReference</string>
			<key>lastKnownFileType</key>
			<string>sourcecode.swift</string>
			<key>path</key>
			<string>NewsTableViewCell.swift</string>
			<key>sourceTree</key>
			<string>&lt;group&gt;</string>
		</dict>
		<key>2D98892366E6CC71E37F9221</key>
		<dict>
			<key>children</key>
			<array/>
			<key>isa</key>
			<string>PBXGroup</string>
			<key>path</key>
			<string>Interface</string>
			<key>sourceTree</key>
			<string>&lt;group&gt;</string>
		</dict>
		<key>2F8F0EBA92E6A305CF5A7E97</key>
		<dict>
			<key>children</key>
			<array>
				<string>20BDC990F0A76D8AF51D2D7E</string>
				<string>2B018162BB0130640820F348</string>
				<string>2FA23AF73AA9D15CECEF82BB</string>
				<string>88FAC756C1D859F0A033AAA5</string>
				<string>541C80BF85A6D329AB02F739</string>
				<string>FCA72CA49C0AB63F14956396</string>
			</array>
			<key>isa</key>
			<string>PBXGroup</string>
			<key>path</key>
			<string>Timeline</string>
			<key>sourceTree</key>
			<string>&lt;group&gt;</string>
		</dict>
		<key>2FA23AF73AA9D15CECEF82BB</key>
		<dict>
			<key>fileEncoding</key>
			<string>4</string>
			<key>isa</key>
			<string>PBXFileReference</string>
			<key>lastKnownFileType</key>
			<string>sourcecode.swift</string>
			<key>path</key>
			<string>LifetimeEventTableViewCell.swift</string>
			<key>sourceTree</key>
			<string>&lt;group&gt;</string>
		</dict>
		<key>3528F9933AFD4D062C403128</key>
		<dict>
			<key>fileRef</key>
			<string>FFC1EBFF7DFFBEBC05B7B66D</string>
			<key>isa</key>
			<string>PBXBuildFile</string>
		</dict>
		<key>367D907C46A123441A0A0D58</key>
		<dict>
			<key>fileEncoding</key>
			<string>4</string>
			<key>isa</key>
			<string>PBXFileReference</string>
			<key>lastKnownFileType</key>
			<string>file.font</string>
			<key>path</key>
			<string>Lato-Black.ttf</string>
			<key>sourceTree</key>
			<string>&lt;group&gt;</string>
		</dict>
		<key>3AFB7596197A051B862E3C5D</key>
		<dict>
			<key>fileRef</key>
			<string>EAD1030A8C24110B98CF5228</string>
			<key>isa</key>
			<string>PBXBuildFile</string>
		</dict>
		<key>3B199AA1766367BC884BF50A</key>
		<dict>
			<key>fileRef</key>
			<string>06934847D4644CCA50578007</string>
			<key>isa</key>
			<string>PBXBuildFile</string>
		</dict>
		<key>3C6E2F8A1498F4F49D9A6C5B</key>
		<dict>
			<key>fileRef</key>
			<string>2FA23AF73AA9D15CECEF82BB</string>
			<key>isa</key>
			<string>PBXBuildFile</string>
		</dict>
		<key>3EE501E793049D3279E2CAB0</key>
		<dict>
			<key>fileRef</key>
			<string>752A4826B766183DCB741FBB</string>
			<key>isa</key>
			<string>PBXBuildFile</string>
		</dict>
		<key>3F62F6668B290DA088494004</key>
		<dict>
			<key>fileRef</key>
			<string>14B986224C276FBC7E9C8ECB</string>
			<key>isa</key>
			<string>PBXBuildFile</string>
		</dict>
		<key>415CC77A3B2E8D90DA3CF1CB</key>
		<dict>
			<key>fileRef</key>
			<string>B4D501C8EBE8D5CDB201A33E</string>
			<key>isa</key>
			<string>PBXBuildFile</string>
		</dict>
		<key>4AB142CA89E782DB12546DD4</key>
		<dict>
			<key>fileRef</key>
			<string>FCA72CA49C0AB63F14956396</string>
			<key>isa</key>
			<string>PBXBuildFile</string>
		</dict>
		<key>4D99F1230EE61AAE0BCC3AA2</key>
		<dict>
			<key>children</key>
			<array>
				<string>C1E4752D889BE361128777AE</string>
				<string>0C6E6AA460D9B75BBF600846</string>
				<string>B9CF01ED35F381CFE5DBB867</string>
			</array>
			<key>isa</key>
			<string>PBXGroup</string>
			<key>path</key>
			<string>Spacebook</string>
			<key>sourceTree</key>
			<string>&lt;group&gt;</string>
		</dict>
		<key>4F05335BC7662E6F42FAB2ED</key>
		<dict>
			<key>fileEncoding</key>
			<string>4</string>
			<key>isa</key>
			<string>PBXFileReference</string>
			<key>lastKnownFileType</key>
			<string>sourcecode.swift</string>
			<key>path</key>
			<string>ViewTwoCollectionViewCell.swift</string>
			<key>sourceTree</key>
			<string>&lt;group&gt;</string>
		</dict>
		<key>508707AC4B2C5F98AD9D8FAC</key>
		<dict>
			<key>fileRef</key>
			<string>FB578C1CB93CD2F6BD41259E</string>
			<key>isa</key>
			<string>PBXBuildFile</string>
		</dict>
		<key>53AC75466D14FA50281ADD06</key>
		<dict>
			<key>fileEncoding</key>
			<string>4</string>
			<key>isa</key>
			<string>PBXFileReference</string>
			<key>lastKnownFileType</key>
			<string>sourcecode.swift</string>
			<key>path</key>
			<string>ViewEightCollectionViewCell.swift</string>
			<key>sourceTree</key>
			<string>&lt;group&gt;</string>
		</dict>
		<key>541C80BF85A6D329AB02F739</key>
		<dict>
			<key>fileEncoding</key>
			<string>4</string>
			<key>isa</key>
			<string>PBXFileReference</string>
			<key>lastKnownFileType</key>
			<string>sourcecode.swift</string>
			<key>path</key>
			<string>EventTableViewCell.swift</string>
			<key>sourceTree</key>
			<string>&lt;group&gt;</string>
		</dict>
		<key>5445CF57EB5576F3F67F966C</key>
		<dict>
			<key>fileRef</key>
			<string>20BDC990F0A76D8AF51D2D7E</string>
			<key>isa</key>
			<string>PBXBuildFile</string>
		</dict>
		<key>55A1573524B056680BF5CE8A</key>
		<dict>
			<key>fileEncoding</key>
			<string>4</string>
			<key>isa</key>
			<string>PBXFileReference</string>
			<key>lastKnownFileType</key>
			<string>file.font</string>
			<key>path</key>
			<string>Lato-Bold.ttf</string>
			<key>sourceTree</key>
			<string>&lt;group&gt;</string>
		</dict>
		<key>56E0F9A6D9583BBC23A5B321</key>
		<dict>
			<key>fileRef</key>
			<string>9828A6BA188A47CF83A102E1</string>
			<key>isa</key>
			<string>PBXBuildFile</string>
		</dict>
		<key>5AA13F00EA900E06F4D4466A</key>
		<dict>
			<key>fileRef</key>
			<string>096F24CE11481C0CD0055A24</string>
			<key>isa</key>
			<string>PBXBuildFile</string>
		</dict>
		<key>5D947711D51C584C53072460</key>
		<dict>
			<key>fileRef</key>
			<string>E6AED4C29E9F7AA7CE99AC75</string>
			<key>isa</key>
			<string>PBXBuildFile</string>
		</dict>
		<key>5D9D786B73DDA382348D0E3E</key>
		<dict>
			<key>children</key>
			<array>
				<string>DFA83C6B99C224836FF827F3</string>
			</array>
			<key>isa</key>
			<string>PBXGroup</string>
			<key>path</key>
			<string>Event detail</string>
			<key>sourceTree</key>
			<string>&lt;group&gt;</string>
		</dict>
		<key>60DF13C3CBCBA548001BDDEE</key>
		<dict>
			<key>fileEncoding</key>
			<string>4</string>
			<key>isa</key>
			<string>PBXFileReference</string>
			<key>lastKnownFileType</key>
			<string>sourcecode.swift</string>
			<key>path</key>
			<string>OnlinePersonThreeCollectionViewCell.swift</string>
			<key>sourceTree</key>
			<string>&lt;group&gt;</string>
		</dict>
		<key>61C28C858410CB3325B652B5</key>
		<dict>
			<key>fileRef</key>
			<string>1E3B350E41FD369A1B58434A</string>
			<key>isa</key>
			<string>PBXBuildFile</string>
		</dict>
		<key>62878AE89F63F6FC1E206B0A</key>
		<dict>
			<key>fileEncoding</key>
			<string>4</string>
			<key>isa</key>
			<string>PBXFileReference</string>
			<key>lastKnownFileType</key>
			<string>sourcecode.swift</string>
			<key>path</key>
			<string>MessagesViewController.swift</string>
			<key>sourceTree</key>
			<string>&lt;group&gt;</string>
		</dict>
		<key>64690F7057062801DEF67FC5</key>
		<dict>
			<key>fileEncoding</key>
			<string>4</string>
			<key>isa</key>
			<string>PBXFileReference</string>
			<key>lastKnownFileType</key>
			<string>sourcecode.swift</string>
			<key>path</key>
			<string>ViewThreeCollectionViewCell.swift</string>
			<key>sourceTree</key>
			<string>&lt;group&gt;</string>
		</dict>
		<key>67205E22A414D9380955FB0E</key>
		<dict>
			<key>children</key>
			<array>
				<string>CBDEE1934A1553675281ECBB</string>
			</array>
			<key>isa</key>
			<string>PBXGroup</string>
			<key>path</key>
			<string>Login</string>
			<key>sourceTree</key>
			<string>&lt;group&gt;</string>
		</dict>
		<key>67A570B8F96D6B0BCDCF276E</key>
		<dict>
			<key>fileEncoding</key>
			<string>4</string>
			<key>isa</key>
			<string>PBXFileReference</string>
			<key>lastKnownFileType</key>
			<string>text.plist.strings</string>
			<key>path</key>
			<string>Info.plist</string>
			<key>sourceTree</key>
			<string>&lt;group&gt;</string>
		</dict>
		<key>68C38CCAD2B92F9636DB081F</key>
		<dict>
			<key>children</key>
			<array>
				<string>9B4882B1D5B05FEB4B813B82</string>
			</array>
			<key>isa</key>
			<string>PBXGroup</string>
			<key>path</key>
			<string>Signup</string>
			<key>sourceTree</key>
			<string>&lt;group&gt;</string>
		</dict>
		<key>69AD52BEF51F4F63EE581F6C</key>
		<dict>
			<key>fileRef</key>
			<string>1326BCB82997170D3D7851C4</string>
			<key>isa</key>
			<string>PBXBuildFile</string>
		</dict>
		<key>6CFAFBB62BB92706AE862E02</key>
		<dict>
			<key>fileRef</key>
			<string>53AC75466D14FA50281ADD06</string>
			<key>isa</key>
			<string>PBXBuildFile</string>
		</dict>
		<key>6EF692934D7FE6F93B1F01F2</key>
		<dict>
			<key>children</key>
			<array/>
			<key>isa</key>
			<string>PBXGroup</string>
			<key>path</key>
			<string>Localization</string>
			<key>sourceTree</key>
			<string>&lt;group&gt;</string>
		</dict>
		<key>72C0E571FB07893C2D238F7A</key>
		<dict>
			<key>fileEncoding</key>
			<string>4</string>
			<key>isa</key>
			<string>PBXFileReference</string>
			<key>lastKnownFileType</key>
			<string>sourcecode.swift</string>
			<key>path</key>
			<string>ProfileViewController.swift</string>
			<key>sourceTree</key>
			<string>&lt;group&gt;</string>
		</dict>
		<key>752A4826B766183DCB741FBB</key>
		<dict>
			<key>fileEncoding</key>
			<string>4</string>
			<key>isa</key>
			<string>PBXFileReference</string>
			<key>lastKnownFileType</key>
			<string>sourcecode.swift</string>
			<key>path</key>
			<string>ViewSixCollectionViewCell.swift</string>
			<key>sourceTree</key>
			<string>&lt;group&gt;</string>
		</dict>
		<key>79EC9F2675EAC0BD43E658F1</key>
		<dict>
			<key>children</key>
			<array>
				<string>62878AE89F63F6FC1E206B0A</string>
				<string>8D02648ECA56C65E2420859F</string>
				<string>0CDA8BD9594D9A615448F22E</string>
				<string>60DF13C3CBCBA548001BDDEE</string>
				<string>A521BD034D5CC0A85B54D0AA</string>
				<string>96DC53CBEE88863ED8B8CA7B</string>
				<string>1E3B350E41FD369A1B58434A</string>
				<string>06934847D4644CCA50578007</string>
				<string>993A3F9D175719350AFCF24C</string>
				<string>B4D501C8EBE8D5CDB201A33E</string>
			</array>
			<key>isa</key>
			<string>PBXGroup</string>
			<key>path</key>
			<string>Messages</string>
			<key>sourceTree</key>
			<string>&lt;group&gt;</string>
		</dict>
		<key>7BF8DF084AE250F7DAD267D9</key>
		<dict>
			<key>fileRef</key>
			<string>A521BD034D5CC0A85B54D0AA</string>
			<key>isa</key>
			<string>PBXBuildFile</string>
		</dict>
		<key>7EA8F4C3443341C8C7E03984</key>
		<dict>
			<key>fileEncoding</key>
			<string>4</string>
			<key>isa</key>
			<string>PBXFileReference</string>
			<key>lastKnownFileType</key>
			<string>sourcecode.swift</string>
			<key>path</key>
			<string>ViewCollectionViewCell.swift</string>
			<key>sourceTree</key>
			<string>&lt;group&gt;</string>
		</dict>
		<key>8204262FE5358C0C9FB0CDD4</key>
		<dict>
			<key>fileRef</key>
			<string>C1EAA14E3740BF25C9348DE8</string>
			<key>isa</key>
			<string>PBXBuildFile</string>
		</dict>
		<key>8256C32E6F52F0B3778A4C36</key>
		<dict>
			<key>fileRef</key>
			<string>9A70761BEACAC654EF7D0AB6</string>
			<key>isa</key>
			<string>PBXBuildFile</string>
		</dict>
		<key>844616C54D9BB725A1B4D030</key>
		<dict>
			<key>fileRef</key>
			<string>88FAC756C1D859F0A033AAA5</string>
			<key>isa</key>
			<string>PBXBuildFile</string>
		</dict>
		<key>88FAC756C1D859F0A033AAA5</key>
		<dict>
			<key>fileEncoding</key>
			<string>4</string>
			<key>isa</key>
			<string>PBXFileReference</string>
			<key>lastKnownFileType</key>
			<string>sourcecode.swift</string>
			<key>path</key>
			<string>NewsTwoTableViewCell.swift</string>
			<key>sourceTree</key>
			<string>&lt;group&gt;</string>
		</dict>
		<key>8D02648ECA56C65E2420859F</key>
		<dict>
			<key>fileEncoding</key>
			<string>4</string>
			<key>isa</key>
			<string>PBXFileReference</string>
			<key>lastKnownFileType</key>
			<string>sourcecode.swift</string>
			<key>path</key>
			<string>OnlinePersonCollectionViewCell.swift</string>
			<key>sourceTree</key>
			<string>&lt;group&gt;</string>
		</dict>
		<key>901781EC5C1807CC88C53C04</key>
		<dict>
			<key>fileEncoding</key>
			<string>4</string>
			<key>isa</key>
			<string>PBXFileReference</string>
			<key>lastKnownFileType</key>
			<string>sourcecode.swift</string>
			<key>path</key>
			<string>UITabBarController+Utility.swift</string>
			<key>sourceTree</key>
			<string>&lt;group&gt;</string>
		</dict>
		<key>90FB73481CAD665C8DD46F97</key>
		<dict>
			<key>fileEncoding</key>
			<string>4</string>
			<key>isa</key>
			<string>PBXFileReference</string>
			<key>lastKnownFileType</key>
			<string>sourcecode.swift</string>
			<key>path</key>
			<string>UIImage+Utility.swift</string>
			<key>sourceTree</key>
			<string>&lt;group&gt;</string>
		</dict>
		<key>93A4893FDD8253677A53242A</key>
		<dict>
			<key>children</key>
			<array>
				<string>72C0E571FB07893C2D238F7A</string>
				<string>7EA8F4C3443341C8C7E03984</string>
				<string>4F05335BC7662E6F42FAB2ED</string>
				<string>64690F7057062801DEF67FC5</string>
			</array>
			<key>isa</key>
			<string>PBXGroup</string>
			<key>path</key>
			<string>Profile</string>
			<key>sourceTree</key>
			<string>&lt;group&gt;</string>
		</dict>
		<key>96DC53CBEE88863ED8B8CA7B</key>
		<dict>
			<key>fileEncoding</key>
			<string>4</string>
			<key>isa</key>
			<string>PBXFileReference</string>
			<key>lastKnownFileType</key>
			<string>sourcecode.swift</string>
			<key>path</key>
			<string>MessageTwoTableViewCell.swift</string>
			<key>sourceTree</key>
			<string>&lt;group&gt;</string>
		</dict>
		<key>9828A6BA188A47CF83A102E1</key>
		<dict>
			<key>fileEncoding</key>
			<string>4</string>
			<key>isa</key>
			<string>PBXFileReference</string>
			<key>lastKnownFileType</key>
			<string>sourcecode.swift</string>
			<key>path</key>
			<string>UINavigationController+Utility.swift</string>
			<key>sourceTree</key>
			<string>&lt;group&gt;</string>
		</dict>
		<key>993A3F9D175719350AFCF24C</key>
		<dict>
			<key>fileEncoding</key>
			<string>4</string>
			<key>isa</key>
			<string>PBXFileReference</string>
			<key>lastKnownFileType</key>
			<string>sourcecode.swift</string>
			<key>path</key>
			<string>MessageFiveTableViewCell.swift</string>
			<key>sourceTree</key>
			<string>&lt;group&gt;</string>
		</dict>
		<key>99ACC9D5096BDF6461B708A7</key>
		<dict>
			<key>fileRef</key>
			<string>17BEC50C2B03FD6708029551</string>
			<key>isa</key>
			<string>PBXBuildFile</string>
		</dict>
		<key>9A70761BEACAC654EF7D0AB6</key>
		<dict>
			<key>fileEncoding</key>
			<string>4</string>
			<key>isa</key>
			<string>PBXFileReference</string>
			<key>lastKnownFileType</key>
			<string>sourcecode.swift</string>
			<key>path</key>
			<string>ViewSevenCollectionViewCell.swift</string>
			<key>sourceTree</key>
			<string>&lt;group&gt;</string>
		</dict>
		<key>9B01EA142B3DE0B7228755BB</key>
		<dict>
			<key>fileRef</key>
			<string>0CDA8BD9594D9A615448F22E</string>
			<key>isa</key>
			<string>PBXBuildFile</string>
		</dict>
		<key>9B4882B1D5B05FEB4B813B82</key>
		<dict>
			<key>fileEncoding</key>
			<string>4</string>
			<key>isa</key>
			<string>PBXFileReference</string>
			<key>lastKnownFileType</key>
			<string>sourcecode.swift</string>
			<key>path</key>
			<string>SignupViewController.swift</string>
			<key>sourceTree</key>
			<string>&lt;group&gt;</string>
		</dict>
		<key>9D0D8FC5EFFF6BD4A11596CC</key>
		<dict>
			<key>fileRef</key>
			<string>CCC62F6280F7628D189EDDEF</string>
			<key>isa</key>
			<string>PBXBuildFile</string>
		</dict>
		<key>9E0AAB35892048D9F1F0BF24</key>
		<dict>
			<key>children</key>
			<array>
				<string>1326BCB82997170D3D7851C4</string>
			</array>
			<key>isa</key>
			<string>PBXGroup</string>
			<key>path</key>
			<string>Profile Settings</string>
			<key>sourceTree</key>
			<string>&lt;group&gt;</string>
		</dict>
		<key>A521BD034D5CC0A85B54D0AA</key>
		<dict>
			<key>fileEncoding</key>
			<string>4</string>
			<key>isa</key>
			<string>PBXFileReference</string>
			<key>lastKnownFileType</key>
			<string>sourcecode.swift</string>
			<key>path</key>
			<string>MessageTableViewCell.swift</string>
			<key>sourceTree</key>
			<string>&lt;group&gt;</string>
		</dict>
		<key>A5DD516D85E9D8BA36CB6BB6</key>
		<dict>
			<key>children</key>
			<array>
				<string>151432CB71AA576BE81E9CF8</string>
				<string>ED0639C64B04859B0125BE59</string>
				<string>67205E22A414D9380955FB0E</string>
				<string>68C38CCAD2B92F9636DB081F</string>
				<string>2F8F0EBA92E6A305CF5A7E97</string>
				<string>93A4893FDD8253677A53242A</string>
				<string>ADB40BCBFEEF9189943332EC</string>
				<string>9E0AAB35892048D9F1F0BF24</string>
				<string>79EC9F2675EAC0BD43E658F1</string>
				<string>5D9D786B73DDA382348D0E3E</string>
			</array>
			<key>isa</key>
			<string>PBXGroup</string>
			<key>path</key>
			<string>Controllers</string>
			<key>sourceTree</key>
			<string>&lt;group&gt;</string>
		</dict>
		<key>A7065F8870F3CF9F0279E99B</key>
		<dict>
			<key>children</key>
			<array>
				<string>FFC1EBFF7DFFBEBC05B7B66D</string>
				<string>19358EB6128B183E7CE39826</string>
				<string>096F24CE11481C0CD0055A24</string>
				<string>EAD1030A8C24110B98CF5228</string>
				<string>90FB73481CAD665C8DD46F97</string>
				<string>DFE6EAF0C9B24A59C7F6588B</string>
				<string>9828A6BA188A47CF83A102E1</string>
				<string>E6AED4C29E9F7AA7CE99AC75</string>
				<string>901781EC5C1807CC88C53C04</string>
			</array>
			<key>isa</key>
			<string>PBXGroup</string>
			<key>path</key>
			<string>Extensions</string>
			<key>sourceTree</key>
			<string>&lt;group&gt;</string>
		</dict>
		<key>A8FDC8D9FA83A8F771712E32</key>
		<dict>
			<key>fileRef</key>
			<string>60DF13C3CBCBA548001BDDEE</string>
			<key>isa</key>
			<string>PBXBuildFile</string>
		</dict>
		<key>AB0017F8715BBE6BA9632D7A</key>
		<dict>
			<key>fileRef</key>
			<string>55A1573524B056680BF5CE8A</string>
			<key>isa</key>
			<string>PBXBuildFile</string>
		</dict>
		<key>ADB40BCBFEEF9189943332EC</key>
		<dict>
			<key>children</key>
			<array>
				<string>CCC62F6280F7628D189EDDEF</string>
				<string>AF10B417D25ABFA06D0F3DFE</string>
				<string>20E14854C8E2E4D456E5B237</string>
				<string>059963BE2E308433F23FC142</string>
				<string>14B986224C276FBC7E9C8ECB</string>
				<string>752A4826B766183DCB741FBB</string>
				<string>9A70761BEACAC654EF7D0AB6</string>
				<string>53AC75466D14FA50281ADD06</string>
			</array>
			<key>isa</key>
			<string>PBXGroup</string>
			<key>path</key>
			<string>Profile Photos</string>
			<key>sourceTree</key>
			<string>&lt;group&gt;</string>
		</dict>
		<key>AF10B417D25ABFA06D0F3DFE</key>
		<dict>
			<key>fileEncoding</key>
			<string>4</string>
			<key>isa</key>
			<string>PBXFileReference</string>
			<key>lastKnownFileType</key>
			<string>sourcecode.swift</string>
			<key>path</key>
			<string>TitleCollectionViewCell.swift</string>
			<key>sourceTree</key>
			<string>&lt;group&gt;</string>
		</dict>
		<key>B4D501C8EBE8D5CDB201A33E</key>
		<dict>
			<key>fileEncoding</key>
			<string>4</string>
			<key>isa</key>
			<string>PBXFileReference</string>
			<key>lastKnownFileType</key>
			<string>sourcecode.swift</string>
			<key>path</key>
			<string>MessageSixTableViewCell.swift</string>
			<key>sourceTree</key>
			<string>&lt;group&gt;</string>
		</dict>
		<key>B6561CD313F9673A5E29E61D</key>
		<dict>
			<key>fileRef</key>
			<string>C323496A05101028DBBDE285</string>
			<key>isa</key>
			<string>PBXBuildFile</string>
		</dict>
		<key>B7D8FCE83C328A1B24737509</key>
		<dict>
			<key>fileRef</key>
			<string>DFA83C6B99C224836FF827F3</string>
			<key>isa</key>
			<string>PBXBuildFile</string>
		</dict>
		<key>B9CF01ED35F381CFE5DBB867</key>
		<dict>
			<key>children</key>
			<array>
				<string>67A570B8F96D6B0BCDCF276E</string>
			</array>
			<key>isa</key>
			<string>PBXGroup</string>
			<key>path</key>
			<string>Supporting Files</string>
			<key>sourceTree</key>
			<string>&lt;group&gt;</string>
		</dict>
		<key>BD150CA1CD8D04635684B3FE</key>
		<dict>
			<key>fileRef</key>
			<string>DFF958CF85C824409C9C2CCF</string>
			<key>isa</key>
			<string>PBXBuildFile</string>
		</dict>
		<key>C1E4752D889BE361128777AE</key>
		<dict>
			<key>children</key>
			<array>
				<string>A5DD516D85E9D8BA36CB6BB6</string>
				<string>A7065F8870F3CF9F0279E99B</string>
				<string>C1EAA14E3740BF25C9348DE8</string>
			</array>
			<key>isa</key>
			<string>PBXGroup</string>
			<key>path</key>
			<string>Classes</string>
			<key>sourceTree</key>
			<string>&lt;group&gt;</string>
		</dict>
		<key>C1EAA14E3740BF25C9348DE8</key>
		<dict>
			<key>fileEncoding</key>
			<string>4</string>
			<key>isa</key>
			<string>PBXFileReference</string>
			<key>lastKnownFileType</key>
			<string>sourcecode.swift</string>
			<key>path</key>
			<string>AppDelegate.swift</string>
			<key>sourceTree</key>
			<string>&lt;group&gt;</string>
		</dict>
		<key>C323496A05101028DBBDE285</key>
		<dict>
			<key>fileEncoding</key>
			<string>4</string>
			<key>isa</key>
			<string>PBXFileReference</string>
			<key>lastKnownFileType</key>
			<string>sourcecode.swift</string>
			<key>path</key>
			<string>WelcomeViewController.swift</string>
			<key>sourceTree</key>
			<string>&lt;group&gt;</string>
		</dict>
		<key>C68D6F09F9CE7C0C438FB6CE</key>
		<dict>
			<key>fileEncoding</key>
			<string>4</string>
			<key>isa</key>
			<string>PBXFileReference</string>
			<key>lastKnownFileType</key>
			<string>sourcecode.swift</string>
			<key>path</key>
			<string>TabBarController.swift</string>
			<key>sourceTree</key>
			<string>&lt;group&gt;</string>
		</dict>
		<key>C82354DBB641429CAF13F682</key>
		<dict>
			<key>fileRef</key>
			<string>541C80BF85A6D329AB02F739</string>
			<key>isa</key>
			<string>PBXBuildFile</string>
		</dict>
		<key>C95C111CA822B29A5B275DAA</key>
		<dict>
			<key>fileRef</key>
			<string>AF10B417D25ABFA06D0F3DFE</string>
			<key>isa</key>
			<string>PBXBuildFile</string>
		</dict>
		<key>CBDEE1934A1553675281ECBB</key>
		<dict>
			<key>fileEncoding</key>
			<string>4</string>
			<key>isa</key>
			<string>PBXFileReference</string>
			<key>lastKnownFileType</key>
			<string>sourcecode.swift</string>
			<key>path</key>
			<string>LoginViewController.swift</string>
			<key>sourceTree</key>
			<string>&lt;group&gt;</string>
		</dict>
		<key>CCC62F6280F7628D189EDDEF</key>
		<dict>
			<key>fileEncoding</key>
			<string>4</string>
			<key>isa</key>
			<string>PBXFileReference</string>
			<key>lastKnownFileType</key>
			<string>sourcecode.swift</string>
			<key>path</key>
			<string>ProfilePhotosViewController.swift</string>
			<key>sourceTree</key>
			<string>&lt;group&gt;</string>
		</dict>
		<key>CEA35378FB37F4E9C90CFC91</key>
		<dict>
			<key>fileRef</key>
			<string>367D907C46A123441A0A0D58</string>
			<key>isa</key>
			<string>PBXBuildFile</string>
		</dict>
		<key>CF0EE2AFA8C0FCEFC6EBF92A</key>
		<dict>
			<key>fileRef</key>
			<string>20E14854C8E2E4D456E5B237</string>
			<key>isa</key>
			<string>PBXBuildFile</string>
		</dict>
		<key>CF478476D1631F2869FABB74</key>
		<dict>
			<key>fileRef</key>
			<string>96DC53CBEE88863ED8B8CA7B</string>
			<key>isa</key>
			<string>PBXBuildFile</string>
		</dict>
		<key>D29EEFF2E78BE6D153ABFCAE</key>
		<dict>
			<key>fileRef</key>
			<string>19358EB6128B183E7CE39826</string>
			<key>isa</key>
			<string>PBXBuildFile</string>
		</dict>
		<key>D2BAD0A1D4F27095D26E578C</key>
		<dict>
			<key>children</key>
			<array>
				<string>DFF958CF85C824409C9C2CCF</string>
			</array>
			<key>isa</key>
			<string>PBXGroup</string>
			<key>path</key>
			<string>Images</string>
			<key>sourceTree</key>
			<string>&lt;group&gt;</string>
		</dict>
		<key>D666806061CACEB39337C1C3</key>
		<dict>
			<key>fileRef</key>
			<string>2B018162BB0130640820F348</string>
			<key>isa</key>
			<string>PBXBuildFile</string>
		</dict>
		<key>DFA83C6B99C224836FF827F3</key>
		<dict>
			<key>fileEncoding</key>
			<string>4</string>
			<key>isa</key>
			<string>PBXFileReference</string>
			<key>lastKnownFileType</key>
			<string>sourcecode.swift</string>
			<key>path</key>
			<string>EventDetailViewController.swift</string>
			<key>sourceTree</key>
			<string>&lt;group&gt;</string>
		</dict>
		<key>DFE6EAF0C9B24A59C7F6588B</key>
		<dict>
			<key>fileEncoding</key>
			<string>4</string>
			<key>isa</key>
			<string>PBXFileReference</string>
			<key>lastKnownFileType</key>
			<string>sourcecode.swift</string>
			<key>path</key>
			<string>UILabel+Utility.swift</string>
			<key>sourceTree</key>
			<string>&lt;group&gt;</string>
		</dict>
		<key>DFF958CF85C824409C9C2CCF</key>
		<dict>
			<key>fileEncoding</key>
			<string>4</string>
			<key>isa</key>
			<string>PBXFileReference</string>
			<key>lastKnownFileType</key>
			<string>folder.assetcatalog</string>
			<key>name</key>
			<string>Images.xcassets</string>
			<key>path</key>
			<string>Images.xcassets</string>
			<key>sourceTree</key>
			<string>&lt;group&gt;</string>
		</dict>
		<key>E6AED4C29E9F7AA7CE99AC75</key>
		<dict>
			<key>fileEncoding</key>
			<string>4</string>
			<key>isa</key>
			<string>PBXFileReference</string>
			<key>lastKnownFileType</key>
			<string>sourcecode.swift</string>
			<key>path</key>
			<string>UISearchBar+Utility.swift</string>
			<key>sourceTree</key>
			<string>&lt;group&gt;</string>
		</dict>
		<key>EAD1030A8C24110B98CF5228</key>
		<dict>
			<key>fileEncoding</key>
			<string>4</string>
			<key>isa</key>
			<string>PBXFileReference</string>
			<key>lastKnownFileType</key>
			<string>sourcecode.swift</string>
			<key>path</key>
			<string>SupernovaLabel.swift</string>
			<key>sourceTree</key>
			<string>&lt;group&gt;</string>
		</dict>
		<key>EB28CE439E5143170663F277</key>
		<dict>
			<key>fileRef</key>
			<string>059963BE2E308433F23FC142</string>
			<key>isa</key>
			<string>PBXBuildFile</string>
		</dict>
		<key>EB767497F3DA15BED86A9E88</key>
		<dict>
			<key>fileRef</key>
			<string>64690F7057062801DEF67FC5</string>
			<key>isa</key>
			<string>PBXBuildFile</string>
		</dict>
		<key>ED0639C64B04859B0125BE59</key>
		<dict>
			<key>children</key>
			<array>
				<string>C323496A05101028DBBDE285</string>
			</array>
			<key>isa</key>
			<string>PBXGroup</string>
			<key>path</key>
			<string>Welcome</string>
			<key>sourceTree</key>
			<string>&lt;group&gt;</string>
		</dict>
		<key>F079AD83C0FFCCBC198E4697</key>
		<dict>
			<key>fileRef</key>
			<string>901781EC5C1807CC88C53C04</string>
			<key>isa</key>
			<string>PBXBuildFile</string>
		</dict>
		<key>F84774361741E9EE080BF760</key>
		<dict>
			<key>fileRef</key>
			<string>90FB73481CAD665C8DD46F97</string>
			<key>isa</key>
			<string>PBXBuildFile</string>
		</dict>
		<key>FA1D9ABC43B646A13781BBB8</key>
		<dict>
			<key>fileRef</key>
			<string>CBDEE1934A1553675281ECBB</string>
			<key>isa</key>
			<string>PBXBuildFile</string>
		</dict>
		<key>FA61B54DA1510C66B9D8DB27</key>
		<dict>
			<key>fileRef</key>
			<string>7EA8F4C3443341C8C7E03984</string>
			<key>isa</key>
			<string>PBXBuildFile</string>
		</dict>
		<key>FB578C1CB93CD2F6BD41259E</key>
		<dict>
			<key>fileEncoding</key>
			<string>4</string>
			<key>isa</key>
			<string>PBXFileReference</string>
			<key>lastKnownFileType</key>
			<string>file.font</string>
			<key>path</key>
			<string>Lato-Light.ttf</string>
			<key>sourceTree</key>
			<string>&lt;group&gt;</string>
		</dict>
		<key>FCA72CA49C0AB63F14956396</key>
		<dict>
			<key>fileEncoding</key>
			<string>4</string>
			<key>isa</key>
			<string>PBXFileReference</string>
			<key>lastKnownFileType</key>
			<string>sourcecode.swift</string>
			<key>path</key>
			<string>AdvertisementTableViewCell.swift</string>
			<key>sourceTree</key>
			<string>&lt;group&gt;</string>
		</dict>
		<key>FE61EFD282A2ECC8597BFED3</key>
		<dict>
			<key>fileRef</key>
			<string>62878AE89F63F6FC1E206B0A</string>
			<key>isa</key>
			<string>PBXBuildFile</string>
		</dict>
		<key>FF4D71A7F3552E9B9085D05C</key>
		<dict>
			<key>fileRef</key>
			<string>C68D6F09F9CE7C0C438FB6CE</string>
			<key>isa</key>
			<string>PBXBuildFile</string>
		</dict>
		<key>FFC1EBFF7DFFBEBC05B7B66D</key>
		<dict>
			<key>fileEncoding</key>
			<string>4</string>
			<key>isa</key>
			<string>PBXFileReference</string>
			<key>lastKnownFileType</key>
			<string>sourcecode.swift</string>
			<key>path</key>
			<string>NSMutableParagraphStyle+Utility.swift</string>
			<key>sourceTree</key>
			<string>&lt;group&gt;</string>
		</dict>
	</dict>
	<key>rootObject</key>
	<string>0B28DFD11E40CD2E00BF6E7C</string>
</dict>
</plist>
