<?xml version="1.0" encoding="UTF-8"?>
<!DOCTYPE plist PUBLIC "-//Apple//DTD PLIST 1.0//EN" "http://www.apple.com/DTDs/PropertyList-1.0.dtd">
<plist version="1.0">
<dict>
	<key>archiveVersion</key>
	<string>1</string>
	<key>classes</key>
	<dict/>
	<key>objectVersion</key>
	<string>46</string>
	<key>objects</key>
	<dict>
		<key>00DFCE434DE5A27B9580851B</key>
		<dict>
			<key>fileRef</key>
			<string>7B12C4C26C266A009873DA19</string>
			<key>isa</key>
			<string>PBXBuildFile</string>
		</dict>
		<key>01EAB3ED8F1AF276F681EEB2</key>
		<dict>
			<key>fileRef</key>
			<string>14CB03D43B43AB6CEE2037D8</string>
			<key>isa</key>
			<string>PBXBuildFile</string>
		</dict>
		<key>0239A35E807FD095DDE8374F</key>
		<dict>
			<key>fileEncoding</key>
			<string>4</string>
			<key>isa</key>
			<string>PBXFileReference</string>
			<key>lastKnownFileType</key>
			<string>sourcecode.swift</string>
			<key>path</key>
			<string>UINavigationController+Utility.swift</string>
			<key>sourceTree</key>
			<string>&lt;group&gt;</string>
		</dict>
		<key>04EBF4C7E41F7A31E1E41820</key>
		<dict>
			<key>children</key>
			<array>
				<string>38CC8449093E41D58B3F6110</string>
				<string>963C52D0236F2D1872F3D507</string>
				<string>D42DA697BCB7F0F8824974D8</string>
			</array>
			<key>isa</key>
			<string>PBXGroup</string>
			<key>path</key>
			<string>Classes</string>
			<key>sourceTree</key>
			<string>&lt;group&gt;</string>
		</dict>
		<key>050613BDEF6AD4E3FD5B8033</key>
		<dict>
			<key>children</key>
			<array>
				<string>E6276C63F72EEB86C1F83B8A</string>
				<string>3FA44D030D85F93029AE5F64</string>
				<string>A778827CD35DA82D35AA8F96</string>
				<string>54570BF1DCC785FFE7ACEF50</string>
			</array>
			<key>isa</key>
			<string>PBXGroup</string>
			<key>path</key>
			<string>Profile</string>
			<key>sourceTree</key>
			<string>&lt;group&gt;</string>
		</dict>
		<key>070ED49761235C7B555E7C3A</key>
		<dict>
			<key>fileEncoding</key>
			<string>4</string>
			<key>isa</key>
			<string>PBXFileReference</string>
			<key>lastKnownFileType</key>
			<string>file.font</string>
			<key>path</key>
			<string>Lato-Regular.ttf</string>
			<key>sourceTree</key>
			<string>&lt;group&gt;</string>
		</dict>
		<key>0766B7CD5940E39CBD564020</key>
		<dict>
			<key>children</key>
			<array>
				<string>472F70F1F6C4223024F6830F</string>
			</array>
			<key>isa</key>
			<string>PBXGroup</string>
			<key>path</key>
			<string>Login</string>
			<key>sourceTree</key>
			<string>&lt;group&gt;</string>
		</dict>
		<key>0B28DFD01E40CD2E00BF6E7C</key>
		<dict>
			<key>children</key>
			<array>
				<string>0B28DFDA1E40CD2E00BF6E7C</string>
				<string>6A0F5071F7E97F87D2C670CF</string>
			</array>
			<key>isa</key>
			<string>PBXGroup</string>
			<key>sourceTree</key>
			<string>&lt;group&gt;</string>
		</dict>
		<key>0B28DFD11E40CD2E00BF6E7C</key>
		<dict>
			<key>attributes</key>
			<dict>
				<key>LastSwiftUpdateCheck</key>
				<string>0730</string>
				<key>LastUpgradeCheck</key>
				<string>0730</string>
				<key>ORGANIZATIONNAME</key>
				<string>Supernova</string>
				<key>TargetAttributes</key>
				<dict>
					<key>0B6093BD1E68BCDD00C80262</key>
					<dict>
						<key>CreatedOnToolsVersion</key>
						<string>7.3.1</string>
					</dict>
				</dict>
			</dict>
			<key>buildConfigurationList</key>
			<string>0B28DFD41E40CD2E00BF6E7C</string>
			<key>compatibilityVersion</key>
			<string>Xcode 3.2</string>
			<key>developmentRegion</key>
			<string>English</string>
			<key>hasScannedForEncodings</key>
			<string>0</string>
			<key>isa</key>
			<string>PBXProject</string>
			<key>knownRegions</key>
			<array>
				<string>en</string>
				<string>Base</string>
			</array>
			<key>mainGroup</key>
			<string>0B28DFD01E40CD2E00BF6E7C</string>
			<key>productRefGroup</key>
			<string>0B28DFDA1E40CD2E00BF6E7C</string>
			<key>projectDirPath</key>
			<string></string>
			<key>projectRoot</key>
			<string></string>
			<key>targets</key>
			<array>
				<string>0B6093BD1E68BCDD00C80262</string>
			</array>
		</dict>
		<key>0B28DFD41E40CD2E00BF6E7C</key>
		<dict>
			<key>buildConfigurations</key>
			<array>
				<string>0B28DFE91E40CD2E00BF6E7C</string>
				<string>0B28DFEA1E40CD2E00BF6E7C</string>
			</array>
			<key>defaultConfigurationIsVisible</key>
			<string>0</string>
			<key>defaultConfigurationName</key>
			<string>Release</string>
			<key>isa</key>
			<string>XCConfigurationList</string>
		</dict>
		<key>0B28DFDA1E40CD2E00BF6E7C</key>
		<dict>
			<key>children</key>
			<array>
				<string>0B6093BE1E68BCDD00C80262</string>
			</array>
			<key>isa</key>
			<string>PBXGroup</string>
			<key>name</key>
			<string>Products</string>
			<key>sourceTree</key>
			<string>&lt;group&gt;</string>
		</dict>
		<key>0B28DFE91E40CD2E00BF6E7C</key>
		<dict>
			<key>buildSettings</key>
			<dict>
				<key>ALWAYS_SEARCH_USER_PATHS</key>
				<string>NO</string>
				<key>CLANG_ANALYZER_NONNULL</key>
				<string>YES</string>
				<key>CLANG_CXX_LANGUAGE_STANDARD</key>
				<string>gnu++0x</string>
				<key>CLANG_CXX_LIBRARY</key>
				<string>libc++</string>
				<key>CLANG_ENABLE_MODULES</key>
				<string>YES</string>
				<key>CLANG_ENABLE_OBJC_ARC</key>
				<string>YES</string>
				<key>CLANG_WARN_BOOL_CONVERSION</key>
				<string>YES</string>
				<key>CLANG_WARN_CONSTANT_CONVERSION</key>
				<string>YES</string>
				<key>CLANG_WARN_DIRECT_OBJC_ISA_USAGE</key>
				<string>YES_ERROR</string>
				<key>CLANG_WARN_EMPTY_BODY</key>
				<string>YES</string>
				<key>CLANG_WARN_ENUM_CONVERSION</key>
				<string>YES</string>
				<key>CLANG_WARN_INT_CONVERSION</key>
				<string>YES</string>
				<key>CLANG_WARN_OBJC_ROOT_CLASS</key>
				<string>YES_ERROR</string>
				<key>CLANG_WARN_UNREACHABLE_CODE</key>
				<string>YES</string>
				<key>CLANG_WARN__DUPLICATE_METHOD_MATCH</key>
				<string>YES</string>
				<key>CODE_SIGN_IDENTITY[sdk=iphoneos*]</key>
				<string>iPhone Developer</string>
				<key>COPY_PHASE_STRIP</key>
				<string>NO</string>
				<key>DEBUG_INFORMATION_FORMAT</key>
				<string>dwarf</string>
				<key>ENABLE_STRICT_OBJC_MSGSEND</key>
				<string>YES</string>
				<key>ENABLE_TESTABILITY</key>
				<string>YES</string>
				<key>GCC_C_LANGUAGE_STANDARD</key>
				<string>gnu99</string>
				<key>GCC_DYNAMIC_NO_PIC</key>
				<string>NO</string>
				<key>GCC_NO_COMMON_BLOCKS</key>
				<string>YES</string>
				<key>GCC_OPTIMIZATION_LEVEL</key>
				<string>0</string>
				<key>GCC_PREPROCESSOR_DEFINITIONS</key>
				<array>
					<string>DEBUG=1</string>
					<string>$(inherited)</string>
				</array>
				<key>GCC_WARN_64_TO_32_BIT_CONVERSION</key>
				<string>YES</string>
				<key>GCC_WARN_ABOUT_RETURN_TYPE</key>
				<string>YES_ERROR</string>
				<key>GCC_WARN_UNDECLARED_SELECTOR</key>
				<string>YES</string>
				<key>GCC_WARN_UNINITIALIZED_AUTOS</key>
				<string>YES_AGGRESSIVE</string>
				<key>GCC_WARN_UNUSED_FUNCTION</key>
				<string>YES</string>
				<key>GCC_WARN_UNUSED_VARIABLE</key>
				<string>YES</string>
				<key>IPHONEOS_DEPLOYMENT_TARGET</key>
				<string>9.3</string>
				<key>MTL_ENABLE_DEBUG_INFO</key>
				<string>YES</string>
				<key>ONLY_ACTIVE_ARCH</key>
				<string>YES</string>
				<key>SDKROOT</key>
				<string>iphoneos</string>
			</dict>
			<key>isa</key>
			<string>XCBuildConfiguration</string>
			<key>name</key>
			<string>Debug</string>
		</dict>
		<key>0B28DFEA1E40CD2E00BF6E7C</key>
		<dict>
			<key>buildSettings</key>
			<dict>
				<key>ALWAYS_SEARCH_USER_PATHS</key>
				<string>NO</string>
				<key>CLANG_ANALYZER_NONNULL</key>
				<string>YES</string>
				<key>CLANG_CXX_LANGUAGE_STANDARD</key>
				<string>gnu++0x</string>
				<key>CLANG_CXX_LIBRARY</key>
				<string>libc++</string>
				<key>CLANG_ENABLE_MODULES</key>
				<string>YES</string>
				<key>CLANG_ENABLE_OBJC_ARC</key>
				<string>YES</string>
				<key>CLANG_WARN_BOOL_CONVERSION</key>
				<string>YES</string>
				<key>CLANG_WARN_CONSTANT_CONVERSION</key>
				<string>YES</string>
				<key>CLANG_WARN_DIRECT_OBJC_ISA_USAGE</key>
				<string>YES_ERROR</string>
				<key>CLANG_WARN_EMPTY_BODY</key>
				<string>YES</string>
				<key>CLANG_WARN_ENUM_CONVERSION</key>
				<string>YES</string>
				<key>CLANG_WARN_INT_CONVERSION</key>
				<string>YES</string>
				<key>CLANG_WARN_OBJC_ROOT_CLASS</key>
				<string>YES_ERROR</string>
				<key>CLANG_WARN_UNREACHABLE_CODE</key>
				<string>YES</string>
				<key>CLANG_WARN__DUPLICATE_METHOD_MATCH</key>
				<string>YES</string>
				<key>CODE_SIGN_IDENTITY[sdk=iphoneos*]</key>
				<string>iPhone Developer</string>
				<key>COPY_PHASE_STRIP</key>
				<string>NO</string>
				<key>DEBUG_INFORMATION_FORMAT</key>
				<string>dwarf-with-dsym</string>
				<key>ENABLE_NS_ASSERTIONS</key>
				<string>NO</string>
				<key>ENABLE_STRICT_OBJC_MSGSEND</key>
				<string>YES</string>
				<key>GCC_C_LANGUAGE_STANDARD</key>
				<string>gnu99</string>
				<key>GCC_NO_COMMON_BLOCKS</key>
				<string>YES</string>
				<key>GCC_WARN_64_TO_32_BIT_CONVERSION</key>
				<string>YES</string>
				<key>GCC_WARN_ABOUT_RETURN_TYPE</key>
				<string>YES_ERROR</string>
				<key>GCC_WARN_UNDECLARED_SELECTOR</key>
				<string>YES</string>
				<key>GCC_WARN_UNINITIALIZED_AUTOS</key>
				<string>YES_AGGRESSIVE</string>
				<key>GCC_WARN_UNUSED_FUNCTION</key>
				<string>YES</string>
				<key>GCC_WARN_UNUSED_VARIABLE</key>
				<string>YES</string>
				<key>IPHONEOS_DEPLOYMENT_TARGET</key>
				<string>9.3</string>
				<key>MTL_ENABLE_DEBUG_INFO</key>
				<string>NO</string>
				<key>SDKROOT</key>
				<string>iphoneos</string>
				<key>VALIDATE_PRODUCT</key>
				<string>YES</string>
			</dict>
			<key>isa</key>
			<string>XCBuildConfiguration</string>
			<key>name</key>
			<string>Release</string>
		</dict>
		<key>0B6093BA1E68BCDD00C80262</key>
		<dict>
			<key>buildActionMask</key>
			<string>2147483647</string>
			<key>files</key>
			<array>
				<string>D796E37DAA92916F08F310C9</string>
				<string>74A29F70A275569C5829999B</string>
				<string>0DE08BF47D351438015FD144</string>
				<string>F7DB9EDD900B322BCAEC4FA9</string>
				<string>72E8BF4F4CDB0FF4FC4540BA</string>
				<string>F0158015161B0C0D7F217932</string>
				<string>18124CD76F41CA33250844F5</string>
				<string>BF33E154B708366EB9578A47</string>
				<string>E99E880CF5D3B0D3835BB6CC</string>
				<string>41A2155EE842105CE10A7755</string>
				<string>9A025FBB91CECE078470EAF7</string>
				<string>5B73BCB3D0C7E3C80589C446</string>
				<string>54AA028A771C5EA6C7736F90</string>
				<string>21B0F372369A4D9F0637257B</string>
				<string>6E5EF99C8214733610DA505A</string>
				<string>B1ABB9D4721A86A7E95B96DF</string>
				<string>9131FD20D4F4287E3F59DCB2</string>
				<string>DCC478CD778A5326FE3C3E55</string>
				<string>716C47BAC3783F322EC30936</string>
				<string>47E24BF3E6B9970B40F18F55</string>
				<string>80F381F4385076BFE965CE52</string>
				<string>2DE02FCD1E9D0EA0F80174AC</string>
				<string>F8616BD900472F6FCD12041B</string>
				<string>CB8D63FA401FD320A6D4A597</string>
				<string>2E8CFCD531A12715EBBB6B80</string>
				<string>99BF48F423C3C264BBBD62E6</string>
				<string>63F7BF851A0E142D9EA11687</string>
				<string>CAEA23C5310F1383798F2F3B</string>
				<string>9FF0E9EAC03D826A943333A2</string>
				<string>00DFCE434DE5A27B9580851B</string>
				<string>989DC00F288608F2F9DC8C10</string>
				<string>649C8F5175240A9503607D6F</string>
				<string>AF4E76CBA1F3154F025FC0EC</string>
				<string>9CC614646C52FB5E238019AC</string>
				<string>FCB6E766ABFC4DEED58BCB71</string>
				<string>BC5333EC6B668C2A386C2269</string>
				<string>129817077ABA11B0008194DC</string>
				<string>0F0A8ACC0DCA2B9C6503B40A</string>
				<string>CE2206237CE721FDFB10A628</string>
				<string>A034814FA1EEE2D1E98877A3</string>
				<string>258804FB9B650225D2E5B306</string>
				<string>4BB3BF9FA4EC222EFC81A2E2</string>
				<string>A7954F5742D02902069FFD70</string>
				<string>DEF03DDE2FBF2597AB5F2147</string>
			</array>
			<key>isa</key>
			<string>PBXSourcesBuildPhase</string>
			<key>runOnlyForDeploymentPostprocessing</key>
			<string>0</string>
		</dict>
		<key>0B6093BB1E68BCDD00C80262</key>
		<dict>
			<key>buildActionMask</key>
			<string>2147483647</string>
			<key>files</key>
			<array/>
			<key>isa</key>
			<string>PBXFrameworksBuildPhase</string>
			<key>runOnlyForDeploymentPostprocessing</key>
			<string>0</string>
		</dict>
		<key>0B6093BC1E68BCDD00C80262</key>
		<dict>
			<key>buildActionMask</key>
			<string>2147483647</string>
			<key>files</key>
			<array>
				<string>8C0388053964A3038F6A49D7</string>
				<string>01EAB3ED8F1AF276F681EEB2</string>
				<string>3FE935935BEC1514EFA7F0DD</string>
				<string>8E2DF75063A95EEBC0C0473A</string>
				<string>8F96687441B393BEFD64F0FC</string>
				<string>731D194F4909325A464D3AE4</string>
			</array>
			<key>isa</key>
			<string>PBXResourcesBuildPhase</string>
			<key>runOnlyForDeploymentPostprocessing</key>
			<string>0</string>
		</dict>
		<key>0B6093BD1E68BCDD00C80262</key>
		<dict>
			<key>buildConfigurationList</key>
			<string>0B6093D11E68BCDD00C80262</string>
			<key>buildPhases</key>
			<array>
				<string>0B6093BA1E68BCDD00C80262</string>
				<string>0B6093BB1E68BCDD00C80262</string>
				<string>0B6093BC1E68BCDD00C80262</string>
			</array>
			<key>buildRules</key>
			<array/>
			<key>dependencies</key>
			<array/>
			<key>isa</key>
			<string>PBXNativeTarget</string>
			<key>name</key>
			<string>Spacebook</string>
			<key>productName</key>
			<string>Production</string>
			<key>productReference</key>
			<string>0B6093BE1E68BCDD00C80262</string>
			<key>productType</key>
			<string>com.apple.product-type.application</string>
		</dict>
		<key>0B6093BE1E68BCDD00C80262</key>
		<dict>
			<key>explicitFileType</key>
			<string>wrapper.application</string>
			<key>includeInIndex</key>
			<string>0</string>
			<key>isa</key>
			<string>PBXFileReference</string>
			<key>path</key>
			<string>Production.app</string>
			<key>sourceTree</key>
			<string>BUILT_PRODUCTS_DIR</string>
		</dict>
		<key>0B6093CF1E68BCDD00C80262</key>
		<dict>
			<key>buildSettings</key>
			<dict>
				<key>ASSETCATALOG_COMPILER_APPICON_NAME</key>
				<string>AppIcon</string>
				<key>ASSETCATALOG_COMPILER_LAUNCHIMAGE_NAME</key>
				<string>LaunchImage</string>
				<key>INFOPLIST_FILE</key>
				<string>$(SRCROOT)/Spacebook/Supporting Files/Info.plist</string>
				<key>LD_RUNPATH_SEARCH_PATHS</key>
				<string>$(inherited) @executable_path/Frameworks</string>
				<key>PRODUCT_BUNDLE_IDENTIFIER</key>
				<string>com.supernova.project.Production</string>
				<key>PRODUCT_NAME</key>
				<string>$(TARGET_NAME)</string>
				<key>SWIFT_VERSION</key>
				<string>4.2</string>
				<key>TARGETED_DEVICE_FAMILY</key>
				<string>1,2</string>
			</dict>
			<key>isa</key>
			<string>XCBuildConfiguration</string>
			<key>name</key>
			<string>Debug</string>
		</dict>
		<key>0B6093D01E68BCDD00C80262</key>
		<dict>
			<key>buildSettings</key>
			<dict>
				<key>ASSETCATALOG_COMPILER_APPICON_NAME</key>
				<string>AppIcon</string>
				<key>ASSETCATALOG_COMPILER_LAUNCHIMAGE_NAME</key>
				<string>Brand Assets</string>
				<key>INFOPLIST_FILE</key>
				<string>$(SRCROOT)/Spacebook/Supporting Files/Info.plist</string>
				<key>LD_RUNPATH_SEARCH_PATHS</key>
				<string>$(inherited) @executable_path/Frameworks</string>
				<key>PRODUCT_BUNDLE_IDENTIFIER</key>
				<string>com.supernova.project.Production</string>
				<key>PRODUCT_NAME</key>
				<string>$(TARGET_NAME)</string>
				<key>SWIFT_VERSION</key>
				<string>4.2</string>
				<key>TARGETED_DEVICE_FAMILY</key>
				<string>1,2</string>
			</dict>
			<key>isa</key>
			<string>XCBuildConfiguration</string>
			<key>name</key>
			<string>Release</string>
		</dict>
		<key>0B6093D11E68BCDD00C80262</key>
		<dict>
			<key>buildConfigurations</key>
			<array>
				<string>0B6093CF1E68BCDD00C80262</string>
				<string>0B6093D01E68BCDD00C80262</string>
			</array>
			<key>defaultConfigurationIsVisible</key>
			<string>0</string>
			<key>defaultConfigurationName</key>
			<string>Release</string>
			<key>isa</key>
			<string>XCConfigurationList</string>
		</dict>
		<key>0DE08BF47D351438015FD144</key>
		<dict>
			<key>fileRef</key>
			<string>15DD9B566EEF1205B85147FD</string>
			<key>isa</key>
			<string>PBXBuildFile</string>
		</dict>
		<key>0F0A8ACC0DCA2B9C6503B40A</key>
		<dict>
			<key>fileRef</key>
			<string>0239A35E807FD095DDE8374F</string>
			<key>isa</key>
			<string>PBXBuildFile</string>
		</dict>
		<key>129817077ABA11B0008194DC</key>
		<dict>
			<key>fileRef</key>
			<string>F2C203C11AAD672836036C70</string>
			<key>isa</key>
			<string>PBXBuildFile</string>
		</dict>
		<key>14CB03D43B43AB6CEE2037D8</key>
		<dict>
			<key>fileEncoding</key>
			<string>4</string>
			<key>isa</key>
			<string>PBXFileReference</string>
			<key>lastKnownFileType</key>
			<string>file.font</string>
			<key>path</key>
			<string>Lato-Bold.ttf</string>
			<key>sourceTree</key>
			<string>&lt;group&gt;</string>
		</dict>
		<key>15DD9B566EEF1205B85147FD</key>
		<dict>
			<key>fileEncoding</key>
			<string>4</string>
			<key>isa</key>
			<string>PBXFileReference</string>
			<key>lastKnownFileType</key>
			<string>sourcecode.swift</string>
			<key>path</key>
			<string>EventDetailViewController.swift</string>
			<key>sourceTree</key>
			<string>&lt;group&gt;</string>
		</dict>
		<key>18124CD76F41CA33250844F5</key>
		<dict>
			<key>fileRef</key>
			<string>A778827CD35DA82D35AA8F96</string>
			<key>isa</key>
			<string>PBXBuildFile</string>
		</dict>
		<key>19E687CBF2285602A7DB2357</key>
		<dict>
			<key>children</key>
			<array>
				<string>2B5EF6A8498F0FA316BDA344</string>
			</array>
			<key>isa</key>
			<string>PBXGroup</string>
			<key>path</key>
			<string>Profile Settings</string>
			<key>sourceTree</key>
			<string>&lt;group&gt;</string>
		</dict>
		<key>1CBF9F118BE28520F37EF298</key>
		<dict>
			<key>fileEncoding</key>
			<string>4</string>
			<key>isa</key>
			<string>PBXFileReference</string>
			<key>lastKnownFileType</key>
			<string>sourcecode.swift</string>
			<key>path</key>
			<string>UIImage+Utility.swift</string>
			<key>sourceTree</key>
			<string>&lt;group&gt;</string>
		</dict>
		<key>21B0F372369A4D9F0637257B</key>
		<dict>
			<key>fileRef</key>
			<string>9FCF96F5E154D87068469946</string>
			<key>isa</key>
			<string>PBXBuildFile</string>
		</dict>
		<key>258804FB9B650225D2E5B306</key>
		<dict>
			<key>fileRef</key>
			<string>FCA170A26476BEB1C19437E5</string>
			<key>isa</key>
			<string>PBXBuildFile</string>
		</dict>
		<key>27A020834F8CF4AD662C60DA</key>
		<dict>
			<key>fileEncoding</key>
			<string>4</string>
			<key>isa</key>
			<string>PBXFileReference</string>
			<key>lastKnownFileType</key>
			<string>sourcecode.swift</string>
			<key>path</key>
			<string>NSMutableParagraphStyle+Utility.swift</string>
			<key>sourceTree</key>
			<string>&lt;group&gt;</string>
		</dict>
		<key>2B5EF6A8498F0FA316BDA344</key>
		<dict>
			<key>fileEncoding</key>
			<string>4</string>
			<key>isa</key>
			<string>PBXFileReference</string>
			<key>lastKnownFileType</key>
			<string>sourcecode.swift</string>
			<key>path</key>
			<string>ProfileSettingsViewController.swift</string>
			<key>sourceTree</key>
			<string>&lt;group&gt;</string>
		</dict>
		<key>2BE65BA813840E986D86522F</key>
		<dict>
			<key>children</key>
			<array>
				<string>7A8B74AF33B6C470ED081D25</string>
				<string>713B710FA64B86CE1DD9D344</string>
				<string>56FDD8F3167AB4BDA5D9EB18</string>
				<string>2FB11EFA8D5AAA61E93D3EDD</string>
			</array>
			<key>isa</key>
			<string>PBXGroup</string>
			<key>path</key>
			<string>Resources</string>
			<key>sourceTree</key>
			<string>&lt;group&gt;</string>
		</dict>
		<key>2D6B69CD1E97876D7A918B0F</key>
		<dict>
			<key>fileEncoding</key>
			<string>4</string>
			<key>isa</key>
			<string>PBXFileReference</string>
			<key>lastKnownFileType</key>
			<string>sourcecode.swift</string>
			<key>path</key>
			<string>TitleTwoCollectionViewCell.swift</string>
			<key>sourceTree</key>
			<string>&lt;group&gt;</string>
		</dict>
		<key>2DE02FCD1E9D0EA0F80174AC</key>
		<dict>
			<key>fileRef</key>
			<string>95CC278964CE9C303D05F00C</string>
			<key>isa</key>
			<string>PBXBuildFile</string>
		</dict>
		<key>2E8CFCD531A12715EBBB6B80</key>
		<dict>
			<key>fileRef</key>
			<string>8227E16F12B4E9924350C21E</string>
			<key>isa</key>
			<string>PBXBuildFile</string>
		</dict>
		<key>2FB11EFA8D5AAA61E93D3EDD</key>
		<dict>
			<key>children</key>
			<array/>
			<key>isa</key>
			<string>PBXGroup</string>
			<key>path</key>
			<string>Localization</string>
			<key>sourceTree</key>
			<string>&lt;group&gt;</string>
		</dict>
		<key>31EDC4459F930ABBA222F4ED</key>
		<dict>
			<key>fileEncoding</key>
			<string>4</string>
			<key>isa</key>
			<string>PBXFileReference</string>
			<key>lastKnownFileType</key>
			<string>sourcecode.swift</string>
			<key>path</key>
			<string>SignupViewController.swift</string>
			<key>sourceTree</key>
			<string>&lt;group&gt;</string>
		</dict>
		<key>38CC8449093E41D58B3F6110</key>
		<dict>
			<key>children</key>
			<array>
				<string>7DBA7BC423D37323D8EBDC35</string>
				<string>8B6433C5214C6BA251BFDC00</string>
				<string>0766B7CD5940E39CBD564020</string>
				<string>A45C829BA6EEBC3E88584244</string>
				<string>E7CD90D70C63B8FF2C95EF80</string>
				<string>050613BDEF6AD4E3FD5B8033</string>
				<string>924B2C865A5B8B1E44385CAA</string>
				<string>19E687CBF2285602A7DB2357</string>
				<string>EB8D7D7BB232944351728167</string>
				<string>84E3710B378715203CE7EE83</string>
			</array>
			<key>isa</key>
			<string>PBXGroup</string>
			<key>path</key>
			<string>Controllers</string>
			<key>sourceTree</key>
			<string>&lt;group&gt;</string>
		</dict>
		<key>3C4A059641AA9FD9B4E4AC50</key>
		<dict>
			<key>fileEncoding</key>
			<string>4</string>
			<key>isa</key>
			<string>PBXFileReference</string>
			<key>lastKnownFileType</key>
			<string>sourcecode.swift</string>
			<key>path</key>
			<string>ViewFiveCollectionViewCell.swift</string>
			<key>sourceTree</key>
			<string>&lt;group&gt;</string>
		</dict>
		<key>3FA44D030D85F93029AE5F64</key>
		<dict>
			<key>fileEncoding</key>
			<string>4</string>
			<key>isa</key>
			<string>PBXFileReference</string>
			<key>lastKnownFileType</key>
			<string>sourcecode.swift</string>
			<key>path</key>
			<string>ViewCollectionViewCell.swift</string>
			<key>sourceTree</key>
			<string>&lt;group&gt;</string>
		</dict>
		<key>3FE935935BEC1514EFA7F0DD</key>
		<dict>
			<key>fileRef</key>
			<string>DDF1AB9F720111DD8B757E98</string>
			<key>isa</key>
			<string>PBXBuildFile</string>
		</dict>
		<key>417B80613E525EB2DDF3C8F4</key>
		<dict>
			<key>fileEncoding</key>
			<string>4</string>
			<key>isa</key>
			<string>PBXFileReference</string>
			<key>lastKnownFileType</key>
			<string>file.font</string>
			<key>path</key>
			<string>Lato-Black.ttf</string>
			<key>sourceTree</key>
			<string>&lt;group&gt;</string>
		</dict>
		<key>41A2155EE842105CE10A7755</key>
		<dict>
			<key>fileRef</key>
			<string>4587DC21090226851F775078</string>
			<key>isa</key>
			<string>PBXBuildFile</string>
		</dict>
		<key>449281D7B6D75D45C0DCD24F</key>
		<dict>
			<key>fileEncoding</key>
			<string>4</string>
			<key>isa</key>
			<string>PBXFileReference</string>
			<key>lastKnownFileType</key>
			<string>sourcecode.swift</string>
			<key>path</key>
			<string>LifetimeEventTableViewCell.swift</string>
			<key>sourceTree</key>
			<string>&lt;group&gt;</string>
		</dict>
		<key>44E8FEE65F14FBA81B68EBB7</key>
		<dict>
			<key>fileEncoding</key>
			<string>4</string>
			<key>isa</key>
			<string>PBXFileReference</string>
			<key>lastKnownFileType</key>
			<string>sourcecode.swift</string>
			<key>path</key>
			<string>ViewSixCollectionViewCell.swift</string>
			<key>sourceTree</key>
			<string>&lt;group&gt;</string>
		</dict>
		<key>4587DC21090226851F775078</key>
		<dict>
			<key>fileEncoding</key>
			<string>4</string>
			<key>isa</key>
			<string>PBXFileReference</string>
			<key>lastKnownFileType</key>
			<string>sourcecode.swift</string>
			<key>path</key>
			<string>NewsTableViewCell.swift</string>
			<key>sourceTree</key>
			<string>&lt;group&gt;</string>
		</dict>
		<key>472F70F1F6C4223024F6830F</key>
		<dict>
			<key>fileEncoding</key>
			<string>4</string>
			<key>isa</key>
			<string>PBXFileReference</string>
			<key>lastKnownFileType</key>
			<string>sourcecode.swift</string>
			<key>path</key>
			<string>LoginViewController.swift</string>
			<key>sourceTree</key>
			<string>&lt;group&gt;</string>
		</dict>
		<key>47E24BF3E6B9970B40F18F55</key>
		<dict>
			<key>fileRef</key>
			<string>72986EBC0CA2CBC51193C9F2</string>
			<key>isa</key>
			<string>PBXBuildFile</string>
		</dict>
		<key>4888D6A2ADF6D259CC9E2641</key>
		<dict>
			<key>fileEncoding</key>
			<string>4</string>
			<key>isa</key>
			<string>PBXFileReference</string>
			<key>lastKnownFileType</key>
			<string>sourcecode.swift</string>
			<key>path</key>
			<string>SupernovaButton.swift</string>
			<key>sourceTree</key>
			<string>&lt;group&gt;</string>
		</dict>
		<key>4BB3BF9FA4EC222EFC81A2E2</key>
		<dict>
			<key>fileRef</key>
			<string>CBB66FD71589EEC35D4B7D20</string>
			<key>isa</key>
			<string>PBXBuildFile</string>
		</dict>
		<key>54570BF1DCC785FFE7ACEF50</key>
		<dict>
			<key>fileEncoding</key>
			<string>4</string>
			<key>isa</key>
			<string>PBXFileReference</string>
			<key>lastKnownFileType</key>
			<string>sourcecode.swift</string>
			<key>path</key>
			<string>ViewThreeCollectionViewCell.swift</string>
			<key>sourceTree</key>
			<string>&lt;group&gt;</string>
		</dict>
		<key>54AA028A771C5EA6C7736F90</key>
		<dict>
			<key>fileRef</key>
			<string>44E8FEE65F14FBA81B68EBB7</string>
			<key>isa</key>
			<string>PBXBuildFile</string>
		</dict>
		<key>56FDD8F3167AB4BDA5D9EB18</key>
		<dict>
			<key>children</key>
			<array/>
			<key>isa</key>
			<string>PBXGroup</string>
			<key>path</key>
			<string>Interface</string>
			<key>sourceTree</key>
			<string>&lt;group&gt;</string>
		</dict>
		<key>5B73BCB3D0C7E3C80589C446</key>
		<dict>
			<key>fileRef</key>
			<string>C25462C0900024A69118B2B5</string>
			<key>isa</key>
			<string>PBXBuildFile</string>
		</dict>
		<key>5C36EAE1C094597C941098AA</key>
		<dict>
			<key>fileEncoding</key>
			<string>4</string>
			<key>isa</key>
			<string>PBXFileReference</string>
			<key>lastKnownFileType</key>
			<string>sourcecode.swift</string>
			<key>path</key>
			<string>AdvertisementTableViewCell.swift</string>
			<key>sourceTree</key>
			<string>&lt;group&gt;</string>
		</dict>
		<key>62286E5E33521808C570A411</key>
		<dict>
			<key>fileEncoding</key>
			<string>4</string>
			<key>isa</key>
			<string>PBXFileReference</string>
			<key>lastKnownFileType</key>
			<string>sourcecode.swift</string>
			<key>path</key>
			<string>MessageFourTableViewCell.swift</string>
			<key>sourceTree</key>
			<string>&lt;group&gt;</string>
		</dict>
		<key>63F7BF851A0E142D9EA11687</key>
		<dict>
			<key>fileRef</key>
			<string>81FF519829051F0F7CCB820F</string>
			<key>isa</key>
			<string>PBXBuildFile</string>
		</dict>
		<key>649C8F5175240A9503607D6F</key>
		<dict>
			<key>fileRef</key>
			<string>6ACBAD8D6826BD2F1B0D0118</string>
			<key>isa</key>
			<string>PBXBuildFile</string>
		</dict>
		<key>6A0F5071F7E97F87D2C670CF</key>
		<dict>
			<key>children</key>
			<array>
				<string>04EBF4C7E41F7A31E1E41820</string>
				<string>2BE65BA813840E986D86522F</string>
				<string>7C4F74CF2C67E80BB3D46063</string>
			</array>
			<key>isa</key>
			<string>PBXGroup</string>
			<key>path</key>
			<string>Spacebook</string>
			<key>sourceTree</key>
			<string>&lt;group&gt;</string>
		</dict>
		<key>6ACBAD8D6826BD2F1B0D0118</key>
		<dict>
			<key>fileEncoding</key>
			<string>4</string>
			<key>isa</key>
			<string>PBXFileReference</string>
			<key>lastKnownFileType</key>
			<string>sourcecode.swift</string>
			<key>path</key>
			<string>MessageFiveTableViewCell.swift</string>
			<key>sourceTree</key>
			<string>&lt;group&gt;</string>
		</dict>
		<key>6E5EF99C8214733610DA505A</key>
		<dict>
			<key>fileRef</key>
			<string>FD424F57EC442BD319DCE19E</string>
			<key>isa</key>
			<string>PBXBuildFile</string>
		</dict>
		<key>713B710FA64B86CE1DD9D344</key>
		<dict>
			<key>children</key>
			<array>
				<string>DDF1AB9F720111DD8B757E98</string>
			</array>
			<key>isa</key>
			<string>PBXGroup</string>
			<key>path</key>
			<string>Images</string>
			<key>sourceTree</key>
			<string>&lt;group&gt;</string>
		</dict>
		<key>716C47BAC3783F322EC30936</key>
		<dict>
			<key>fileRef</key>
			<string>54570BF1DCC785FFE7ACEF50</string>
			<key>isa</key>
			<string>PBXBuildFile</string>
		</dict>
		<key>72986EBC0CA2CBC51193C9F2</key>
		<dict>
			<key>fileEncoding</key>
			<string>4</string>
			<key>isa</key>
			<string>PBXFileReference</string>
			<key>lastKnownFileType</key>
			<string>sourcecode.swift</string>
			<key>path</key>
			<string>EventTableViewCell.swift</string>
			<key>sourceTree</key>
			<string>&lt;group&gt;</string>
		</dict>
		<key>72E8BF4F4CDB0FF4FC4540BA</key>
		<dict>
			<key>fileRef</key>
			<string>62286E5E33521808C570A411</string>
			<key>isa</key>
			<string>PBXBuildFile</string>
		</dict>
		<key>731D194F4909325A464D3AE4</key>
		<dict>
			<key>fileRef</key>
			<string>DF5E5166D468D3A4C1C3ABB0</string>
			<key>isa</key>
			<string>PBXBuildFile</string>
		</dict>
		<key>74A29F70A275569C5829999B</key>
		<dict>
			<key>fileRef</key>
			<string>2B5EF6A8498F0FA316BDA344</string>
			<key>isa</key>
			<string>PBXBuildFile</string>
		</dict>
		<key>7A8B74AF33B6C470ED081D25</key>
		<dict>
			<key>children</key>
			<array>
				<string>7B1B04D905460A6D35B5F93C</string>
				<string>DF5E5166D468D3A4C1C3ABB0</string>
				<string>14CB03D43B43AB6CEE2037D8</string>
				<string>070ED49761235C7B555E7C3A</string>
				<string>417B80613E525EB2DDF3C8F4</string>
			</array>
			<key>isa</key>
			<string>PBXGroup</string>
			<key>path</key>
			<string>Fonts</string>
			<key>sourceTree</key>
			<string>&lt;group&gt;</string>
		</dict>
		<key>7B12C4C26C266A009873DA19</key>
		<dict>
			<key>fileEncoding</key>
			<string>4</string>
			<key>isa</key>
			<string>PBXFileReference</string>
			<key>lastKnownFileType</key>
			<string>sourcecode.swift</string>
			<key>path</key>
			<string>UITabBarController+Utility.swift</string>
			<key>sourceTree</key>
			<string>&lt;group&gt;</string>
		</dict>
		<key>7B1B04D905460A6D35B5F93C</key>
		<dict>
			<key>fileEncoding</key>
			<string>4</string>
			<key>isa</key>
			<string>PBXFileReference</string>
			<key>lastKnownFileType</key>
			<string>file.font</string>
			<key>path</key>
			<string>SFNSDisplay.ttf</string>
			<key>sourceTree</key>
			<string>&lt;group&gt;</string>
		</dict>
		<key>7C4F74CF2C67E80BB3D46063</key>
		<dict>
			<key>children</key>
			<array>
				<string>FBD55086EBB60BF6A1883105</string>
			</array>
			<key>isa</key>
			<string>PBXGroup</string>
			<key>path</key>
			<string>Supporting Files</string>
			<key>sourceTree</key>
			<string>&lt;group&gt;</string>
		</dict>
		<key>7DBA7BC423D37323D8EBDC35</key>
		<dict>
			<key>children</key>
			<array>
				<string>FCA170A26476BEB1C19437E5</string>
			</array>
			<key>isa</key>
			<string>PBXGroup</string>
			<key>path</key>
			<string>TabBarControllers</string>
			<key>sourceTree</key>
			<string>&lt;group&gt;</string>
		</dict>
		<key>80F381F4385076BFE965CE52</key>
		<dict>
			<key>fileRef</key>
			<string>9405101EF3A453EF15EA67B9</string>
			<key>isa</key>
			<string>PBXBuildFile</string>
		</dict>
		<key>81FF519829051F0F7CCB820F</key>
		<dict>
			<key>fileEncoding</key>
			<string>4</string>
			<key>isa</key>
			<string>PBXFileReference</string>
			<key>lastKnownFileType</key>
			<string>sourcecode.swift</string>
			<key>path</key>
			<string>MessagesViewController.swift</string>
			<key>sourceTree</key>
			<string>&lt;group&gt;</string>
		</dict>
		<key>8227E16F12B4E9924350C21E</key>
		<dict>
			<key>fileEncoding</key>
			<string>4</string>
			<key>isa</key>
			<string>PBXFileReference</string>
			<key>lastKnownFileType</key>
			<string>sourcecode.swift</string>
			<key>path</key>
			<string>OnlinePersonCollectionViewCell.swift</string>
			<key>sourceTree</key>
			<string>&lt;group&gt;</string>
		</dict>
		<key>84E3710B378715203CE7EE83</key>
		<dict>
			<key>children</key>
			<array>
				<string>15DD9B566EEF1205B85147FD</string>
			</array>
			<key>isa</key>
			<string>PBXGroup</string>
			<key>path</key>
			<string>Event detail</string>
			<key>sourceTree</key>
			<string>&lt;group&gt;</string>
		</dict>
		<key>8B6433C5214C6BA251BFDC00</key>
		<dict>
			<key>children</key>
			<array>
				<string>F0F978F931F487CCEF01CC8F</string>
			</array>
			<key>isa</key>
			<string>PBXGroup</string>
			<key>path</key>
			<string>Welcome</string>
			<key>sourceTree</key>
			<string>&lt;group&gt;</string>
		</dict>
		<key>8C0388053964A3038F6A49D7</key>
		<dict>
			<key>fileRef</key>
			<string>070ED49761235C7B555E7C3A</string>
			<key>isa</key>
			<string>PBXBuildFile</string>
		</dict>
		<key>8E2DF75063A95EEBC0C0473A</key>
		<dict>
			<key>fileRef</key>
			<string>417B80613E525EB2DDF3C8F4</string>
			<key>isa</key>
			<string>PBXBuildFile</string>
		</dict>
		<key>8F96687441B393BEFD64F0FC</key>
		<dict>
			<key>fileRef</key>
			<string>7B1B04D905460A6D35B5F93C</string>
			<key>isa</key>
			<string>PBXBuildFile</string>
		</dict>
		<key>9131FD20D4F4287E3F59DCB2</key>
		<dict>
			<key>fileRef</key>
			<string>D530DED715B6821849D10CFE</string>
			<key>isa</key>
			<string>PBXBuildFile</string>
		</dict>
		<key>924B2C865A5B8B1E44385CAA</key>
		<dict>
			<key>children</key>
			<array>
				<string>D530DED715B6821849D10CFE</string>
				<string>A1E20D10229E469E4BD28DF3</string>
				<string>C25462C0900024A69118B2B5</string>
				<string>3C4A059641AA9FD9B4E4AC50</string>
				<string>2D6B69CD1E97876D7A918B0F</string>
				<string>44E8FEE65F14FBA81B68EBB7</string>
				<string>A86BB1F6194D568E0BEFF1A9</string>
				<string>F2C203C11AAD672836036C70</string>
			</array>
			<key>isa</key>
			<string>PBXGroup</string>
			<key>path</key>
			<string>Profile Photos</string>
			<key>sourceTree</key>
			<string>&lt;group&gt;</string>
		</dict>
		<key>9405101EF3A453EF15EA67B9</key>
		<dict>
			<key>fileEncoding</key>
			<string>4</string>
			<key>isa</key>
			<string>PBXFileReference</string>
			<key>lastKnownFileType</key>
			<string>sourcecode.swift</string>
			<key>path</key>
			<string>NewsTwoTableViewCell.swift</string>
			<key>sourceTree</key>
			<string>&lt;group&gt;</string>
		</dict>
		<key>95CC278964CE9C303D05F00C</key>
		<dict>
			<key>fileEncoding</key>
			<string>4</string>
			<key>isa</key>
			<string>PBXFileReference</string>
			<key>lastKnownFileType</key>
			<string>sourcecode.swift</string>
			<key>path</key>
			<string>OnlinePersonThreeCollectionViewCell.swift</string>
			<key>sourceTree</key>
			<string>&lt;group&gt;</string>
		</dict>
		<key>963C52D0236F2D1872F3D507</key>
		<dict>
			<key>children</key>
			<array>
				<string>27A020834F8CF4AD662C60DA</string>
				<string>4888D6A2ADF6D259CC9E2641</string>
				<string>C653363EE449E05C9709E5E5</string>
				<string>B5260806F12A7B6FB5F91116</string>
				<string>1CBF9F118BE28520F37EF298</string>
				<string>FD424F57EC442BD319DCE19E</string>
				<string>0239A35E807FD095DDE8374F</string>
				<string>B04FD9D354F5275A550B5679</string>
				<string>7B12C4C26C266A009873DA19</string>
			</array>
			<key>isa</key>
			<string>PBXGroup</string>
			<key>path</key>
			<string>Extensions</string>
			<key>sourceTree</key>
			<string>&lt;group&gt;</string>
		</dict>
		<key>989DC00F288608F2F9DC8C10</key>
		<dict>
			<key>fileRef</key>
			<string>D50BAE788113B3DF61AC645E</string>
			<key>isa</key>
			<string>PBXBuildFile</string>
		</dict>
		<key>99BF48F423C3C264BBBD62E6</key>
		<dict>
			<key>fileRef</key>
			<string>9BD9FB0A08D50C4E36C283B1</string>
			<key>isa</key>
			<string>PBXBuildFile</string>
		</dict>
		<key>9A025FBB91CECE078470EAF7</key>
		<dict>
			<key>fileRef</key>
			<string>C653363EE449E05C9709E5E5</string>
			<key>isa</key>
			<string>PBXBuildFile</string>
		</dict>
		<key>9BD9FB0A08D50C4E36C283B1</key>
		<dict>
			<key>fileEncoding</key>
			<string>4</string>
			<key>isa</key>
			<string>PBXFileReference</string>
			<key>lastKnownFileType</key>
			<string>sourcecode.swift</string>
			<key>path</key>
			<string>OnlinePersonTwoCollectionViewCell.swift</string>
			<key>sourceTree</key>
			<string>&lt;group&gt;</string>
		</dict>
		<key>9CC614646C52FB5E238019AC</key>
		<dict>
			<key>fileRef</key>
			<string>3C4A059641AA9FD9B4E4AC50</string>
			<key>isa</key>
			<string>PBXBuildFile</string>
		</dict>
		<key>9FCF96F5E154D87068469946</key>
		<dict>
			<key>fileEncoding</key>
			<string>4</string>
			<key>isa</key>
			<string>PBXFileReference</string>
			<key>lastKnownFileType</key>
			<string>sourcecode.swift</string>
			<key>path</key>
			<string>MessageSixTableViewCell.swift</string>
			<key>sourceTree</key>
			<string>&lt;group&gt;</string>
		</dict>
		<key>9FF0E9EAC03D826A943333A2</key>
		<dict>
			<key>fileRef</key>
			<string>449281D7B6D75D45C0DCD24F</string>
			<key>isa</key>
			<string>PBXBuildFile</string>
		</dict>
		<key>A034814FA1EEE2D1E98877A3</key>
		<dict>
			<key>fileRef</key>
			<string>2D6B69CD1E97876D7A918B0F</string>
			<key>isa</key>
			<string>PBXBuildFile</string>
		</dict>
		<key>A116AA8C8BFB75D2CEAEA275</key>
		<dict>
			<key>fileEncoding</key>
			<string>4</string>
			<key>isa</key>
			<string>PBXFileReference</string>
			<key>lastKnownFileType</key>
			<string>sourcecode.swift</string>
			<key>path</key>
			<string>MessageThreeTableViewCell.swift</string>
			<key>sourceTree</key>
			<string>&lt;group&gt;</string>
		</dict>
		<key>A1E20D10229E469E4BD28DF3</key>
		<dict>
			<key>fileEncoding</key>
			<string>4</string>
			<key>isa</key>
			<string>PBXFileReference</string>
			<key>lastKnownFileType</key>
			<string>sourcecode.swift</string>
			<key>path</key>
			<string>TitleCollectionViewCell.swift</string>
			<key>sourceTree</key>
			<string>&lt;group&gt;</string>
		</dict>
		<key>A45C829BA6EEBC3E88584244</key>
		<dict>
			<key>children</key>
			<array>
				<string>31EDC4459F930ABBA222F4ED</string>
			</array>
			<key>isa</key>
			<string>PBXGroup</string>
			<key>path</key>
			<string>Signup</string>
			<key>sourceTree</key>
			<string>&lt;group&gt;</string>
		</dict>
		<key>A778827CD35DA82D35AA8F96</key>
		<dict>
			<key>fileEncoding</key>
			<string>4</string>
			<key>isa</key>
			<string>PBXFileReference</string>
			<key>lastKnownFileType</key>
			<string>sourcecode.swift</string>
			<key>path</key>
			<string>ViewTwoCollectionViewCell.swift</string>
			<key>sourceTree</key>
			<string>&lt;group&gt;</string>
		</dict>
		<key>A7954F5742D02902069FFD70</key>
		<dict>
			<key>fileRef</key>
			<string>B04FD9D354F5275A550B5679</string>
			<key>isa</key>
			<string>PBXBuildFile</string>
		</dict>
		<key>A86BB1F6194D568E0BEFF1A9</key>
		<dict>
			<key>fileEncoding</key>
			<string>4</string>
			<key>isa</key>
			<string>PBXFileReference</string>
			<key>lastKnownFileType</key>
			<string>sourcecode.swift</string>
			<key>path</key>
			<string>ViewSevenCollectionViewCell.swift</string>
			<key>sourceTree</key>
			<string>&lt;group&gt;</string>
		</dict>
		<key>AF4E76CBA1F3154F025FC0EC</key>
		<dict>
			<key>fileRef</key>
			<string>4888D6A2ADF6D259CC9E2641</string>
			<key>isa</key>
			<string>PBXBuildFile</string>
		</dict>
		<key>B04FD9D354F5275A550B5679</key>
		<dict>
			<key>fileEncoding</key>
			<string>4</string>
			<key>isa</key>
			<string>PBXFileReference</string>
			<key>lastKnownFileType</key>
			<string>sourcecode.swift</string>
			<key>path</key>
			<string>UISearchBar+Utility.swift</string>
			<key>sourceTree</key>
			<string>&lt;group&gt;</string>
		</dict>
		<key>B1ABB9D4721A86A7E95B96DF</key>
		<dict>
			<key>fileRef</key>
			<string>5C36EAE1C094597C941098AA</string>
			<key>isa</key>
			<string>PBXBuildFile</string>
		</dict>
		<key>B5260806F12A7B6FB5F91116</key>
		<dict>
			<key>fileEncoding</key>
			<string>4</string>
			<key>isa</key>
			<string>PBXFileReference</string>
			<key>lastKnownFileType</key>
			<string>sourcecode.swift</string>
			<key>path</key>
			<string>SupernovaLabel.swift</string>
			<key>sourceTree</key>
			<string>&lt;group&gt;</string>
		</dict>
		<key>BC5333EC6B668C2A386C2269</key>
		<dict>
			<key>fileRef</key>
			<string>3FA44D030D85F93029AE5F64</string>
			<key>isa</key>
			<string>PBXBuildFile</string>
		</dict>
		<key>BF33E154B708366EB9578A47</key>
		<dict>
			<key>fileRef</key>
			<string>E6276C63F72EEB86C1F83B8A</string>
			<key>isa</key>
			<string>PBXBuildFile</string>
		</dict>
		<key>C25462C0900024A69118B2B5</key>
		<dict>
			<key>fileEncoding</key>
			<string>4</string>
			<key>isa</key>
			<string>PBXFileReference</string>
			<key>lastKnownFileType</key>
			<string>sourcecode.swift</string>
			<key>path</key>
			<string>ViewFourCollectionViewCell.swift</string>
			<key>sourceTree</key>
			<string>&lt;group&gt;</string>
		</dict>
		<key>C653363EE449E05C9709E5E5</key>
		<dict>
			<key>fileEncoding</key>
			<string>4</string>
			<key>isa</key>
			<string>PBXFileReference</string>
			<key>lastKnownFileType</key>
			<string>sourcecode.swift</string>
			<key>path</key>
			<string>SupernovaTextField.swift</string>
			<key>sourceTree</key>
			<string>&lt;group&gt;</string>
		</dict>
		<key>CAEA23C5310F1383798F2F3B</key>
		<dict>
			<key>fileRef</key>
			<string>A116AA8C8BFB75D2CEAEA275</string>
			<key>isa</key>
			<string>PBXBuildFile</string>
		</dict>
		<key>CB8D63FA401FD320A6D4A597</key>
		<dict>
			<key>fileRef</key>
			<string>CFE1A92546DCBB77983FEE54</string>
			<key>isa</key>
			<string>PBXBuildFile</string>
		</dict>
		<key>CBB66FD71589EEC35D4B7D20</key>
		<dict>
			<key>fileEncoding</key>
			<string>4</string>
			<key>isa</key>
			<string>PBXFileReference</string>
			<key>lastKnownFileType</key>
			<string>sourcecode.swift</string>
			<key>path</key>
			<string>TimelineViewController.swift</string>
			<key>sourceTree</key>
			<string>&lt;group&gt;</string>
		</dict>
		<key>CE2206237CE721FDFB10A628</key>
		<dict>
			<key>fileRef</key>
			<string>1CBF9F118BE28520F37EF298</string>
			<key>isa</key>
			<string>PBXBuildFile</string>
		</dict>
		<key>CFE1A92546DCBB77983FEE54</key>
		<dict>
			<key>fileEncoding</key>
			<string>4</string>
			<key>isa</key>
			<string>PBXFileReference</string>
			<key>lastKnownFileType</key>
			<string>sourcecode.swift</string>
			<key>path</key>
			<string>MessageTableViewCell.swift</string>
			<key>sourceTree</key>
			<string>&lt;group&gt;</string>
		</dict>
		<key>D42DA697BCB7F0F8824974D8</key>
		<dict>
			<key>fileEncoding</key>
			<string>4</string>
			<key>isa</key>
			<string>PBXFileReference</string>
			<key>lastKnownFileType</key>
			<string>sourcecode.swift</string>
			<key>path</key>
			<string>AppDelegate.swift</string>
			<key>sourceTree</key>
			<string>&lt;group&gt;</string>
		</dict>
		<key>D50BAE788113B3DF61AC645E</key>
		<dict>
			<key>fileEncoding</key>
			<string>4</string>
			<key>isa</key>
			<string>PBXFileReference</string>
			<key>lastKnownFileType</key>
			<string>sourcecode.swift</string>
			<key>path</key>
			<string>MessageTwoTableViewCell.swift</string>
			<key>sourceTree</key>
			<string>&lt;group&gt;</string>
		</dict>
		<key>D530DED715B6821849D10CFE</key>
		<dict>
			<key>fileEncoding</key>
			<string>4</string>
			<key>isa</key>
			<string>PBXFileReference</string>
			<key>lastKnownFileType</key>
			<string>sourcecode.swift</string>
			<key>path</key>
			<string>ProfilePhotosViewController.swift</string>
			<key>sourceTree</key>
			<string>&lt;group&gt;</string>
		</dict>
		<key>D796E37DAA92916F08F310C9</key>
		<dict>
			<key>fileRef</key>
			<string>31EDC4459F930ABBA222F4ED</string>
			<key>isa</key>
			<string>PBXBuildFile</string>
		</dict>
		<key>DCC478CD778A5326FE3C3E55</key>
		<dict>
			<key>fileRef</key>
			<string>D42DA697BCB7F0F8824974D8</string>
			<key>isa</key>
			<string>PBXBuildFile</string>
		</dict>
		<key>DDF1AB9F720111DD8B757E98</key>
		<dict>
			<key>fileEncoding</key>
			<string>4</string>
			<key>isa</key>
			<string>PBXFileReference</string>
			<key>lastKnownFileType</key>
			<string>folder.assetcatalog</string>
			<key>name</key>
			<string>Images.xcassets</string>
			<key>path</key>
			<string>Images.xcassets</string>
			<key>sourceTree</key>
			<string>&lt;group&gt;</string>
		</dict>
		<key>DEF03DDE2FBF2597AB5F2147</key>
		<dict>
			<key>fileRef</key>
			<string>27A020834F8CF4AD662C60DA</string>
			<key>isa</key>
			<string>PBXBuildFile</string>
		</dict>
		<key>DF5E5166D468D3A4C1C3ABB0</key>
		<dict>
			<key>fileEncoding</key>
			<string>4</string>
			<key>isa</key>
			<string>PBXFileReference</string>
			<key>lastKnownFileType</key>
			<string>file.font</string>
			<key>path</key>
			<string>Lato-Light.ttf</string>
			<key>sourceTree</key>
			<string>&lt;group&gt;</string>
		</dict>
		<key>E6276C63F72EEB86C1F83B8A</key>
		<dict>
			<key>fileEncoding</key>
			<string>4</string>
			<key>isa</key>
			<string>PBXFileReference</string>
			<key>lastKnownFileType</key>
			<string>sourcecode.swift</string>
			<key>path</key>
			<string>ProfileViewController.swift</string>
			<key>sourceTree</key>
			<string>&lt;group&gt;</string>
		</dict>
		<key>E7CD90D70C63B8FF2C95EF80</key>
		<dict>
			<key>children</key>
			<array>
				<string>CBB66FD71589EEC35D4B7D20</string>
				<string>4587DC21090226851F775078</string>
				<string>449281D7B6D75D45C0DCD24F</string>
				<string>9405101EF3A453EF15EA67B9</string>
				<string>72986EBC0CA2CBC51193C9F2</string>
				<string>5C36EAE1C094597C941098AA</string>
			</array>
			<key>isa</key>
			<string>PBXGroup</string>
			<key>path</key>
			<string>Timeline</string>
			<key>sourceTree</key>
			<string>&lt;group&gt;</string>
		</dict>
		<key>E99E880CF5D3B0D3835BB6CC</key>
		<dict>
			<key>fileRef</key>
			<string>F0F978F931F487CCEF01CC8F</string>
			<key>isa</key>
			<string>PBXBuildFile</string>
		</dict>
		<key>EB8D7D7BB232944351728167</key>
		<dict>
			<key>children</key>
			<array>
				<string>81FF519829051F0F7CCB820F</string>
				<string>8227E16F12B4E9924350C21E</string>
				<string>9BD9FB0A08D50C4E36C283B1</string>
				<string>95CC278964CE9C303D05F00C</string>
				<string>CFE1A92546DCBB77983FEE54</string>
				<string>D50BAE788113B3DF61AC645E</string>
				<string>A116AA8C8BFB75D2CEAEA275</string>
				<string>62286E5E33521808C570A411</string>
				<string>6ACBAD8D6826BD2F1B0D0118</string>
				<string>9FCF96F5E154D87068469946</string>
			</array>
			<key>isa</key>
			<string>PBXGroup</string>
			<key>path</key>
			<string>Messages</string>
			<key>sourceTree</key>
			<string>&lt;group&gt;</string>
		</dict>
		<key>F0158015161B0C0D7F217932</key>
		<dict>
			<key>fileRef</key>
			<string>A86BB1F6194D568E0BEFF1A9</string>
			<key>isa</key>
			<string>PBXBuildFile</string>
		</dict>
		<key>F0F978F931F487CCEF01CC8F</key>
		<dict>
			<key>fileEncoding</key>
			<string>4</string>
			<key>isa</key>
			<string>PBXFileReference</string>
			<key>lastKnownFileType</key>
			<string>sourcecode.swift</string>
			<key>path</key>
			<string>WelcomeViewController.swift</string>
			<key>sourceTree</key>
			<string>&lt;group&gt;</string>
		</dict>
		<key>F2C203C11AAD672836036C70</key>
		<dict>
			<key>fileEncoding</key>
			<string>4</string>
			<key>isa</key>
			<string>PBXFileReference</string>
			<key>lastKnownFileType</key>
			<string>sourcecode.swift</string>
			<key>path</key>
			<string>ViewEightCollectionViewCell.swift</string>
			<key>sourceTree</key>
			<string>&lt;group&gt;</string>
		</dict>
		<key>F7DB9EDD900B322BCAEC4FA9</key>
		<dict>
			<key>fileRef</key>
			<string>472F70F1F6C4223024F6830F</string>
			<key>isa</key>
			<string>PBXBuildFile</string>
		</dict>
		<key>F8616BD900472F6FCD12041B</key>
		<dict>
			<key>fileRef</key>
			<string>B5260806F12A7B6FB5F91116</string>
			<key>isa</key>
			<string>PBXBuildFile</string>
		</dict>
		<key>FBD55086EBB60BF6A1883105</key>
		<dict>
			<key>fileEncoding</key>
			<string>4</string>
			<key>isa</key>
			<string>PBXFileReference</string>
			<key>lastKnownFileType</key>
			<string>text.plist.strings</string>
			<key>path</key>
			<string>Info.plist</string>
			<key>sourceTree</key>
			<string>&lt;group&gt;</string>
		</dict>
		<key>FCA170A26476BEB1C19437E5</key>
		<dict>
			<key>fileEncoding</key>
			<string>4</string>
			<key>isa</key>
			<string>PBXFileReference</string>
			<key>lastKnownFileType</key>
			<string>sourcecode.swift</string>
			<key>path</key>
			<string>TabBarController.swift</string>
			<key>sourceTree</key>
			<string>&lt;group&gt;</string>
		</dict>
		<key>FCB6E766ABFC4DEED58BCB71</key>
		<dict>
			<key>fileRef</key>
			<string>A1E20D10229E469E4BD28DF3</string>
			<key>isa</key>
			<string>PBXBuildFile</string>
		</dict>
		<key>FD424F57EC442BD319DCE19E</key>
		<dict>
			<key>fileEncoding</key>
			<string>4</string>
			<key>isa</key>
			<string>PBXFileReference</string>
			<key>lastKnownFileType</key>
			<string>sourcecode.swift</string>
			<key>path</key>
			<string>UILabel+Utility.swift</string>
			<key>sourceTree</key>
			<string>&lt;group&gt;</string>
		</dict>
	</dict>
	<key>rootObject</key>
	<string>0B28DFD11E40CD2E00BF6E7C</string>
</dict>
</plist>
